
Microsoft Visual Studio Solution File, Format Version 12.00
# Visual Studio Version 16
VisualStudioVersion = 16.0.30225.117
MinimumVisualStudioVersion = 10.0.40219.1
Project("{8BC9CEB8-8B4A-11D0-8D11-00A0C91BC942}") = "chap02_03", "Chap0203\Chap0203.vcxproj", "{3D13B4BD-B814-4147-81D3-74BD5FBCEE6A}"
EndProject
Project("{8BC9CEB8-8B4A-11D0-8D11-00A0C91BC942}") = "chap02_10", "source_02_10\source_02_10.vcxproj", "{C35382A9-01FB-4DCF-ADBA-A414B3A86DA6}"
EndProject
Project("{8BC9CEB8-8B4A-11D0-8D11-00A0C91BC942}") = "chap02_02", "source_02_02\source_02_02.vcxproj", "{3143F077-D606-4520-8596-A221366AD99D}"
EndProject
Project("{8BC9CEB8-8B4A-11D0-8D11-00A0C91BC942}") = "chap02_01", "source_02_01\source_02_01.vcxproj", "{2CEC24E2-9053-4338-813E-1DDD0BE53DA2}"
EndProject
Project("{8BC9CEB8-8B4A-11D0-8D11-00A0C91BC942}") = "chap02_11", "chap02_11\chap02_11.vcxproj", "{0A34467E-B15F-428E-8AA6-F530FEB28117}"
EndProject
Project("{8BC9CEB8-8B4A-11D0-8D11-00A0C91BC942}") = "chap02_11_1", "chap02_11_1\chap02_11_1.vcxproj", "{224B2CB1-BED7-4032-9ADB-7AA374DB5A6A}"
EndProject
Project("{8BC9CEB8-8B4A-11D0-8D11-00A0C91BC942}") = "chap02_12", "chap02_12\chap02_12.vcxproj", "{9D9EFB55-B9A5-4B58-BBBA-A29082613C9F}"
EndProject
Project("{8BC9CEB8-8B4A-11D0-8D11-00A0C91BC942}") = "chap02_13_reference", "chap02_13_reference\chap02_13_reference.vcxproj", "{BB25C11B-BCD1-4A6F-B34E-128D91AEBCA6}"
EndProject
Project("{8BC9CEB8-8B4A-11D0-8D11-00A0C91BC942}") = "chap03_01_1", "chap03_01_1\chap03_01_1.vcxproj", "{234F0A3B-0BA9-4613-8825-D925335F8C0A}"
EndProject
Project("{8BC9CEB8-8B4A-11D0-8D11-00A0C91BC942}") = "chap03_01_2", "chap03_01_2\chap03_01_2.vcxproj", "{0E20F2A6-0693-42C9-84AE-67A88F1A9E01}"
EndProject
Project("{8BC9CEB8-8B4A-11D0-8D11-00A0C91BC942}") = "chap03_01", "chap03_01\chap03_01.vcxproj", "{A767A4A3-947E-4904-8FD0-A9852C2E6CE0}"
EndProject
Project("{8BC9CEB8-8B4A-11D0-8D11-00A0C91BC942}") = "chap03_04", "chap03_04\chap03_04.vcxproj", "{B8C550AA-9356-467B-A3BF-4CBF24157BA3}"
EndProject
Project("{8BC9CEB8-8B4A-11D0-8D11-00A0C91BC942}") = "chap03_05", "chap03_05\chap03_05.vcxproj", "{5BF06904-C45F-4593-9261-A4E18B631F9E}"
EndProject
Project("{8BC9CEB8-8B4A-11D0-8D11-00A0C91BC942}") = "chap03_07_1", "chap03_07_1\chap03_07_1.vcxproj", "{77025997-8F97-4109-804F-05512E00CFAC}"
EndProject
Project("{8BC9CEB8-8B4A-11D0-8D11-00A0C91BC942}") = "chap03_07", "chap03_07\chap03_07.vcxproj", "{FFE59F6B-E66C-41CD-A9FC-7416F8895A2A}"
EndProject
Project("{8BC9CEB8-8B4A-11D0-8D11-00A0C91BC942}") = "chap03_09", "chap03_09\chap03_09.vcxproj", "{2F292621-0549-489B-9716-6F8ECDAB18FA}"
EndProject
Project("{8BC9CEB8-8B4A-11D0-8D11-00A0C91BC942}") = "chap03_10", "chap03_10\chap03_10.vcxproj", "{BB4BEAA1-1682-4E27-AF04-D91119F2A4BC}"
EndProject
Project("{8BC9CEB8-8B4A-11D0-8D11-00A0C91BC942}") = "chap04_01", "chap04_01\chap04_01.vcxproj", "{7F418282-1DD5-4489-88A0-8F334332CA65}"
EndProject
Project("{8BC9CEB8-8B4A-11D0-8D11-00A0C91BC942}") = "chap04_07", "chap04_07\chap04_07.vcxproj", "{687AC723-3AD4-4FBA-B143-632978A9CC16}"
EndProject
Project("{8BC9CEB8-8B4A-11D0-8D11-00A0C91BC942}") = "chap04_06", "chap04_06\chap04_06.vcxproj", "{924D79C1-C805-435C-B2D7-6B75751B44F8}"
EndProject
Project("{8BC9CEB8-8B4A-11D0-8D11-00A0C91BC942}") = "chap04_10_1", "chap04_10_1\chap04_10_1.vcxproj", "{A410DB77-9A79-4B62-BE77-BE7970DE5661}"
EndProject
Project("{8BC9CEB8-8B4A-11D0-8D11-00A0C91BC942}") = "chap04_10", "chap04_10\chap04_10.vcxproj", "{C8DD42CB-5953-4DF4-8D5C-900E14FC83EF}"
EndProject
Project("{8BC9CEB8-8B4A-11D0-8D11-00A0C91BC942}") = "chap04_10_2", "chap04_10_2\chap04_10_2.vcxproj", "{C6383608-2F41-4112-A6E6-37732A7E8C4A}"
EndProject
Project("{8BC9CEB8-8B4A-11D0-8D11-00A0C91BC942}") = "chap04_13", "chap04_13\chap04_13.vcxproj", "{A27CF19E-383A-4690-BE3E-D7DB93A0F767}"
EndProject
Project("{8BC9CEB8-8B4A-11D0-8D11-00A0C91BC942}") = "chap04_16", "chap04_16\chap04_16.vcxproj", "{DE0B43D8-6D32-454B-BBDE-46375B7C9A9A}"
EndProject
Project("{8BC9CEB8-8B4A-11D0-8D11-00A0C91BC942}") = "chap04_19", "chap04_19\chap04_19.vcxproj", "{A5EE6E0B-8462-44EC-A3B0-97A4E6DBEC38}"
EndProject
Project("{8BC9CEB8-8B4A-11D0-8D11-00A0C91BC942}") = "chap04_10_3", "chap04_10_3\chap04_10_3.vcxproj", "{A5AAE460-7D46-446F-BD7C-FB396CB1A8FA}"
EndProject
Project("{8BC9CEB8-8B4A-11D0-8D11-00A0C91BC942}") = "chap04_10_4 - delegating constructor", "chap04_10_4\chap04_10_4.vcxproj", "{ADC8FA6F-9303-405F-AA4C-AC61CBA6224A}"
EndProject
Project("{8BC9CEB8-8B4A-11D0-8D11-00A0C91BC942}") = "chap05_03", "chap05_03\chap05_03.vcxproj", "{8B67231A-9BE6-4088-B2A5-CFD62D4166B0}"
EndProject
Project("{8BC9CEB8-8B4A-11D0-8D11-00A0C91BC942}") = "chap05_06", "chap05_06\chap05_06.vcxproj", "{68B88AF9-BD23-4A0F-AC4E-AF302B18A97B}"
EndProject
Project("{8BC9CEB8-8B4A-11D0-8D11-00A0C91BC942}") = "chap05_15_1-assignment operator", "chap05_15_1-assignment operator\chap05_15_1-assignment operator.vcxproj", "{39D28EC3-803E-49D7-A829-60ABCA28411D}"
EndProject
Project("{8BC9CEB8-8B4A-11D0-8D11-00A0C91BC942}") = "chap05_15_2-std_move_function", "chap05_15_2-std_move_function\chap05_15_2-std_move_function.vcxproj", "{B6B678AB-6491-45BD-8F25-A2133A411413}"
EndProject
Project("{8BC9CEB8-8B4A-11D0-8D11-00A0C91BC942}") = "chap05_18-[] operator overloading", "chap05_18-[] operator overloading\chap05_18-[] operator overloading.vcxproj", "{EDB88DB3-0E35-4552-8C66-8D22D93A8344}"
EndProject
Project("{8BC9CEB8-8B4A-11D0-8D11-00A0C91BC942}") = "chap05_20-C style string", "chap05_20-C style string\chap05_20-C style string.vcxproj", "{E111E55D-776C-4598-BC42-0D219856EFE2}"
EndProject
Project("{8BC9CEB8-8B4A-11D0-8D11-00A0C91BC942}") = "chap05_21-Mystring class", "chap05_21-Mystring class\chap05_21-Mystring class.vcxproj", "{9F0BAD5A-EEC7-4DF0-B90C-8985FDF70F4C}"
EndProject
Project("{8BC9CEB8-8B4A-11D0-8D11-00A0C91BC942}") = "chap05_26-class type conversion", "chap05_26-class type conversion\chap05_26-class type conversion.vcxproj", "{F0C690F6-51B1-4F2C-8068-6D0ECB2DF40D}"
EndProject
Project("{8BC9CEB8-8B4A-11D0-8D11-00A0C91BC942}") = "chap06_01_Inheritance1", "chap06_01_Inheritance1\chap06_01_Inheritance1.vcxproj", "{E8EB9DC1-05D2-48F0-A7E0-6E887E1DD279}"
EndProject
Project("{8BC9CEB8-8B4A-11D0-8D11-00A0C91BC942}") = "chap06_04-Constructor Destructor of Derived Class", "chap06_04-Constructor Destructor of Derived Class\chap06_04-Constructor Destructor of Derived Class.vcxproj", "{23D90B73-E958-4BAF-B60E-40B3EBF18926}"
EndProject
Project("{8BC9CEB8-8B4A-11D0-8D11-00A0C91BC942}") = "chap06_08-name hiding", "chap06_08-name hiding\chap06_08-name hiding.vcxproj", "{379B8B0D-AF3B-43AE-BB9C-80F683578A4C}"
EndProject
Project("{8BC9CEB8-8B4A-11D0-8D11-00A0C91BC942}") = "chap06_07-Access Specifier", "chap06_07-Access Specifier\chap06_07-Access Specifier.vcxproj", "{F38C25AE-33D6-4AD6-9D43-E006113D1D8E}"
EndProject
Project("{8BC9CEB8-8B4A-11D0-8D11-00A0C91BC942}") = "chap06_12-Static Binding", "chap06_12-Static Binding\chap06_12-Static Binding.vcxproj", "{876571A8-DF84-4B4C-95C5-A5EB467CD492}"
EndProject
Project("{8BC9CEB8-8B4A-11D0-8D11-00A0C91BC942}") = "chap06_12_1-Dynamic Binding", "char06_12_1-Dynamic Binding\char06_12_1-Dynamic Binding.vcxproj", "{6EB53740-66C0-4478-A3DD-2EE93A6C6613}"
EndProject
Project("{8BC9CEB8-8B4A-11D0-8D11-00A0C91BC942}") = "chap06_13-Dynamic Binding of Destructor", "chap06_13-Dynamic Binding of Destructor\chap06_13-Dynamic Binding of Destructor.vcxproj", "{29B22DDE-11FA-4E05-AD1B-5DCD99E4A26A}"
EndProject
Project("{8BC9CEB8-8B4A-11D0-8D11-00A0C91BC942}") = "chap06_12_2-Dynamic Casting", "chap06_12_2-upcasting downcasting\chap06_12_2-upcasting downcasting.vcxproj", "{509D34F2-B2CE-426D-9899-71A500C3F0C8}"
EndProject
Project("{8BC9CEB8-8B4A-11D0-8D11-00A0C91BC942}") = "chap06_14_abstract class", "chap06_14_abstract class\chap06_14_abstract class.vcxproj", "{4A64164D-F965-45F1-B575-93418A877172}"
EndProject
Project("{8BC9CEB8-8B4A-11D0-8D11-00A0C91BC942}") = "chap06_15_Abstract Class Figure", "chap06_15_Abstract Class Figure\chap06_15_Abstract Class Figure.vcxproj", "{1086D2CC-E70B-4109-A80D-0D95C51A4DD5}"
EndProject
Project("{8BC9CEB8-8B4A-11D0-8D11-00A0C91BC942}") = "chap06_22_multiple inheritance", "chap06_22_multiple inheritance\chap06_22_multiple inheritance.vcxproj", "{39D042F4-323D-4C17-86F7-CAD0B722FDB5}"
EndProject
Project("{8BC9CEB8-8B4A-11D0-8D11-00A0C91BC942}") = "chap06_26", "chap06_26\chap06_26.vcxproj", "{AE5553F2-C1EB-43F7-9A45-54DD7F8770C1}"
EndProject
Project("{8BC9CEB8-8B4A-11D0-8D11-00A0C91BC942}") = "chap06_31", "chap06_31\chap06_31.vcxproj", "{FD85861B-7908-4644-B986-541BA8750F93}"
EndProject
Project("{8BC9CEB8-8B4A-11D0-8D11-00A0C91BC942}") = "chap07_01_Container Class", "chap07_01_Container Class\chap07_01_Container Class.vcxproj", "{68D35860-3BF8-4377-BC62-07CBC1A397E3}"
EndProject
Project("{8BC9CEB8-8B4A-11D0-8D11-00A0C91BC942}") = "chap07_03_Stack Template", "chap07_02_Stack Template\chap07_02_Stack Template.vcxproj", "{8C1E1E0B-78F3-4F09-8F6B-47DB4C9E8F6B}"
EndProject
Project("{8BC9CEB8-8B4A-11D0-8D11-00A0C91BC942}") = "chap07_06_Linked List", "chap07_06_Linked List\chap07_06_Linked List.vcxproj", "{5E005947-D02D-48F2-9865-A2D4A7F63902}"
EndProject
Project("{8BC9CEB8-8B4A-11D0-8D11-00A0C91BC942}") = "chap07_08_Linked List - User defined Class", "chap07_08_Linked List - User defined Class\chap07_08_Linked List - User defined Class.vcxproj", "{E0EFE560-9EC7-412D-A72A-24A91D204735}"
EndProject
Project("{8BC9CEB8-8B4A-11D0-8D11-00A0C91BC942}") = "chap07_09_function template", "chap07_09_function template\chap07_09_function template.vcxproj", "{44C89F94-A17C-4B80-A74D-778B648529B2}"
EndProject
Project("{8BC9CEB8-8B4A-11D0-8D11-00A0C91BC942}") = "chap07_11_Bubble Sort Function Template", "chap07_11_Bubble Sort Function Template\chap07_11_Bubble Sort Function Template.vcxproj", "{B92AE44D-C6AA-4DB3-9E9C-ACC92FA50DAA}"
EndProject
Project("{8BC9CEB8-8B4A-11D0-8D11-00A0C91BC942}") = "chap07_13_Function template modify Pencils class", "chap07_13_Function template modify Pencils class\chap07_13_Function template modify Pencils class.vcxproj", "{D3BD876D-9723-48FD-B01E-C80E281E036C}"
EndProject
Project("{8BC9CEB8-8B4A-11D0-8D11-00A0C91BC942}") = "chap07_15_vector", "chap07_15_vecotr\chap07_15_vecotr.vcxproj", "{55B169EE-DE8F-4F3D-B9E9-507E8B8696B3}"
EndProject
Project("{8BC9CEB8-8B4A-11D0-8D11-00A0C91BC942}") = "chap07_16_Iterator", "chap07_16_Iterator\chap07_16_Iterator.vcxproj", "{B36132BC-A19C-4331-9DCF-6972C6DB9F21}"
EndProject
Project("{8BC9CEB8-8B4A-11D0-8D11-00A0C91BC942}") = "chap07_17_algorithm", "chap07_17_algorithm\chap07_17_algorithm.vcxproj", "{245D332D-7689-43AA-B535-95D15D031273}"
EndProject
Global
	GlobalSection(SolutionConfigurationPlatforms) = preSolution
		Debug|x64 = Debug|x64
		Debug|x86 = Debug|x86
		Release|x64 = Release|x64
		Release|x86 = Release|x86
	EndGlobalSection
	GlobalSection(ProjectConfigurationPlatforms) = postSolution
		{3D13B4BD-B814-4147-81D3-74BD5FBCEE6A}.Debug|x64.ActiveCfg = Debug|x64
		{3D13B4BD-B814-4147-81D3-74BD5FBCEE6A}.Debug|x64.Build.0 = Debug|x64
		{3D13B4BD-B814-4147-81D3-74BD5FBCEE6A}.Debug|x86.ActiveCfg = Debug|Win32
		{3D13B4BD-B814-4147-81D3-74BD5FBCEE6A}.Debug|x86.Build.0 = Debug|Win32
		{3D13B4BD-B814-4147-81D3-74BD5FBCEE6A}.Release|x64.ActiveCfg = Release|x64
		{3D13B4BD-B814-4147-81D3-74BD5FBCEE6A}.Release|x64.Build.0 = Release|x64
		{3D13B4BD-B814-4147-81D3-74BD5FBCEE6A}.Release|x86.ActiveCfg = Release|Win32
		{3D13B4BD-B814-4147-81D3-74BD5FBCEE6A}.Release|x86.Build.0 = Release|Win32
		{C35382A9-01FB-4DCF-ADBA-A414B3A86DA6}.Debug|x64.ActiveCfg = Debug|x64
		{C35382A9-01FB-4DCF-ADBA-A414B3A86DA6}.Debug|x64.Build.0 = Debug|x64
		{C35382A9-01FB-4DCF-ADBA-A414B3A86DA6}.Debug|x86.ActiveCfg = Debug|Win32
		{C35382A9-01FB-4DCF-ADBA-A414B3A86DA6}.Debug|x86.Build.0 = Debug|Win32
		{C35382A9-01FB-4DCF-ADBA-A414B3A86DA6}.Release|x64.ActiveCfg = Release|x64
		{C35382A9-01FB-4DCF-ADBA-A414B3A86DA6}.Release|x64.Build.0 = Release|x64
		{C35382A9-01FB-4DCF-ADBA-A414B3A86DA6}.Release|x86.ActiveCfg = Release|Win32
		{C35382A9-01FB-4DCF-ADBA-A414B3A86DA6}.Release|x86.Build.0 = Release|Win32
		{3143F077-D606-4520-8596-A221366AD99D}.Debug|x64.ActiveCfg = Debug|x64
		{3143F077-D606-4520-8596-A221366AD99D}.Debug|x64.Build.0 = Debug|x64
		{3143F077-D606-4520-8596-A221366AD99D}.Debug|x86.ActiveCfg = Debug|Win32
		{3143F077-D606-4520-8596-A221366AD99D}.Debug|x86.Build.0 = Debug|Win32
		{3143F077-D606-4520-8596-A221366AD99D}.Release|x64.ActiveCfg = Release|x64
		{3143F077-D606-4520-8596-A221366AD99D}.Release|x64.Build.0 = Release|x64
		{3143F077-D606-4520-8596-A221366AD99D}.Release|x86.ActiveCfg = Release|Win32
		{3143F077-D606-4520-8596-A221366AD99D}.Release|x86.Build.0 = Release|Win32
		{2CEC24E2-9053-4338-813E-1DDD0BE53DA2}.Debug|x64.ActiveCfg = Debug|x64
		{2CEC24E2-9053-4338-813E-1DDD0BE53DA2}.Debug|x64.Build.0 = Debug|x64
		{2CEC24E2-9053-4338-813E-1DDD0BE53DA2}.Debug|x86.ActiveCfg = Debug|Win32
		{2CEC24E2-9053-4338-813E-1DDD0BE53DA2}.Debug|x86.Build.0 = Debug|Win32
		{2CEC24E2-9053-4338-813E-1DDD0BE53DA2}.Release|x64.ActiveCfg = Release|x64
		{2CEC24E2-9053-4338-813E-1DDD0BE53DA2}.Release|x64.Build.0 = Release|x64
		{2CEC24E2-9053-4338-813E-1DDD0BE53DA2}.Release|x86.ActiveCfg = Release|Win32
		{2CEC24E2-9053-4338-813E-1DDD0BE53DA2}.Release|x86.Build.0 = Release|Win32
		{0A34467E-B15F-428E-8AA6-F530FEB28117}.Debug|x64.ActiveCfg = Debug|x64
		{0A34467E-B15F-428E-8AA6-F530FEB28117}.Debug|x64.Build.0 = Debug|x64
		{0A34467E-B15F-428E-8AA6-F530FEB28117}.Debug|x86.ActiveCfg = Debug|Win32
		{0A34467E-B15F-428E-8AA6-F530FEB28117}.Debug|x86.Build.0 = Debug|Win32
		{0A34467E-B15F-428E-8AA6-F530FEB28117}.Release|x64.ActiveCfg = Release|x64
		{0A34467E-B15F-428E-8AA6-F530FEB28117}.Release|x64.Build.0 = Release|x64
		{0A34467E-B15F-428E-8AA6-F530FEB28117}.Release|x86.ActiveCfg = Release|Win32
		{0A34467E-B15F-428E-8AA6-F530FEB28117}.Release|x86.Build.0 = Release|Win32
		{224B2CB1-BED7-4032-9ADB-7AA374DB5A6A}.Debug|x64.ActiveCfg = Debug|x64
		{224B2CB1-BED7-4032-9ADB-7AA374DB5A6A}.Debug|x64.Build.0 = Debug|x64
		{224B2CB1-BED7-4032-9ADB-7AA374DB5A6A}.Debug|x86.ActiveCfg = Debug|Win32
		{224B2CB1-BED7-4032-9ADB-7AA374DB5A6A}.Debug|x86.Build.0 = Debug|Win32
		{224B2CB1-BED7-4032-9ADB-7AA374DB5A6A}.Release|x64.ActiveCfg = Release|x64
		{224B2CB1-BED7-4032-9ADB-7AA374DB5A6A}.Release|x64.Build.0 = Release|x64
		{224B2CB1-BED7-4032-9ADB-7AA374DB5A6A}.Release|x86.ActiveCfg = Release|Win32
		{224B2CB1-BED7-4032-9ADB-7AA374DB5A6A}.Release|x86.Build.0 = Release|Win32
		{9D9EFB55-B9A5-4B58-BBBA-A29082613C9F}.Debug|x64.ActiveCfg = Debug|x64
		{9D9EFB55-B9A5-4B58-BBBA-A29082613C9F}.Debug|x64.Build.0 = Debug|x64
		{9D9EFB55-B9A5-4B58-BBBA-A29082613C9F}.Debug|x86.ActiveCfg = Debug|Win32
		{9D9EFB55-B9A5-4B58-BBBA-A29082613C9F}.Debug|x86.Build.0 = Debug|Win32
		{9D9EFB55-B9A5-4B58-BBBA-A29082613C9F}.Release|x64.ActiveCfg = Release|x64
		{9D9EFB55-B9A5-4B58-BBBA-A29082613C9F}.Release|x64.Build.0 = Release|x64
		{9D9EFB55-B9A5-4B58-BBBA-A29082613C9F}.Release|x86.ActiveCfg = Release|Win32
		{9D9EFB55-B9A5-4B58-BBBA-A29082613C9F}.Release|x86.Build.0 = Release|Win32
		{BB25C11B-BCD1-4A6F-B34E-128D91AEBCA6}.Debug|x64.ActiveCfg = Debug|x64
		{BB25C11B-BCD1-4A6F-B34E-128D91AEBCA6}.Debug|x64.Build.0 = Debug|x64
		{BB25C11B-BCD1-4A6F-B34E-128D91AEBCA6}.Debug|x86.ActiveCfg = Debug|Win32
		{BB25C11B-BCD1-4A6F-B34E-128D91AEBCA6}.Debug|x86.Build.0 = Debug|Win32
		{BB25C11B-BCD1-4A6F-B34E-128D91AEBCA6}.Release|x64.ActiveCfg = Release|x64
		{BB25C11B-BCD1-4A6F-B34E-128D91AEBCA6}.Release|x64.Build.0 = Release|x64
		{BB25C11B-BCD1-4A6F-B34E-128D91AEBCA6}.Release|x86.ActiveCfg = Release|Win32
		{BB25C11B-BCD1-4A6F-B34E-128D91AEBCA6}.Release|x86.Build.0 = Release|Win32
		{234F0A3B-0BA9-4613-8825-D925335F8C0A}.Debug|x64.ActiveCfg = Debug|x64
		{234F0A3B-0BA9-4613-8825-D925335F8C0A}.Debug|x64.Build.0 = Debug|x64
		{234F0A3B-0BA9-4613-8825-D925335F8C0A}.Debug|x86.ActiveCfg = Debug|Win32
		{234F0A3B-0BA9-4613-8825-D925335F8C0A}.Debug|x86.Build.0 = Debug|Win32
		{234F0A3B-0BA9-4613-8825-D925335F8C0A}.Release|x64.ActiveCfg = Release|x64
		{234F0A3B-0BA9-4613-8825-D925335F8C0A}.Release|x64.Build.0 = Release|x64
		{234F0A3B-0BA9-4613-8825-D925335F8C0A}.Release|x86.ActiveCfg = Release|Win32
		{234F0A3B-0BA9-4613-8825-D925335F8C0A}.Release|x86.Build.0 = Release|Win32
		{0E20F2A6-0693-42C9-84AE-67A88F1A9E01}.Debug|x64.ActiveCfg = Debug|x64
		{0E20F2A6-0693-42C9-84AE-67A88F1A9E01}.Debug|x64.Build.0 = Debug|x64
		{0E20F2A6-0693-42C9-84AE-67A88F1A9E01}.Debug|x86.ActiveCfg = Debug|Win32
		{0E20F2A6-0693-42C9-84AE-67A88F1A9E01}.Debug|x86.Build.0 = Debug|Win32
		{0E20F2A6-0693-42C9-84AE-67A88F1A9E01}.Release|x64.ActiveCfg = Release|x64
		{0E20F2A6-0693-42C9-84AE-67A88F1A9E01}.Release|x64.Build.0 = Release|x64
		{0E20F2A6-0693-42C9-84AE-67A88F1A9E01}.Release|x86.ActiveCfg = Release|Win32
		{0E20F2A6-0693-42C9-84AE-67A88F1A9E01}.Release|x86.Build.0 = Release|Win32
		{A767A4A3-947E-4904-8FD0-A9852C2E6CE0}.Debug|x64.ActiveCfg = Debug|x64
		{A767A4A3-947E-4904-8FD0-A9852C2E6CE0}.Debug|x64.Build.0 = Debug|x64
		{A767A4A3-947E-4904-8FD0-A9852C2E6CE0}.Debug|x86.ActiveCfg = Debug|Win32
		{A767A4A3-947E-4904-8FD0-A9852C2E6CE0}.Debug|x86.Build.0 = Debug|Win32
		{A767A4A3-947E-4904-8FD0-A9852C2E6CE0}.Release|x64.ActiveCfg = Release|x64
		{A767A4A3-947E-4904-8FD0-A9852C2E6CE0}.Release|x64.Build.0 = Release|x64
		{A767A4A3-947E-4904-8FD0-A9852C2E6CE0}.Release|x86.ActiveCfg = Release|Win32
		{A767A4A3-947E-4904-8FD0-A9852C2E6CE0}.Release|x86.Build.0 = Release|Win32
		{B8C550AA-9356-467B-A3BF-4CBF24157BA3}.Debug|x64.ActiveCfg = Debug|x64
		{B8C550AA-9356-467B-A3BF-4CBF24157BA3}.Debug|x64.Build.0 = Debug|x64
		{B8C550AA-9356-467B-A3BF-4CBF24157BA3}.Debug|x86.ActiveCfg = Debug|Win32
		{B8C550AA-9356-467B-A3BF-4CBF24157BA3}.Debug|x86.Build.0 = Debug|Win32
		{B8C550AA-9356-467B-A3BF-4CBF24157BA3}.Release|x64.ActiveCfg = Release|x64
		{B8C550AA-9356-467B-A3BF-4CBF24157BA3}.Release|x64.Build.0 = Release|x64
		{B8C550AA-9356-467B-A3BF-4CBF24157BA3}.Release|x86.ActiveCfg = Release|Win32
		{B8C550AA-9356-467B-A3BF-4CBF24157BA3}.Release|x86.Build.0 = Release|Win32
		{5BF06904-C45F-4593-9261-A4E18B631F9E}.Debug|x64.ActiveCfg = Debug|x64
		{5BF06904-C45F-4593-9261-A4E18B631F9E}.Debug|x64.Build.0 = Debug|x64
		{5BF06904-C45F-4593-9261-A4E18B631F9E}.Debug|x86.ActiveCfg = Debug|Win32
		{5BF06904-C45F-4593-9261-A4E18B631F9E}.Debug|x86.Build.0 = Debug|Win32
		{5BF06904-C45F-4593-9261-A4E18B631F9E}.Release|x64.ActiveCfg = Release|x64
		{5BF06904-C45F-4593-9261-A4E18B631F9E}.Release|x64.Build.0 = Release|x64
		{5BF06904-C45F-4593-9261-A4E18B631F9E}.Release|x86.ActiveCfg = Release|Win32
		{5BF06904-C45F-4593-9261-A4E18B631F9E}.Release|x86.Build.0 = Release|Win32
		{77025997-8F97-4109-804F-05512E00CFAC}.Debug|x64.ActiveCfg = Debug|x64
		{77025997-8F97-4109-804F-05512E00CFAC}.Debug|x64.Build.0 = Debug|x64
		{77025997-8F97-4109-804F-05512E00CFAC}.Debug|x86.ActiveCfg = Debug|Win32
		{77025997-8F97-4109-804F-05512E00CFAC}.Debug|x86.Build.0 = Debug|Win32
		{77025997-8F97-4109-804F-05512E00CFAC}.Release|x64.ActiveCfg = Release|x64
		{77025997-8F97-4109-804F-05512E00CFAC}.Release|x64.Build.0 = Release|x64
		{77025997-8F97-4109-804F-05512E00CFAC}.Release|x86.ActiveCfg = Release|Win32
		{77025997-8F97-4109-804F-05512E00CFAC}.Release|x86.Build.0 = Release|Win32
		{FFE59F6B-E66C-41CD-A9FC-7416F8895A2A}.Debug|x64.ActiveCfg = Debug|x64
		{FFE59F6B-E66C-41CD-A9FC-7416F8895A2A}.Debug|x64.Build.0 = Debug|x64
		{FFE59F6B-E66C-41CD-A9FC-7416F8895A2A}.Debug|x86.ActiveCfg = Debug|Win32
		{FFE59F6B-E66C-41CD-A9FC-7416F8895A2A}.Debug|x86.Build.0 = Debug|Win32
		{FFE59F6B-E66C-41CD-A9FC-7416F8895A2A}.Release|x64.ActiveCfg = Release|x64
		{FFE59F6B-E66C-41CD-A9FC-7416F8895A2A}.Release|x64.Build.0 = Release|x64
		{FFE59F6B-E66C-41CD-A9FC-7416F8895A2A}.Release|x86.ActiveCfg = Release|Win32
		{FFE59F6B-E66C-41CD-A9FC-7416F8895A2A}.Release|x86.Build.0 = Release|Win32
		{2F292621-0549-489B-9716-6F8ECDAB18FA}.Debug|x64.ActiveCfg = Debug|x64
		{2F292621-0549-489B-9716-6F8ECDAB18FA}.Debug|x64.Build.0 = Debug|x64
		{2F292621-0549-489B-9716-6F8ECDAB18FA}.Debug|x86.ActiveCfg = Debug|Win32
		{2F292621-0549-489B-9716-6F8ECDAB18FA}.Debug|x86.Build.0 = Debug|Win32
		{2F292621-0549-489B-9716-6F8ECDAB18FA}.Release|x64.ActiveCfg = Release|x64
		{2F292621-0549-489B-9716-6F8ECDAB18FA}.Release|x64.Build.0 = Release|x64
		{2F292621-0549-489B-9716-6F8ECDAB18FA}.Release|x86.ActiveCfg = Release|Win32
		{2F292621-0549-489B-9716-6F8ECDAB18FA}.Release|x86.Build.0 = Release|Win32
		{BB4BEAA1-1682-4E27-AF04-D91119F2A4BC}.Debug|x64.ActiveCfg = Debug|x64
		{BB4BEAA1-1682-4E27-AF04-D91119F2A4BC}.Debug|x64.Build.0 = Debug|x64
		{BB4BEAA1-1682-4E27-AF04-D91119F2A4BC}.Debug|x86.ActiveCfg = Debug|Win32
		{BB4BEAA1-1682-4E27-AF04-D91119F2A4BC}.Debug|x86.Build.0 = Debug|Win32
		{BB4BEAA1-1682-4E27-AF04-D91119F2A4BC}.Release|x64.ActiveCfg = Release|x64
		{BB4BEAA1-1682-4E27-AF04-D91119F2A4BC}.Release|x64.Build.0 = Release|x64
		{BB4BEAA1-1682-4E27-AF04-D91119F2A4BC}.Release|x86.ActiveCfg = Release|Win32
		{BB4BEAA1-1682-4E27-AF04-D91119F2A4BC}.Release|x86.Build.0 = Release|Win32
		{7F418282-1DD5-4489-88A0-8F334332CA65}.Debug|x64.ActiveCfg = Debug|x64
		{7F418282-1DD5-4489-88A0-8F334332CA65}.Debug|x64.Build.0 = Debug|x64
		{7F418282-1DD5-4489-88A0-8F334332CA65}.Debug|x86.ActiveCfg = Debug|Win32
		{7F418282-1DD5-4489-88A0-8F334332CA65}.Debug|x86.Build.0 = Debug|Win32
		{7F418282-1DD5-4489-88A0-8F334332CA65}.Release|x64.ActiveCfg = Release|x64
		{7F418282-1DD5-4489-88A0-8F334332CA65}.Release|x64.Build.0 = Release|x64
		{7F418282-1DD5-4489-88A0-8F334332CA65}.Release|x86.ActiveCfg = Release|Win32
		{7F418282-1DD5-4489-88A0-8F334332CA65}.Release|x86.Build.0 = Release|Win32
		{687AC723-3AD4-4FBA-B143-632978A9CC16}.Debug|x64.ActiveCfg = Debug|x64
		{687AC723-3AD4-4FBA-B143-632978A9CC16}.Debug|x64.Build.0 = Debug|x64
		{687AC723-3AD4-4FBA-B143-632978A9CC16}.Debug|x86.ActiveCfg = Debug|Win32
		{687AC723-3AD4-4FBA-B143-632978A9CC16}.Debug|x86.Build.0 = Debug|Win32
		{687AC723-3AD4-4FBA-B143-632978A9CC16}.Release|x64.ActiveCfg = Release|x64
		{687AC723-3AD4-4FBA-B143-632978A9CC16}.Release|x64.Build.0 = Release|x64
		{687AC723-3AD4-4FBA-B143-632978A9CC16}.Release|x86.ActiveCfg = Release|Win32
		{687AC723-3AD4-4FBA-B143-632978A9CC16}.Release|x86.Build.0 = Release|Win32
		{924D79C1-C805-435C-B2D7-6B75751B44F8}.Debug|x64.ActiveCfg = Debug|x64
		{924D79C1-C805-435C-B2D7-6B75751B44F8}.Debug|x64.Build.0 = Debug|x64
		{924D79C1-C805-435C-B2D7-6B75751B44F8}.Debug|x86.ActiveCfg = Debug|Win32
		{924D79C1-C805-435C-B2D7-6B75751B44F8}.Debug|x86.Build.0 = Debug|Win32
		{924D79C1-C805-435C-B2D7-6B75751B44F8}.Release|x64.ActiveCfg = Release|x64
		{924D79C1-C805-435C-B2D7-6B75751B44F8}.Release|x64.Build.0 = Release|x64
		{924D79C1-C805-435C-B2D7-6B75751B44F8}.Release|x86.ActiveCfg = Release|Win32
		{924D79C1-C805-435C-B2D7-6B75751B44F8}.Release|x86.Build.0 = Release|Win32
		{A410DB77-9A79-4B62-BE77-BE7970DE5661}.Debug|x64.ActiveCfg = Debug|x64
		{A410DB77-9A79-4B62-BE77-BE7970DE5661}.Debug|x64.Build.0 = Debug|x64
		{A410DB77-9A79-4B62-BE77-BE7970DE5661}.Debug|x86.ActiveCfg = Debug|Win32
		{A410DB77-9A79-4B62-BE77-BE7970DE5661}.Debug|x86.Build.0 = Debug|Win32
		{A410DB77-9A79-4B62-BE77-BE7970DE5661}.Release|x64.ActiveCfg = Release|x64
		{A410DB77-9A79-4B62-BE77-BE7970DE5661}.Release|x64.Build.0 = Release|x64
		{A410DB77-9A79-4B62-BE77-BE7970DE5661}.Release|x86.ActiveCfg = Release|Win32
		{A410DB77-9A79-4B62-BE77-BE7970DE5661}.Release|x86.Build.0 = Release|Win32
		{C8DD42CB-5953-4DF4-8D5C-900E14FC83EF}.Debug|x64.ActiveCfg = Debug|x64
		{C8DD42CB-5953-4DF4-8D5C-900E14FC83EF}.Debug|x64.Build.0 = Debug|x64
		{C8DD42CB-5953-4DF4-8D5C-900E14FC83EF}.Debug|x86.ActiveCfg = Debug|Win32
		{C8DD42CB-5953-4DF4-8D5C-900E14FC83EF}.Debug|x86.Build.0 = Debug|Win32
		{C8DD42CB-5953-4DF4-8D5C-900E14FC83EF}.Release|x64.ActiveCfg = Release|x64
		{C8DD42CB-5953-4DF4-8D5C-900E14FC83EF}.Release|x64.Build.0 = Release|x64
		{C8DD42CB-5953-4DF4-8D5C-900E14FC83EF}.Release|x86.ActiveCfg = Release|Win32
		{C8DD42CB-5953-4DF4-8D5C-900E14FC83EF}.Release|x86.Build.0 = Release|Win32
		{C6383608-2F41-4112-A6E6-37732A7E8C4A}.Debug|x64.ActiveCfg = Debug|x64
		{C6383608-2F41-4112-A6E6-37732A7E8C4A}.Debug|x64.Build.0 = Debug|x64
		{C6383608-2F41-4112-A6E6-37732A7E8C4A}.Debug|x86.ActiveCfg = Debug|Win32
		{C6383608-2F41-4112-A6E6-37732A7E8C4A}.Debug|x86.Build.0 = Debug|Win32
		{C6383608-2F41-4112-A6E6-37732A7E8C4A}.Release|x64.ActiveCfg = Release|x64
		{C6383608-2F41-4112-A6E6-37732A7E8C4A}.Release|x64.Build.0 = Release|x64
		{C6383608-2F41-4112-A6E6-37732A7E8C4A}.Release|x86.ActiveCfg = Release|Win32
		{C6383608-2F41-4112-A6E6-37732A7E8C4A}.Release|x86.Build.0 = Release|Win32
		{A27CF19E-383A-4690-BE3E-D7DB93A0F767}.Debug|x64.ActiveCfg = Debug|x64
		{A27CF19E-383A-4690-BE3E-D7DB93A0F767}.Debug|x64.Build.0 = Debug|x64
		{A27CF19E-383A-4690-BE3E-D7DB93A0F767}.Debug|x86.ActiveCfg = Debug|Win32
		{A27CF19E-383A-4690-BE3E-D7DB93A0F767}.Debug|x86.Build.0 = Debug|Win32
		{A27CF19E-383A-4690-BE3E-D7DB93A0F767}.Release|x64.ActiveCfg = Release|x64
		{A27CF19E-383A-4690-BE3E-D7DB93A0F767}.Release|x64.Build.0 = Release|x64
		{A27CF19E-383A-4690-BE3E-D7DB93A0F767}.Release|x86.ActiveCfg = Release|Win32
		{A27CF19E-383A-4690-BE3E-D7DB93A0F767}.Release|x86.Build.0 = Release|Win32
		{DE0B43D8-6D32-454B-BBDE-46375B7C9A9A}.Debug|x64.ActiveCfg = Debug|x64
		{DE0B43D8-6D32-454B-BBDE-46375B7C9A9A}.Debug|x64.Build.0 = Debug|x64
		{DE0B43D8-6D32-454B-BBDE-46375B7C9A9A}.Debug|x86.ActiveCfg = Debug|Win32
		{DE0B43D8-6D32-454B-BBDE-46375B7C9A9A}.Debug|x86.Build.0 = Debug|Win32
		{DE0B43D8-6D32-454B-BBDE-46375B7C9A9A}.Release|x64.ActiveCfg = Release|x64
		{DE0B43D8-6D32-454B-BBDE-46375B7C9A9A}.Release|x64.Build.0 = Release|x64
		{DE0B43D8-6D32-454B-BBDE-46375B7C9A9A}.Release|x86.ActiveCfg = Release|Win32
		{DE0B43D8-6D32-454B-BBDE-46375B7C9A9A}.Release|x86.Build.0 = Release|Win32
		{A5EE6E0B-8462-44EC-A3B0-97A4E6DBEC38}.Debug|x64.ActiveCfg = Debug|x64
		{A5EE6E0B-8462-44EC-A3B0-97A4E6DBEC38}.Debug|x64.Build.0 = Debug|x64
		{A5EE6E0B-8462-44EC-A3B0-97A4E6DBEC38}.Debug|x86.ActiveCfg = Debug|Win32
		{A5EE6E0B-8462-44EC-A3B0-97A4E6DBEC38}.Debug|x86.Build.0 = Debug|Win32
		{A5EE6E0B-8462-44EC-A3B0-97A4E6DBEC38}.Release|x64.ActiveCfg = Release|x64
		{A5EE6E0B-8462-44EC-A3B0-97A4E6DBEC38}.Release|x64.Build.0 = Release|x64
		{A5EE6E0B-8462-44EC-A3B0-97A4E6DBEC38}.Release|x86.ActiveCfg = Release|Win32
		{A5EE6E0B-8462-44EC-A3B0-97A4E6DBEC38}.Release|x86.Build.0 = Release|Win32
		{A5AAE460-7D46-446F-BD7C-FB396CB1A8FA}.Debug|x64.ActiveCfg = Debug|x64
		{A5AAE460-7D46-446F-BD7C-FB396CB1A8FA}.Debug|x64.Build.0 = Debug|x64
		{A5AAE460-7D46-446F-BD7C-FB396CB1A8FA}.Debug|x86.ActiveCfg = Debug|Win32
		{A5AAE460-7D46-446F-BD7C-FB396CB1A8FA}.Debug|x86.Build.0 = Debug|Win32
		{A5AAE460-7D46-446F-BD7C-FB396CB1A8FA}.Release|x64.ActiveCfg = Release|x64
		{A5AAE460-7D46-446F-BD7C-FB396CB1A8FA}.Release|x64.Build.0 = Release|x64
		{A5AAE460-7D46-446F-BD7C-FB396CB1A8FA}.Release|x86.ActiveCfg = Release|Win32
		{A5AAE460-7D46-446F-BD7C-FB396CB1A8FA}.Release|x86.Build.0 = Release|Win32
		{ADC8FA6F-9303-405F-AA4C-AC61CBA6224A}.Debug|x64.ActiveCfg = Debug|x64
		{ADC8FA6F-9303-405F-AA4C-AC61CBA6224A}.Debug|x64.Build.0 = Debug|x64
		{ADC8FA6F-9303-405F-AA4C-AC61CBA6224A}.Debug|x86.ActiveCfg = Debug|Win32
		{ADC8FA6F-9303-405F-AA4C-AC61CBA6224A}.Debug|x86.Build.0 = Debug|Win32
		{ADC8FA6F-9303-405F-AA4C-AC61CBA6224A}.Release|x64.ActiveCfg = Release|x64
		{ADC8FA6F-9303-405F-AA4C-AC61CBA6224A}.Release|x64.Build.0 = Release|x64
		{ADC8FA6F-9303-405F-AA4C-AC61CBA6224A}.Release|x86.ActiveCfg = Release|Win32
		{ADC8FA6F-9303-405F-AA4C-AC61CBA6224A}.Release|x86.Build.0 = Release|Win32
		{8B67231A-9BE6-4088-B2A5-CFD62D4166B0}.Debug|x64.ActiveCfg = Debug|x64
		{8B67231A-9BE6-4088-B2A5-CFD62D4166B0}.Debug|x64.Build.0 = Debug|x64
		{8B67231A-9BE6-4088-B2A5-CFD62D4166B0}.Debug|x86.ActiveCfg = Debug|Win32
		{8B67231A-9BE6-4088-B2A5-CFD62D4166B0}.Debug|x86.Build.0 = Debug|Win32
		{8B67231A-9BE6-4088-B2A5-CFD62D4166B0}.Release|x64.ActiveCfg = Release|x64
		{8B67231A-9BE6-4088-B2A5-CFD62D4166B0}.Release|x64.Build.0 = Release|x64
		{8B67231A-9BE6-4088-B2A5-CFD62D4166B0}.Release|x86.ActiveCfg = Release|Win32
		{8B67231A-9BE6-4088-B2A5-CFD62D4166B0}.Release|x86.Build.0 = Release|Win32
		{68B88AF9-BD23-4A0F-AC4E-AF302B18A97B}.Debug|x64.ActiveCfg = Debug|x64
		{68B88AF9-BD23-4A0F-AC4E-AF302B18A97B}.Debug|x64.Build.0 = Debug|x64
		{68B88AF9-BD23-4A0F-AC4E-AF302B18A97B}.Debug|x86.ActiveCfg = Debug|Win32
		{68B88AF9-BD23-4A0F-AC4E-AF302B18A97B}.Debug|x86.Build.0 = Debug|Win32
		{68B88AF9-BD23-4A0F-AC4E-AF302B18A97B}.Release|x64.ActiveCfg = Release|x64
		{68B88AF9-BD23-4A0F-AC4E-AF302B18A97B}.Release|x64.Build.0 = Release|x64
		{68B88AF9-BD23-4A0F-AC4E-AF302B18A97B}.Release|x86.ActiveCfg = Release|Win32
		{68B88AF9-BD23-4A0F-AC4E-AF302B18A97B}.Release|x86.Build.0 = Release|Win32
		{39D28EC3-803E-49D7-A829-60ABCA28411D}.Debug|x64.ActiveCfg = Debug|x64
		{39D28EC3-803E-49D7-A829-60ABCA28411D}.Debug|x64.Build.0 = Debug|x64
		{39D28EC3-803E-49D7-A829-60ABCA28411D}.Debug|x86.ActiveCfg = Debug|Win32
		{39D28EC3-803E-49D7-A829-60ABCA28411D}.Debug|x86.Build.0 = Debug|Win32
		{39D28EC3-803E-49D7-A829-60ABCA28411D}.Release|x64.ActiveCfg = Release|x64
		{39D28EC3-803E-49D7-A829-60ABCA28411D}.Release|x64.Build.0 = Release|x64
		{39D28EC3-803E-49D7-A829-60ABCA28411D}.Release|x86.ActiveCfg = Release|Win32
		{39D28EC3-803E-49D7-A829-60ABCA28411D}.Release|x86.Build.0 = Release|Win32
		{B6B678AB-6491-45BD-8F25-A2133A411413}.Debug|x64.ActiveCfg = Debug|x64
		{B6B678AB-6491-45BD-8F25-A2133A411413}.Debug|x64.Build.0 = Debug|x64
		{B6B678AB-6491-45BD-8F25-A2133A411413}.Debug|x86.ActiveCfg = Debug|Win32
		{B6B678AB-6491-45BD-8F25-A2133A411413}.Debug|x86.Build.0 = Debug|Win32
		{B6B678AB-6491-45BD-8F25-A2133A411413}.Release|x64.ActiveCfg = Release|x64
		{B6B678AB-6491-45BD-8F25-A2133A411413}.Release|x64.Build.0 = Release|x64
		{B6B678AB-6491-45BD-8F25-A2133A411413}.Release|x86.ActiveCfg = Release|Win32
		{B6B678AB-6491-45BD-8F25-A2133A411413}.Release|x86.Build.0 = Release|Win32
		{EDB88DB3-0E35-4552-8C66-8D22D93A8344}.Debug|x64.ActiveCfg = Debug|x64
		{EDB88DB3-0E35-4552-8C66-8D22D93A8344}.Debug|x64.Build.0 = Debug|x64
		{EDB88DB3-0E35-4552-8C66-8D22D93A8344}.Debug|x86.ActiveCfg = Debug|Win32
		{EDB88DB3-0E35-4552-8C66-8D22D93A8344}.Debug|x86.Build.0 = Debug|Win32
		{EDB88DB3-0E35-4552-8C66-8D22D93A8344}.Release|x64.ActiveCfg = Release|x64
		{EDB88DB3-0E35-4552-8C66-8D22D93A8344}.Release|x64.Build.0 = Release|x64
		{EDB88DB3-0E35-4552-8C66-8D22D93A8344}.Release|x86.ActiveCfg = Release|Win32
		{EDB88DB3-0E35-4552-8C66-8D22D93A8344}.Release|x86.Build.0 = Release|Win32
		{E111E55D-776C-4598-BC42-0D219856EFE2}.Debug|x64.ActiveCfg = Debug|x64
		{E111E55D-776C-4598-BC42-0D219856EFE2}.Debug|x64.Build.0 = Debug|x64
		{E111E55D-776C-4598-BC42-0D219856EFE2}.Debug|x86.ActiveCfg = Debug|Win32
		{E111E55D-776C-4598-BC42-0D219856EFE2}.Debug|x86.Build.0 = Debug|Win32
		{E111E55D-776C-4598-BC42-0D219856EFE2}.Release|x64.ActiveCfg = Release|x64
		{E111E55D-776C-4598-BC42-0D219856EFE2}.Release|x64.Build.0 = Release|x64
		{E111E55D-776C-4598-BC42-0D219856EFE2}.Release|x86.ActiveCfg = Release|Win32
		{E111E55D-776C-4598-BC42-0D219856EFE2}.Release|x86.Build.0 = Release|Win32
		{9F0BAD5A-EEC7-4DF0-B90C-8985FDF70F4C}.Debug|x64.ActiveCfg = Debug|x64
		{9F0BAD5A-EEC7-4DF0-B90C-8985FDF70F4C}.Debug|x64.Build.0 = Debug|x64
		{9F0BAD5A-EEC7-4DF0-B90C-8985FDF70F4C}.Debug|x86.ActiveCfg = Debug|Win32
		{9F0BAD5A-EEC7-4DF0-B90C-8985FDF70F4C}.Debug|x86.Build.0 = Debug|Win32
		{9F0BAD5A-EEC7-4DF0-B90C-8985FDF70F4C}.Release|x64.ActiveCfg = Release|x64
		{9F0BAD5A-EEC7-4DF0-B90C-8985FDF70F4C}.Release|x64.Build.0 = Release|x64
		{9F0BAD5A-EEC7-4DF0-B90C-8985FDF70F4C}.Release|x86.ActiveCfg = Release|Win32
		{9F0BAD5A-EEC7-4DF0-B90C-8985FDF70F4C}.Release|x86.Build.0 = Release|Win32
		{F0C690F6-51B1-4F2C-8068-6D0ECB2DF40D}.Debug|x64.ActiveCfg = Debug|x64
		{F0C690F6-51B1-4F2C-8068-6D0ECB2DF40D}.Debug|x64.Build.0 = Debug|x64
		{F0C690F6-51B1-4F2C-8068-6D0ECB2DF40D}.Debug|x86.ActiveCfg = Debug|Win32
		{F0C690F6-51B1-4F2C-8068-6D0ECB2DF40D}.Debug|x86.Build.0 = Debug|Win32
		{F0C690F6-51B1-4F2C-8068-6D0ECB2DF40D}.Release|x64.ActiveCfg = Release|x64
		{F0C690F6-51B1-4F2C-8068-6D0ECB2DF40D}.Release|x64.Build.0 = Release|x64
		{F0C690F6-51B1-4F2C-8068-6D0ECB2DF40D}.Release|x86.ActiveCfg = Release|Win32
		{F0C690F6-51B1-4F2C-8068-6D0ECB2DF40D}.Release|x86.Build.0 = Release|Win32
		{E8EB9DC1-05D2-48F0-A7E0-6E887E1DD279}.Debug|x64.ActiveCfg = Debug|x64
		{E8EB9DC1-05D2-48F0-A7E0-6E887E1DD279}.Debug|x64.Build.0 = Debug|x64
		{E8EB9DC1-05D2-48F0-A7E0-6E887E1DD279}.Debug|x86.ActiveCfg = Debug|Win32
		{E8EB9DC1-05D2-48F0-A7E0-6E887E1DD279}.Debug|x86.Build.0 = Debug|Win32
		{E8EB9DC1-05D2-48F0-A7E0-6E887E1DD279}.Release|x64.ActiveCfg = Release|x64
		{E8EB9DC1-05D2-48F0-A7E0-6E887E1DD279}.Release|x64.Build.0 = Release|x64
		{E8EB9DC1-05D2-48F0-A7E0-6E887E1DD279}.Release|x86.ActiveCfg = Release|Win32
		{E8EB9DC1-05D2-48F0-A7E0-6E887E1DD279}.Release|x86.Build.0 = Release|Win32
		{23D90B73-E958-4BAF-B60E-40B3EBF18926}.Debug|x64.ActiveCfg = Debug|x64
		{23D90B73-E958-4BAF-B60E-40B3EBF18926}.Debug|x64.Build.0 = Debug|x64
		{23D90B73-E958-4BAF-B60E-40B3EBF18926}.Debug|x86.ActiveCfg = Debug|Win32
		{23D90B73-E958-4BAF-B60E-40B3EBF18926}.Debug|x86.Build.0 = Debug|Win32
		{23D90B73-E958-4BAF-B60E-40B3EBF18926}.Release|x64.ActiveCfg = Release|x64
		{23D90B73-E958-4BAF-B60E-40B3EBF18926}.Release|x64.Build.0 = Release|x64
		{23D90B73-E958-4BAF-B60E-40B3EBF18926}.Release|x86.ActiveCfg = Release|Win32
		{23D90B73-E958-4BAF-B60E-40B3EBF18926}.Release|x86.Build.0 = Release|Win32
		{379B8B0D-AF3B-43AE-BB9C-80F683578A4C}.Debug|x64.ActiveCfg = Debug|x64
		{379B8B0D-AF3B-43AE-BB9C-80F683578A4C}.Debug|x64.Build.0 = Debug|x64
		{379B8B0D-AF3B-43AE-BB9C-80F683578A4C}.Debug|x86.ActiveCfg = Debug|Win32
		{379B8B0D-AF3B-43AE-BB9C-80F683578A4C}.Debug|x86.Build.0 = Debug|Win32
		{379B8B0D-AF3B-43AE-BB9C-80F683578A4C}.Release|x64.ActiveCfg = Release|x64
		{379B8B0D-AF3B-43AE-BB9C-80F683578A4C}.Release|x64.Build.0 = Release|x64
		{379B8B0D-AF3B-43AE-BB9C-80F683578A4C}.Release|x86.ActiveCfg = Release|Win32
		{379B8B0D-AF3B-43AE-BB9C-80F683578A4C}.Release|x86.Build.0 = Release|Win32
		{F38C25AE-33D6-4AD6-9D43-E006113D1D8E}.Debug|x64.ActiveCfg = Debug|x64
		{F38C25AE-33D6-4AD6-9D43-E006113D1D8E}.Debug|x64.Build.0 = Debug|x64
		{F38C25AE-33D6-4AD6-9D43-E006113D1D8E}.Debug|x86.ActiveCfg = Debug|Win32
		{F38C25AE-33D6-4AD6-9D43-E006113D1D8E}.Debug|x86.Build.0 = Debug|Win32
		{F38C25AE-33D6-4AD6-9D43-E006113D1D8E}.Release|x64.ActiveCfg = Release|x64
		{F38C25AE-33D6-4AD6-9D43-E006113D1D8E}.Release|x64.Build.0 = Release|x64
		{F38C25AE-33D6-4AD6-9D43-E006113D1D8E}.Release|x86.ActiveCfg = Release|Win32
		{F38C25AE-33D6-4AD6-9D43-E006113D1D8E}.Release|x86.Build.0 = Release|Win32
		{876571A8-DF84-4B4C-95C5-A5EB467CD492}.Debug|x64.ActiveCfg = Debug|x64
		{876571A8-DF84-4B4C-95C5-A5EB467CD492}.Debug|x64.Build.0 = Debug|x64
		{876571A8-DF84-4B4C-95C5-A5EB467CD492}.Debug|x86.ActiveCfg = Debug|Win32
		{876571A8-DF84-4B4C-95C5-A5EB467CD492}.Debug|x86.Build.0 = Debug|Win32
		{876571A8-DF84-4B4C-95C5-A5EB467CD492}.Release|x64.ActiveCfg = Release|x64
		{876571A8-DF84-4B4C-95C5-A5EB467CD492}.Release|x64.Build.0 = Release|x64
		{876571A8-DF84-4B4C-95C5-A5EB467CD492}.Release|x86.ActiveCfg = Release|Win32
		{876571A8-DF84-4B4C-95C5-A5EB467CD492}.Release|x86.Build.0 = Release|Win32
		{6EB53740-66C0-4478-A3DD-2EE93A6C6613}.Debug|x64.ActiveCfg = Debug|x64
		{6EB53740-66C0-4478-A3DD-2EE93A6C6613}.Debug|x64.Build.0 = Debug|x64
		{6EB53740-66C0-4478-A3DD-2EE93A6C6613}.Debug|x86.ActiveCfg = Debug|Win32
		{6EB53740-66C0-4478-A3DD-2EE93A6C6613}.Debug|x86.Build.0 = Debug|Win32
		{6EB53740-66C0-4478-A3DD-2EE93A6C6613}.Release|x64.ActiveCfg = Release|x64
		{6EB53740-66C0-4478-A3DD-2EE93A6C6613}.Release|x64.Build.0 = Release|x64
		{6EB53740-66C0-4478-A3DD-2EE93A6C6613}.Release|x86.ActiveCfg = Release|Win32
		{6EB53740-66C0-4478-A3DD-2EE93A6C6613}.Release|x86.Build.0 = Release|Win32
		{29B22DDE-11FA-4E05-AD1B-5DCD99E4A26A}.Debug|x64.ActiveCfg = Debug|x64
		{29B22DDE-11FA-4E05-AD1B-5DCD99E4A26A}.Debug|x64.Build.0 = Debug|x64
		{29B22DDE-11FA-4E05-AD1B-5DCD99E4A26A}.Debug|x86.ActiveCfg = Debug|Win32
		{29B22DDE-11FA-4E05-AD1B-5DCD99E4A26A}.Debug|x86.Build.0 = Debug|Win32
		{29B22DDE-11FA-4E05-AD1B-5DCD99E4A26A}.Release|x64.ActiveCfg = Release|x64
		{29B22DDE-11FA-4E05-AD1B-5DCD99E4A26A}.Release|x64.Build.0 = Release|x64
		{29B22DDE-11FA-4E05-AD1B-5DCD99E4A26A}.Release|x86.ActiveCfg = Release|Win32
		{29B22DDE-11FA-4E05-AD1B-5DCD99E4A26A}.Release|x86.Build.0 = Release|Win32
		{509D34F2-B2CE-426D-9899-71A500C3F0C8}.Debug|x64.ActiveCfg = Debug|x64
		{509D34F2-B2CE-426D-9899-71A500C3F0C8}.Debug|x64.Build.0 = Debug|x64
		{509D34F2-B2CE-426D-9899-71A500C3F0C8}.Debug|x86.ActiveCfg = Debug|Win32
		{509D34F2-B2CE-426D-9899-71A500C3F0C8}.Debug|x86.Build.0 = Debug|Win32
		{509D34F2-B2CE-426D-9899-71A500C3F0C8}.Release|x64.ActiveCfg = Release|x64
		{509D34F2-B2CE-426D-9899-71A500C3F0C8}.Release|x64.Build.0 = Release|x64
		{509D34F2-B2CE-426D-9899-71A500C3F0C8}.Release|x86.ActiveCfg = Release|Win32
		{509D34F2-B2CE-426D-9899-71A500C3F0C8}.Release|x86.Build.0 = Release|Win32
		{4A64164D-F965-45F1-B575-93418A877172}.Debug|x64.ActiveCfg = Debug|x64
		{4A64164D-F965-45F1-B575-93418A877172}.Debug|x64.Build.0 = Debug|x64
		{4A64164D-F965-45F1-B575-93418A877172}.Debug|x86.ActiveCfg = Debug|Win32
		{4A64164D-F965-45F1-B575-93418A877172}.Debug|x86.Build.0 = Debug|Win32
		{4A64164D-F965-45F1-B575-93418A877172}.Release|x64.ActiveCfg = Release|x64
		{4A64164D-F965-45F1-B575-93418A877172}.Release|x64.Build.0 = Release|x64
		{4A64164D-F965-45F1-B575-93418A877172}.Release|x86.ActiveCfg = Release|Win32
		{4A64164D-F965-45F1-B575-93418A877172}.Release|x86.Build.0 = Release|Win32
		{1086D2CC-E70B-4109-A80D-0D95C51A4DD5}.Debug|x64.ActiveCfg = Debug|x64
		{1086D2CC-E70B-4109-A80D-0D95C51A4DD5}.Debug|x64.Build.0 = Debug|x64
		{1086D2CC-E70B-4109-A80D-0D95C51A4DD5}.Debug|x86.ActiveCfg = Debug|Win32
		{1086D2CC-E70B-4109-A80D-0D95C51A4DD5}.Debug|x86.Build.0 = Debug|Win32
		{1086D2CC-E70B-4109-A80D-0D95C51A4DD5}.Release|x64.ActiveCfg = Release|x64
		{1086D2CC-E70B-4109-A80D-0D95C51A4DD5}.Release|x64.Build.0 = Release|x64
		{1086D2CC-E70B-4109-A80D-0D95C51A4DD5}.Release|x86.ActiveCfg = Release|Win32
		{1086D2CC-E70B-4109-A80D-0D95C51A4DD5}.Release|x86.Build.0 = Release|Win32
		{39D042F4-323D-4C17-86F7-CAD0B722FDB5}.Debug|x64.ActiveCfg = Debug|x64
		{39D042F4-323D-4C17-86F7-CAD0B722FDB5}.Debug|x64.Build.0 = Debug|x64
		{39D042F4-323D-4C17-86F7-CAD0B722FDB5}.Debug|x86.ActiveCfg = Debug|Win32
		{39D042F4-323D-4C17-86F7-CAD0B722FDB5}.Debug|x86.Build.0 = Debug|Win32
		{39D042F4-323D-4C17-86F7-CAD0B722FDB5}.Release|x64.ActiveCfg = Release|x64
		{39D042F4-323D-4C17-86F7-CAD0B722FDB5}.Release|x64.Build.0 = Release|x64
		{39D042F4-323D-4C17-86F7-CAD0B722FDB5}.Release|x86.ActiveCfg = Release|Win32
		{39D042F4-323D-4C17-86F7-CAD0B722FDB5}.Release|x86.Build.0 = Release|Win32
		{AE5553F2-C1EB-43F7-9A45-54DD7F8770C1}.Debug|x64.ActiveCfg = Debug|x64
		{AE5553F2-C1EB-43F7-9A45-54DD7F8770C1}.Debug|x64.Build.0 = Debug|x64
		{AE5553F2-C1EB-43F7-9A45-54DD7F8770C1}.Debug|x86.ActiveCfg = Debug|Win32
		{AE5553F2-C1EB-43F7-9A45-54DD7F8770C1}.Debug|x86.Build.0 = Debug|Win32
		{AE5553F2-C1EB-43F7-9A45-54DD7F8770C1}.Release|x64.ActiveCfg = Release|x64
		{AE5553F2-C1EB-43F7-9A45-54DD7F8770C1}.Release|x64.Build.0 = Release|x64
		{AE5553F2-C1EB-43F7-9A45-54DD7F8770C1}.Release|x86.ActiveCfg = Release|Win32
		{AE5553F2-C1EB-43F7-9A45-54DD7F8770C1}.Release|x86.Build.0 = Release|Win32
		{FD85861B-7908-4644-B986-541BA8750F93}.Debug|x64.ActiveCfg = Debug|x64
		{FD85861B-7908-4644-B986-541BA8750F93}.Debug|x64.Build.0 = Debug|x64
		{FD85861B-7908-4644-B986-541BA8750F93}.Debug|x86.ActiveCfg = Debug|Win32
		{FD85861B-7908-4644-B986-541BA8750F93}.Debug|x86.Build.0 = Debug|Win32
		{FD85861B-7908-4644-B986-541BA8750F93}.Release|x64.ActiveCfg = Release|x64
		{FD85861B-7908-4644-B986-541BA8750F93}.Release|x64.Build.0 = Release|x64
		{FD85861B-7908-4644-B986-541BA8750F93}.Release|x86.ActiveCfg = Release|Win32
		{FD85861B-7908-4644-B986-541BA8750F93}.Release|x86.Build.0 = Release|Win32
		{68D35860-3BF8-4377-BC62-07CBC1A397E3}.Debug|x64.ActiveCfg = Debug|x64
		{68D35860-3BF8-4377-BC62-07CBC1A397E3}.Debug|x64.Build.0 = Debug|x64
		{68D35860-3BF8-4377-BC62-07CBC1A397E3}.Debug|x86.ActiveCfg = Debug|Win32
		{68D35860-3BF8-4377-BC62-07CBC1A397E3}.Debug|x86.Build.0 = Debug|Win32
		{68D35860-3BF8-4377-BC62-07CBC1A397E3}.Release|x64.ActiveCfg = Release|x64
		{68D35860-3BF8-4377-BC62-07CBC1A397E3}.Release|x64.Build.0 = Release|x64
		{68D35860-3BF8-4377-BC62-07CBC1A397E3}.Release|x86.ActiveCfg = Release|Win32
		{68D35860-3BF8-4377-BC62-07CBC1A397E3}.Release|x86.Build.0 = Release|Win32
		{8C1E1E0B-78F3-4F09-8F6B-47DB4C9E8F6B}.Debug|x64.ActiveCfg = Debug|x64
		{8C1E1E0B-78F3-4F09-8F6B-47DB4C9E8F6B}.Debug|x64.Build.0 = Debug|x64
		{8C1E1E0B-78F3-4F09-8F6B-47DB4C9E8F6B}.Debug|x86.ActiveCfg = Debug|Win32
		{8C1E1E0B-78F3-4F09-8F6B-47DB4C9E8F6B}.Debug|x86.Build.0 = Debug|Win32
		{8C1E1E0B-78F3-4F09-8F6B-47DB4C9E8F6B}.Release|x64.ActiveCfg = Release|x64
		{8C1E1E0B-78F3-4F09-8F6B-47DB4C9E8F6B}.Release|x64.Build.0 = Release|x64
		{8C1E1E0B-78F3-4F09-8F6B-47DB4C9E8F6B}.Release|x86.ActiveCfg = Release|Win32
		{8C1E1E0B-78F3-4F09-8F6B-47DB4C9E8F6B}.Release|x86.Build.0 = Release|Win32
		{5E005947-D02D-48F2-9865-A2D4A7F63902}.Debug|x64.ActiveCfg = Debug|x64
		{5E005947-D02D-48F2-9865-A2D4A7F63902}.Debug|x64.Build.0 = Debug|x64
		{5E005947-D02D-48F2-9865-A2D4A7F63902}.Debug|x86.ActiveCfg = Debug|Win32
		{5E005947-D02D-48F2-9865-A2D4A7F63902}.Debug|x86.Build.0 = Debug|Win32
		{5E005947-D02D-48F2-9865-A2D4A7F63902}.Release|x64.ActiveCfg = Release|x64
		{5E005947-D02D-48F2-9865-A2D4A7F63902}.Release|x64.Build.0 = Release|x64
		{5E005947-D02D-48F2-9865-A2D4A7F63902}.Release|x86.ActiveCfg = Release|Win32
		{5E005947-D02D-48F2-9865-A2D4A7F63902}.Release|x86.Build.0 = Release|Win32
		{E0EFE560-9EC7-412D-A72A-24A91D204735}.Debug|x64.ActiveCfg = Debug|x64
		{E0EFE560-9EC7-412D-A72A-24A91D204735}.Debug|x64.Build.0 = Debug|x64
		{E0EFE560-9EC7-412D-A72A-24A91D204735}.Debug|x86.ActiveCfg = Debug|Win32
		{E0EFE560-9EC7-412D-A72A-24A91D204735}.Debug|x86.Build.0 = Debug|Win32
		{E0EFE560-9EC7-412D-A72A-24A91D204735}.Release|x64.ActiveCfg = Release|x64
		{E0EFE560-9EC7-412D-A72A-24A91D204735}.Release|x64.Build.0 = Release|x64
		{E0EFE560-9EC7-412D-A72A-24A91D204735}.Release|x86.ActiveCfg = Release|Win32
		{E0EFE560-9EC7-412D-A72A-24A91D204735}.Release|x86.Build.0 = Release|Win32
		{44C89F94-A17C-4B80-A74D-778B648529B2}.Debug|x64.ActiveCfg = Debug|x64
		{44C89F94-A17C-4B80-A74D-778B648529B2}.Debug|x64.Build.0 = Debug|x64
		{44C89F94-A17C-4B80-A74D-778B648529B2}.Debug|x86.ActiveCfg = Debug|Win32
		{44C89F94-A17C-4B80-A74D-778B648529B2}.Debug|x86.Build.0 = Debug|Win32
		{44C89F94-A17C-4B80-A74D-778B648529B2}.Release|x64.ActiveCfg = Release|x64
		{44C89F94-A17C-4B80-A74D-778B648529B2}.Release|x64.Build.0 = Release|x64
		{44C89F94-A17C-4B80-A74D-778B648529B2}.Release|x86.ActiveCfg = Release|Win32
		{44C89F94-A17C-4B80-A74D-778B648529B2}.Release|x86.Build.0 = Release|Win32
		{B92AE44D-C6AA-4DB3-9E9C-ACC92FA50DAA}.Debug|x64.ActiveCfg = Debug|x64
		{B92AE44D-C6AA-4DB3-9E9C-ACC92FA50DAA}.Debug|x64.Build.0 = Debug|x64
		{B92AE44D-C6AA-4DB3-9E9C-ACC92FA50DAA}.Debug|x86.ActiveCfg = Debug|Win32
		{B92AE44D-C6AA-4DB3-9E9C-ACC92FA50DAA}.Debug|x86.Build.0 = Debug|Win32
		{B92AE44D-C6AA-4DB3-9E9C-ACC92FA50DAA}.Release|x64.ActiveCfg = Release|x64
		{B92AE44D-C6AA-4DB3-9E9C-ACC92FA50DAA}.Release|x64.Build.0 = Release|x64
		{B92AE44D-C6AA-4DB3-9E9C-ACC92FA50DAA}.Release|x86.ActiveCfg = Release|Win32
		{B92AE44D-C6AA-4DB3-9E9C-ACC92FA50DAA}.Release|x86.Build.0 = Release|Win32
		{D3BD876D-9723-48FD-B01E-C80E281E036C}.Debug|x64.ActiveCfg = Debug|x64
		{D3BD876D-9723-48FD-B01E-C80E281E036C}.Debug|x64.Build.0 = Debug|x64
		{D3BD876D-9723-48FD-B01E-C80E281E036C}.Debug|x86.ActiveCfg = Debug|Win32
		{D3BD876D-9723-48FD-B01E-C80E281E036C}.Debug|x86.Build.0 = Debug|Win32
		{D3BD876D-9723-48FD-B01E-C80E281E036C}.Release|x64.ActiveCfg = Release|x64
		{D3BD876D-9723-48FD-B01E-C80E281E036C}.Release|x64.Build.0 = Release|x64
		{D3BD876D-9723-48FD-B01E-C80E281E036C}.Release|x86.ActiveCfg = Release|Win32
		{D3BD876D-9723-48FD-B01E-C80E281E036C}.Release|x86.Build.0 = Release|Win32
		{55B169EE-DE8F-4F3D-B9E9-507E8B8696B3}.Debug|x64.ActiveCfg = Debug|x64
		{55B169EE-DE8F-4F3D-B9E9-507E8B8696B3}.Debug|x64.Build.0 = Debug|x64
		{55B169EE-DE8F-4F3D-B9E9-507E8B8696B3}.Debug|x86.ActiveCfg = Debug|Win32
		{55B169EE-DE8F-4F3D-B9E9-507E8B8696B3}.Debug|x86.Build.0 = Debug|Win32
		{55B169EE-DE8F-4F3D-B9E9-507E8B8696B3}.Release|x64.ActiveCfg = Release|x64
		{55B169EE-DE8F-4F3D-B9E9-507E8B8696B3}.Release|x64.Build.0 = Release|x64
		{55B169EE-DE8F-4F3D-B9E9-507E8B8696B3}.Release|x86.ActiveCfg = Release|Win32
		{55B169EE-DE8F-4F3D-B9E9-507E8B8696B3}.Release|x86.Build.0 = Release|Win32
		{B36132BC-A19C-4331-9DCF-6972C6DB9F21}.Debug|x64.ActiveCfg = Debug|x64
		{B36132BC-A19C-4331-9DCF-6972C6DB9F21}.Debug|x64.Build.0 = Debug|x64
		{B36132BC-A19C-4331-9DCF-6972C6DB9F21}.Debug|x86.ActiveCfg = Debug|Win32
		{B36132BC-A19C-4331-9DCF-6972C6DB9F21}.Debug|x86.Build.0 = Debug|Win32
		{B36132BC-A19C-4331-9DCF-6972C6DB9F21}.Release|x64.ActiveCfg = Release|x64
		{B36132BC-A19C-4331-9DCF-6972C6DB9F21}.Release|x64.Build.0 = Release|x64
		{B36132BC-A19C-4331-9DCF-6972C6DB9F21}.Release|x86.ActiveCfg = Release|Win32
		{B36132BC-A19C-4331-9DCF-6972C6DB9F21}.Release|x86.Build.0 = Release|Win32
		{245D332D-7689-43AA-B535-95D15D031273}.Debug|x64.ActiveCfg = Debug|x64
		{245D332D-7689-43AA-B535-95D15D031273}.Debug|x64.Build.0 = Debug|x64
		{245D332D-7689-43AA-B535-95D15D031273}.Debug|x86.ActiveCfg = Debug|Win32
		{245D332D-7689-43AA-B535-95D15D031273}.Debug|x86.Build.0 = Debug|Win32
		{245D332D-7689-43AA-B535-95D15D031273}.Release|x64.ActiveCfg = Release|x64
		{245D332D-7689-43AA-B535-95D15D031273}.Release|x64.Build.0 = Release|x64
		{245D332D-7689-43AA-B535-95D15D031273}.Release|x86.ActiveCfg = Release|Win32
		{245D332D-7689-43AA-B535-95D15D031273}.Release|x86.Build.0 = Release|Win32
	EndGlobalSection
	GlobalSection(SolutionProperties) = preSolution
		HideSolutionNode = FALSE
	EndGlobalSection
	GlobalSection(ExtensibilityGlobals) = postSolution
		SolutionGuid = {7E0C501C-E881-44CE-B5DF-D96CB0EB8A34}
	EndGlobalSection
EndGlobal
