
Microsoft Visual Studio Solution File, Format Version 12.00
# Visual Studio Version 16
VisualStudioVersion = 16.0.30320.27
MinimumVisualStudioVersion = 10.0.40219.1
Project("{8BC9CEB8-8B4A-11D0-8D11-00A0C91BC942}") = "chap01_pq01", "chap0101\chap0101.vcxproj", "{141A6089-DBF1-4ED8-A13A-8CE2E5D18BC5}"
EndProject
Project("{8BC9CEB8-8B4A-11D0-8D11-00A0C91BC942}") = "chap01_pq02", "chap0102\chap0102.vcxproj", "{1AA20B46-EE0C-48DD-9337-923E8E833904}"
EndProject
Project("{8BC9CEB8-8B4A-11D0-8D11-00A0C91BC942}") = "chap02_pq01", "chap0201\chap0201.vcxproj", "{A2A9E254-523F-4C25-BABF-574AAB227CD7}"
EndProject
Project("{8BC9CEB8-8B4A-11D0-8D11-00A0C91BC942}") = "chap02_pq02", "chap0202\chap0202.vcxproj", "{C0587128-E49D-4BEE-9011-AFB24BE55D6F}"
EndProject
Project("{8BC9CEB8-8B4A-11D0-8D11-00A0C91BC942}") = "chap02_pq03", "chap0203\chap0203.vcxproj", "{BC0D444E-56FE-46AC-A832-634733272EDE}"
EndProject
Project("{8BC9CEB8-8B4A-11D0-8D11-00A0C91BC942}") = "chap02_pq04", "chap0204\chap0204.vcxproj", "{8D9777BC-8F5A-446D-8CBF-A1F31484CB0A}"
EndProject
Project("{8BC9CEB8-8B4A-11D0-8D11-00A0C91BC942}") = "chap09_eq09", "chap09_eq09\chap09_eq09.vcxproj", "{ED6470D0-D032-4DAA-B4AE-3E65D6EF28CA}"
EndProject
Project("{8BC9CEB8-8B4A-11D0-8D11-00A0C91BC942}") = "chap09_ep06", "chap09_ex06\chap09_ex06.vcxproj", "{881CD9F0-8968-41A7-A3CC-49F133A17D80}"
EndProject
Project("{8BC9CEB8-8B4A-11D0-8D11-00A0C91BC942}") = "chap09_eq11", "chap09_eq11\chap09_eq11.vcxproj", "{3CA44548-3946-42EC-A181-00760010BCFF}"
EndProject
Project("{8BC9CEB8-8B4A-11D0-8D11-00A0C91BC942}") = "chap09_ep11", "chap09_ep11\chap09_ep11.vcxproj", "{95222384-24C1-4C51-9736-DAB415124074}"
EndProject
Project("{8BC9CEB8-8B4A-11D0-8D11-00A0C91BC942}") = "chap09_eq14", "chap09_eq14\chap09_eq14.vcxproj", "{A60176C6-3D51-4861-983D-A317915C1CAF}"
EndProject
Project("{8BC9CEB8-8B4A-11D0-8D11-00A0C91BC942}") = "chap09_eq15", "chap09_eq15\chap09_eq15.vcxproj", "{38091137-2C86-4E33-8459-7EB4C8202684}"
EndProject
Project("{8BC9CEB8-8B4A-11D0-8D11-00A0C91BC942}") = "chap09_eq16", "chap09_eq16\chap09_eq16.vcxproj", "{5330A079-8056-4F04-BF20-E82461FB7244}"
EndProject
Project("{8BC9CEB8-8B4A-11D0-8D11-00A0C91BC942}") = "chap09_eq17", "chap09_eq17\chap09_eq17.vcxproj", "{2C3522B6-598A-4CBF-9BBE-8554DCEEB1F7}"
EndProject
Project("{8BC9CEB8-8B4A-11D0-8D11-00A0C91BC942}") = "chap09_pq01", "chap09_pq011\chap09_pq011.vcxproj", "{1B18F22D-E562-4521-A3BD-DF3D7B3814B4}"
EndProject
Project("{8BC9CEB8-8B4A-11D0-8D11-00A0C91BC942}") = "chap09_pq03", "chap09_pq03\chap09_pq03.vcxproj", "{F230FFD4-C2AD-4C1D-A558-E7D0887FCD02}"
EndProject
Project("{8BC9CEB8-8B4A-11D0-8D11-00A0C91BC942}") = "chap09_pq04", "chap09_pq04\chap09_pq04.vcxproj", "{82EEB63A-3BC2-4063-9A8D-40B1E051BEEA}"
EndProject
Project("{8BC9CEB8-8B4A-11D0-8D11-00A0C91BC942}") = "chap10_ep14", "chap10_ep14\chap10_ep14.vcxproj", "{86E7944D-60A1-4D4B-8AFE-AED6F63EEB79}"
EndProject
Project("{8BC9CEB8-8B4A-11D0-8D11-00A0C91BC942}") = "chap10_eq09", "chap10_eq09\chap10_eq09.vcxproj", "{014F5D1B-71A9-46F2-A3B1-A32C01A3BD78}"
EndProject
Project("{8BC9CEB8-8B4A-11D0-8D11-00A0C91BC942}") = "chap10_eq10", "chap10_eq10\chap10_eq10.vcxproj", "{74D6B89E-0CE2-4FDB-B67F-F82619774EA2}"
EndProject
Project("{8BC9CEB8-8B4A-11D0-8D11-00A0C91BC942}") = "chap10_eq12", "chap10_eq12\chap10_eq12.vcxproj", "{B5AC81C3-13F2-4ED3-81A3-CBC41F7A824C}"
EndProject
Project("{8BC9CEB8-8B4A-11D0-8D11-00A0C91BC942}") = "chap10_eq13", "chap10_eq13\chap10_eq13.vcxproj", "{8180E09E-2EFC-40F1-A875-D8B3F8B8AC14}"
EndProject
Project("{8BC9CEB8-8B4A-11D0-8D11-00A0C91BC942}") = "chap10_eq14", "chap10_eq14\chap10_eq14.vcxproj", "{06EF8150-B556-42A5-9008-1A74DED45888}"
EndProject
Project("{8BC9CEB8-8B4A-11D0-8D11-00A0C91BC942}") = "chap10_pq01", "chap10_pq01\chap10_pq01.vcxproj", "{57EEBFFB-9205-4B3A-9B7B-E4CB107040B1}"
EndProject
Project("{8BC9CEB8-8B4A-11D0-8D11-00A0C91BC942}") = "chap10_pq02", "chap10_pq02\chap10_pq02.vcxproj", "{3840A416-CA70-4109-A9F2-B711E6B38D39}"
EndProject
Project("{8BC9CEB8-8B4A-11D0-8D11-00A0C91BC942}") = "chap10_pq03", "chap10_pq03\chap10_pq03.vcxproj", "{3003DAAA-0016-4F0A-92CD-A3BD46E4BBFA}"
EndProject
Project("{8BC9CEB8-8B4A-11D0-8D11-00A0C91BC942}") = "chap10_pq04", "chap10_pq04\chap10_pq04.vcxproj", "{23F40317-1F21-4AD7-BCA0-BA2C5863F712}"
EndProject
Project("{8BC9CEB8-8B4A-11D0-8D11-00A0C91BC942}") = "chap02_ep13", "chap02_ep02\chap02_ep02.vcxproj", "{90B11F99-F70E-4726-B952-C288120F5C86}"
EndProject
Project("{8BC9CEB8-8B4A-11D0-8D11-00A0C91BC942}") = "chap02_ep14", "chap02_ep14\chap02_ep14.vcxproj", "{1D4FCF64-182F-491B-9806-3C07F197316C}"
EndProject
Global
	GlobalSection(SolutionConfigurationPlatforms) = preSolution
		Debug|x64 = Debug|x64
		Debug|x86 = Debug|x86
		Release|x64 = Release|x64
		Release|x86 = Release|x86
	EndGlobalSection
	GlobalSection(ProjectConfigurationPlatforms) = postSolution
		{141A6089-DBF1-4ED8-A13A-8CE2E5D18BC5}.Debug|x64.ActiveCfg = Debug|x64
		{141A6089-DBF1-4ED8-A13A-8CE2E5D18BC5}.Debug|x64.Build.0 = Debug|x64
		{141A6089-DBF1-4ED8-A13A-8CE2E5D18BC5}.Debug|x86.ActiveCfg = Debug|Win32
		{141A6089-DBF1-4ED8-A13A-8CE2E5D18BC5}.Debug|x86.Build.0 = Debug|Win32
		{141A6089-DBF1-4ED8-A13A-8CE2E5D18BC5}.Release|x64.ActiveCfg = Release|x64
		{141A6089-DBF1-4ED8-A13A-8CE2E5D18BC5}.Release|x64.Build.0 = Release|x64
		{141A6089-DBF1-4ED8-A13A-8CE2E5D18BC5}.Release|x86.ActiveCfg = Release|Win32
		{141A6089-DBF1-4ED8-A13A-8CE2E5D18BC5}.Release|x86.Build.0 = Release|Win32
		{1AA20B46-EE0C-48DD-9337-923E8E833904}.Debug|x64.ActiveCfg = Debug|x64
		{1AA20B46-EE0C-48DD-9337-923E8E833904}.Debug|x64.Build.0 = Debug|x64
		{1AA20B46-EE0C-48DD-9337-923E8E833904}.Debug|x86.ActiveCfg = Debug|Win32
		{1AA20B46-EE0C-48DD-9337-923E8E833904}.Debug|x86.Build.0 = Debug|Win32
		{1AA20B46-EE0C-48DD-9337-923E8E833904}.Release|x64.ActiveCfg = Release|x64
		{1AA20B46-EE0C-48DD-9337-923E8E833904}.Release|x64.Build.0 = Release|x64
		{1AA20B46-EE0C-48DD-9337-923E8E833904}.Release|x86.ActiveCfg = Release|Win32
		{1AA20B46-EE0C-48DD-9337-923E8E833904}.Release|x86.Build.0 = Release|Win32
		{A2A9E254-523F-4C25-BABF-574AAB227CD7}.Debug|x64.ActiveCfg = Debug|x64
		{A2A9E254-523F-4C25-BABF-574AAB227CD7}.Debug|x64.Build.0 = Debug|x64
		{A2A9E254-523F-4C25-BABF-574AAB227CD7}.Debug|x86.ActiveCfg = Debug|Win32
		{A2A9E254-523F-4C25-BABF-574AAB227CD7}.Debug|x86.Build.0 = Debug|Win32
		{A2A9E254-523F-4C25-BABF-574AAB227CD7}.Release|x64.ActiveCfg = Release|x64
		{A2A9E254-523F-4C25-BABF-574AAB227CD7}.Release|x64.Build.0 = Release|x64
		{A2A9E254-523F-4C25-BABF-574AAB227CD7}.Release|x86.ActiveCfg = Release|Win32
		{A2A9E254-523F-4C25-BABF-574AAB227CD7}.Release|x86.Build.0 = Release|Win32
		{C0587128-E49D-4BEE-9011-AFB24BE55D6F}.Debug|x64.ActiveCfg = Debug|x64
		{C0587128-E49D-4BEE-9011-AFB24BE55D6F}.Debug|x64.Build.0 = Debug|x64
		{C0587128-E49D-4BEE-9011-AFB24BE55D6F}.Debug|x86.ActiveCfg = Debug|Win32
		{C0587128-E49D-4BEE-9011-AFB24BE55D6F}.Debug|x86.Build.0 = Debug|Win32
		{C0587128-E49D-4BEE-9011-AFB24BE55D6F}.Release|x64.ActiveCfg = Release|x64
		{C0587128-E49D-4BEE-9011-AFB24BE55D6F}.Release|x64.Build.0 = Release|x64
		{C0587128-E49D-4BEE-9011-AFB24BE55D6F}.Release|x86.ActiveCfg = Release|Win32
		{C0587128-E49D-4BEE-9011-AFB24BE55D6F}.Release|x86.Build.0 = Release|Win32
		{BC0D444E-56FE-46AC-A832-634733272EDE}.Debug|x64.ActiveCfg = Debug|x64
		{BC0D444E-56FE-46AC-A832-634733272EDE}.Debug|x64.Build.0 = Debug|x64
		{BC0D444E-56FE-46AC-A832-634733272EDE}.Debug|x86.ActiveCfg = Debug|Win32
		{BC0D444E-56FE-46AC-A832-634733272EDE}.Debug|x86.Build.0 = Debug|Win32
		{BC0D444E-56FE-46AC-A832-634733272EDE}.Release|x64.ActiveCfg = Release|x64
		{BC0D444E-56FE-46AC-A832-634733272EDE}.Release|x64.Build.0 = Release|x64
		{BC0D444E-56FE-46AC-A832-634733272EDE}.Release|x86.ActiveCfg = Release|Win32
		{BC0D444E-56FE-46AC-A832-634733272EDE}.Release|x86.Build.0 = Release|Win32
		{8D9777BC-8F5A-446D-8CBF-A1F31484CB0A}.Debug|x64.ActiveCfg = Debug|x64
		{8D9777BC-8F5A-446D-8CBF-A1F31484CB0A}.Debug|x64.Build.0 = Debug|x64
		{8D9777BC-8F5A-446D-8CBF-A1F31484CB0A}.Debug|x86.ActiveCfg = Debug|Win32
		{8D9777BC-8F5A-446D-8CBF-A1F31484CB0A}.Debug|x86.Build.0 = Debug|Win32
		{8D9777BC-8F5A-446D-8CBF-A1F31484CB0A}.Release|x64.ActiveCfg = Release|x64
		{8D9777BC-8F5A-446D-8CBF-A1F31484CB0A}.Release|x64.Build.0 = Release|x64
		{8D9777BC-8F5A-446D-8CBF-A1F31484CB0A}.Release|x86.ActiveCfg = Release|Win32
		{8D9777BC-8F5A-446D-8CBF-A1F31484CB0A}.Release|x86.Build.0 = Release|Win32
		{ED6470D0-D032-4DAA-B4AE-3E65D6EF28CA}.Debug|x64.ActiveCfg = Debug|x64
		{ED6470D0-D032-4DAA-B4AE-3E65D6EF28CA}.Debug|x64.Build.0 = Debug|x64
		{ED6470D0-D032-4DAA-B4AE-3E65D6EF28CA}.Debug|x86.ActiveCfg = Debug|Win32
		{ED6470D0-D032-4DAA-B4AE-3E65D6EF28CA}.Debug|x86.Build.0 = Debug|Win32
		{ED6470D0-D032-4DAA-B4AE-3E65D6EF28CA}.Release|x64.ActiveCfg = Release|x64
		{ED6470D0-D032-4DAA-B4AE-3E65D6EF28CA}.Release|x64.Build.0 = Release|x64
		{ED6470D0-D032-4DAA-B4AE-3E65D6EF28CA}.Release|x86.ActiveCfg = Release|Win32
		{ED6470D0-D032-4DAA-B4AE-3E65D6EF28CA}.Release|x86.Build.0 = Release|Win32
		{881CD9F0-8968-41A7-A3CC-49F133A17D80}.Debug|x64.ActiveCfg = Debug|x64
		{881CD9F0-8968-41A7-A3CC-49F133A17D80}.Debug|x64.Build.0 = Debug|x64
		{881CD9F0-8968-41A7-A3CC-49F133A17D80}.Debug|x86.ActiveCfg = Debug|Win32
		{881CD9F0-8968-41A7-A3CC-49F133A17D80}.Debug|x86.Build.0 = Debug|Win32
		{881CD9F0-8968-41A7-A3CC-49F133A17D80}.Release|x64.ActiveCfg = Release|x64
		{881CD9F0-8968-41A7-A3CC-49F133A17D80}.Release|x64.Build.0 = Release|x64
		{881CD9F0-8968-41A7-A3CC-49F133A17D80}.Release|x86.ActiveCfg = Release|Win32
		{881CD9F0-8968-41A7-A3CC-49F133A17D80}.Release|x86.Build.0 = Release|Win32
		{3CA44548-3946-42EC-A181-00760010BCFF}.Debug|x64.ActiveCfg = Debug|x64
		{3CA44548-3946-42EC-A181-00760010BCFF}.Debug|x64.Build.0 = Debug|x64
		{3CA44548-3946-42EC-A181-00760010BCFF}.Debug|x86.ActiveCfg = Debug|Win32
		{3CA44548-3946-42EC-A181-00760010BCFF}.Debug|x86.Build.0 = Debug|Win32
		{3CA44548-3946-42EC-A181-00760010BCFF}.Release|x64.ActiveCfg = Release|x64
		{3CA44548-3946-42EC-A181-00760010BCFF}.Release|x64.Build.0 = Release|x64
		{3CA44548-3946-42EC-A181-00760010BCFF}.Release|x86.ActiveCfg = Release|Win32
		{3CA44548-3946-42EC-A181-00760010BCFF}.Release|x86.Build.0 = Release|Win32
		{95222384-24C1-4C51-9736-DAB415124074}.Debug|x64.ActiveCfg = Debug|x64
		{95222384-24C1-4C51-9736-DAB415124074}.Debug|x64.Build.0 = Debug|x64
		{95222384-24C1-4C51-9736-DAB415124074}.Debug|x86.ActiveCfg = Debug|Win32
		{95222384-24C1-4C51-9736-DAB415124074}.Debug|x86.Build.0 = Debug|Win32
		{95222384-24C1-4C51-9736-DAB415124074}.Release|x64.ActiveCfg = Release|x64
		{95222384-24C1-4C51-9736-DAB415124074}.Release|x64.Build.0 = Release|x64
		{95222384-24C1-4C51-9736-DAB415124074}.Release|x86.ActiveCfg = Release|Win32
		{95222384-24C1-4C51-9736-DAB415124074}.Release|x86.Build.0 = Release|Win32
		{A60176C6-3D51-4861-983D-A317915C1CAF}.Debug|x64.ActiveCfg = Debug|x64
		{A60176C6-3D51-4861-983D-A317915C1CAF}.Debug|x64.Build.0 = Debug|x64
		{A60176C6-3D51-4861-983D-A317915C1CAF}.Debug|x86.ActiveCfg = Debug|Win32
		{A60176C6-3D51-4861-983D-A317915C1CAF}.Debug|x86.Build.0 = Debug|Win32
		{A60176C6-3D51-4861-983D-A317915C1CAF}.Release|x64.ActiveCfg = Release|x64
		{A60176C6-3D51-4861-983D-A317915C1CAF}.Release|x64.Build.0 = Release|x64
		{A60176C6-3D51-4861-983D-A317915C1CAF}.Release|x86.ActiveCfg = Release|Win32
		{A60176C6-3D51-4861-983D-A317915C1CAF}.Release|x86.Build.0 = Release|Win32
		{38091137-2C86-4E33-8459-7EB4C8202684}.Debug|x64.ActiveCfg = Debug|x64
		{38091137-2C86-4E33-8459-7EB4C8202684}.Debug|x64.Build.0 = Debug|x64
		{38091137-2C86-4E33-8459-7EB4C8202684}.Debug|x86.ActiveCfg = Debug|Win32
		{38091137-2C86-4E33-8459-7EB4C8202684}.Debug|x86.Build.0 = Debug|Win32
		{38091137-2C86-4E33-8459-7EB4C8202684}.Release|x64.ActiveCfg = Release|x64
		{38091137-2C86-4E33-8459-7EB4C8202684}.Release|x64.Build.0 = Release|x64
		{38091137-2C86-4E33-8459-7EB4C8202684}.Release|x86.ActiveCfg = Release|Win32
		{38091137-2C86-4E33-8459-7EB4C8202684}.Release|x86.Build.0 = Release|Win32
		{5330A079-8056-4F04-BF20-E82461FB7244}.Debug|x64.ActiveCfg = Debug|x64
		{5330A079-8056-4F04-BF20-E82461FB7244}.Debug|x64.Build.0 = Debug|x64
		{5330A079-8056-4F04-BF20-E82461FB7244}.Debug|x86.ActiveCfg = Debug|Win32
		{5330A079-8056-4F04-BF20-E82461FB7244}.Debug|x86.Build.0 = Debug|Win32
		{5330A079-8056-4F04-BF20-E82461FB7244}.Release|x64.ActiveCfg = Release|x64
		{5330A079-8056-4F04-BF20-E82461FB7244}.Release|x64.Build.0 = Release|x64
		{5330A079-8056-4F04-BF20-E82461FB7244}.Release|x86.ActiveCfg = Release|Win32
		{5330A079-8056-4F04-BF20-E82461FB7244}.Release|x86.Build.0 = Release|Win32
		{2C3522B6-598A-4CBF-9BBE-8554DCEEB1F7}.Debug|x64.ActiveCfg = Debug|x64
		{2C3522B6-598A-4CBF-9BBE-8554DCEEB1F7}.Debug|x64.Build.0 = Debug|x64
		{2C3522B6-598A-4CBF-9BBE-8554DCEEB1F7}.Debug|x86.ActiveCfg = Debug|Win32
		{2C3522B6-598A-4CBF-9BBE-8554DCEEB1F7}.Debug|x86.Build.0 = Debug|Win32
		{2C3522B6-598A-4CBF-9BBE-8554DCEEB1F7}.Release|x64.ActiveCfg = Release|x64
		{2C3522B6-598A-4CBF-9BBE-8554DCEEB1F7}.Release|x64.Build.0 = Release|x64
		{2C3522B6-598A-4CBF-9BBE-8554DCEEB1F7}.Release|x86.ActiveCfg = Release|Win32
		{2C3522B6-598A-4CBF-9BBE-8554DCEEB1F7}.Release|x86.Build.0 = Release|Win32
		{1B18F22D-E562-4521-A3BD-DF3D7B3814B4}.Debug|x64.ActiveCfg = Debug|x64
		{1B18F22D-E562-4521-A3BD-DF3D7B3814B4}.Debug|x64.Build.0 = Debug|x64
		{1B18F22D-E562-4521-A3BD-DF3D7B3814B4}.Debug|x86.ActiveCfg = Debug|Win32
		{1B18F22D-E562-4521-A3BD-DF3D7B3814B4}.Debug|x86.Build.0 = Debug|Win32
		{1B18F22D-E562-4521-A3BD-DF3D7B3814B4}.Release|x64.ActiveCfg = Release|x64
		{1B18F22D-E562-4521-A3BD-DF3D7B3814B4}.Release|x64.Build.0 = Release|x64
		{1B18F22D-E562-4521-A3BD-DF3D7B3814B4}.Release|x86.ActiveCfg = Release|Win32
		{1B18F22D-E562-4521-A3BD-DF3D7B3814B4}.Release|x86.Build.0 = Release|Win32
		{F230FFD4-C2AD-4C1D-A558-E7D0887FCD02}.Debug|x64.ActiveCfg = Debug|x64
		{F230FFD4-C2AD-4C1D-A558-E7D0887FCD02}.Debug|x64.Build.0 = Debug|x64
		{F230FFD4-C2AD-4C1D-A558-E7D0887FCD02}.Debug|x86.ActiveCfg = Debug|Win32
		{F230FFD4-C2AD-4C1D-A558-E7D0887FCD02}.Debug|x86.Build.0 = Debug|Win32
		{F230FFD4-C2AD-4C1D-A558-E7D0887FCD02}.Release|x64.ActiveCfg = Release|x64
		{F230FFD4-C2AD-4C1D-A558-E7D0887FCD02}.Release|x64.Build.0 = Release|x64
		{F230FFD4-C2AD-4C1D-A558-E7D0887FCD02}.Release|x86.ActiveCfg = Release|Win32
		{F230FFD4-C2AD-4C1D-A558-E7D0887FCD02}.Release|x86.Build.0 = Release|Win32
		{82EEB63A-3BC2-4063-9A8D-40B1E051BEEA}.Debug|x64.ActiveCfg = Debug|x64
		{82EEB63A-3BC2-4063-9A8D-40B1E051BEEA}.Debug|x64.Build.0 = Debug|x64
		{82EEB63A-3BC2-4063-9A8D-40B1E051BEEA}.Debug|x86.ActiveCfg = Debug|Win32
		{82EEB63A-3BC2-4063-9A8D-40B1E051BEEA}.Debug|x86.Build.0 = Debug|Win32
		{82EEB63A-3BC2-4063-9A8D-40B1E051BEEA}.Release|x64.ActiveCfg = Release|x64
		{82EEB63A-3BC2-4063-9A8D-40B1E051BEEA}.Release|x64.Build.0 = Release|x64
		{82EEB63A-3BC2-4063-9A8D-40B1E051BEEA}.Release|x86.ActiveCfg = Release|Win32
		{82EEB63A-3BC2-4063-9A8D-40B1E051BEEA}.Release|x86.Build.0 = Release|Win32
		{86E7944D-60A1-4D4B-8AFE-AED6F63EEB79}.Debug|x64.ActiveCfg = Debug|x64
		{86E7944D-60A1-4D4B-8AFE-AED6F63EEB79}.Debug|x64.Build.0 = Debug|x64
		{86E7944D-60A1-4D4B-8AFE-AED6F63EEB79}.Debug|x86.ActiveCfg = Debug|Win32
		{86E7944D-60A1-4D4B-8AFE-AED6F63EEB79}.Debug|x86.Build.0 = Debug|Win32
		{86E7944D-60A1-4D4B-8AFE-AED6F63EEB79}.Release|x64.ActiveCfg = Release|x64
		{86E7944D-60A1-4D4B-8AFE-AED6F63EEB79}.Release|x64.Build.0 = Release|x64
		{86E7944D-60A1-4D4B-8AFE-AED6F63EEB79}.Release|x86.ActiveCfg = Release|Win32
		{86E7944D-60A1-4D4B-8AFE-AED6F63EEB79}.Release|x86.Build.0 = Release|Win32
		{014F5D1B-71A9-46F2-A3B1-A32C01A3BD78}.Debug|x64.ActiveCfg = Debug|x64
		{014F5D1B-71A9-46F2-A3B1-A32C01A3BD78}.Debug|x64.Build.0 = Debug|x64
		{014F5D1B-71A9-46F2-A3B1-A32C01A3BD78}.Debug|x86.ActiveCfg = Debug|Win32
		{014F5D1B-71A9-46F2-A3B1-A32C01A3BD78}.Debug|x86.Build.0 = Debug|Win32
		{014F5D1B-71A9-46F2-A3B1-A32C01A3BD78}.Release|x64.ActiveCfg = Release|x64
		{014F5D1B-71A9-46F2-A3B1-A32C01A3BD78}.Release|x64.Build.0 = Release|x64
		{014F5D1B-71A9-46F2-A3B1-A32C01A3BD78}.Release|x86.ActiveCfg = Release|Win32
		{014F5D1B-71A9-46F2-A3B1-A32C01A3BD78}.Release|x86.Build.0 = Release|Win32
		{74D6B89E-0CE2-4FDB-B67F-F82619774EA2}.Debug|x64.ActiveCfg = Debug|x64
		{74D6B89E-0CE2-4FDB-B67F-F82619774EA2}.Debug|x64.Build.0 = Debug|x64
		{74D6B89E-0CE2-4FDB-B67F-F82619774EA2}.Debug|x86.ActiveCfg = Debug|Win32
		{74D6B89E-0CE2-4FDB-B67F-F82619774EA2}.Debug|x86.Build.0 = Debug|Win32
		{74D6B89E-0CE2-4FDB-B67F-F82619774EA2}.Release|x64.ActiveCfg = Release|x64
		{74D6B89E-0CE2-4FDB-B67F-F82619774EA2}.Release|x64.Build.0 = Release|x64
		{74D6B89E-0CE2-4FDB-B67F-F82619774EA2}.Release|x86.ActiveCfg = Release|Win32
		{74D6B89E-0CE2-4FDB-B67F-F82619774EA2}.Release|x86.Build.0 = Release|Win32
		{B5AC81C3-13F2-4ED3-81A3-CBC41F7A824C}.Debug|x64.ActiveCfg = Debug|x64
		{B5AC81C3-13F2-4ED3-81A3-CBC41F7A824C}.Debug|x64.Build.0 = Debug|x64
		{B5AC81C3-13F2-4ED3-81A3-CBC41F7A824C}.Debug|x86.ActiveCfg = Debug|Win32
		{B5AC81C3-13F2-4ED3-81A3-CBC41F7A824C}.Debug|x86.Build.0 = Debug|Win32
		{B5AC81C3-13F2-4ED3-81A3-CBC41F7A824C}.Release|x64.ActiveCfg = Release|x64
		{B5AC81C3-13F2-4ED3-81A3-CBC41F7A824C}.Release|x64.Build.0 = Release|x64
		{B5AC81C3-13F2-4ED3-81A3-CBC41F7A824C}.Release|x86.ActiveCfg = Release|Win32
		{B5AC81C3-13F2-4ED3-81A3-CBC41F7A824C}.Release|x86.Build.0 = Release|Win32
		{8180E09E-2EFC-40F1-A875-D8B3F8B8AC14}.Debug|x64.ActiveCfg = Debug|x64
		{8180E09E-2EFC-40F1-A875-D8B3F8B8AC14}.Debug|x64.Build.0 = Debug|x64
		{8180E09E-2EFC-40F1-A875-D8B3F8B8AC14}.Debug|x86.ActiveCfg = Debug|Win32
		{8180E09E-2EFC-40F1-A875-D8B3F8B8AC14}.Debug|x86.Build.0 = Debug|Win32
		{8180E09E-2EFC-40F1-A875-D8B3F8B8AC14}.Release|x64.ActiveCfg = Release|x64
		{8180E09E-2EFC-40F1-A875-D8B3F8B8AC14}.Release|x64.Build.0 = Release|x64
		{8180E09E-2EFC-40F1-A875-D8B3F8B8AC14}.Release|x86.ActiveCfg = Release|Win32
		{8180E09E-2EFC-40F1-A875-D8B3F8B8AC14}.Release|x86.Build.0 = Release|Win32
		{06EF8150-B556-42A5-9008-1A74DED45888}.Debug|x64.ActiveCfg = Debug|x64
		{06EF8150-B556-42A5-9008-1A74DED45888}.Debug|x64.Build.0 = Debug|x64
		{06EF8150-B556-42A5-9008-1A74DED45888}.Debug|x86.ActiveCfg = Debug|Win32
		{06EF8150-B556-42A5-9008-1A74DED45888}.Debug|x86.Build.0 = Debug|Win32
		{06EF8150-B556-42A5-9008-1A74DED45888}.Release|x64.ActiveCfg = Release|x64
		{06EF8150-B556-42A5-9008-1A74DED45888}.Release|x64.Build.0 = Release|x64
		{06EF8150-B556-42A5-9008-1A74DED45888}.Release|x86.ActiveCfg = Release|Win32
		{06EF8150-B556-42A5-9008-1A74DED45888}.Release|x86.Build.0 = Release|Win32
		{57EEBFFB-9205-4B3A-9B7B-E4CB107040B1}.Debug|x64.ActiveCfg = Debug|x64
		{57EEBFFB-9205-4B3A-9B7B-E4CB107040B1}.Debug|x64.Build.0 = Debug|x64
		{57EEBFFB-9205-4B3A-9B7B-E4CB107040B1}.Debug|x86.ActiveCfg = Debug|Win32
		{57EEBFFB-9205-4B3A-9B7B-E4CB107040B1}.Debug|x86.Build.0 = Debug|Win32
		{57EEBFFB-9205-4B3A-9B7B-E4CB107040B1}.Release|x64.ActiveCfg = Release|x64
		{57EEBFFB-9205-4B3A-9B7B-E4CB107040B1}.Release|x64.Build.0 = Release|x64
		{57EEBFFB-9205-4B3A-9B7B-E4CB107040B1}.Release|x86.ActiveCfg = Release|Win32
		{57EEBFFB-9205-4B3A-9B7B-E4CB107040B1}.Release|x86.Build.0 = Release|Win32
		{3840A416-CA70-4109-A9F2-B711E6B38D39}.Debug|x64.ActiveCfg = Debug|x64
		{3840A416-CA70-4109-A9F2-B711E6B38D39}.Debug|x64.Build.0 = Debug|x64
		{3840A416-CA70-4109-A9F2-B711E6B38D39}.Debug|x86.ActiveCfg = Debug|Win32
		{3840A416-CA70-4109-A9F2-B711E6B38D39}.Debug|x86.Build.0 = Debug|Win32
		{3840A416-CA70-4109-A9F2-B711E6B38D39}.Release|x64.ActiveCfg = Release|x64
		{3840A416-CA70-4109-A9F2-B711E6B38D39}.Release|x64.Build.0 = Release|x64
		{3840A416-CA70-4109-A9F2-B711E6B38D39}.Release|x86.ActiveCfg = Release|Win32
		{3840A416-CA70-4109-A9F2-B711E6B38D39}.Release|x86.Build.0 = Release|Win32
		{3003DAAA-0016-4F0A-92CD-A3BD46E4BBFA}.Debug|x64.ActiveCfg = Debug|x64
		{3003DAAA-0016-4F0A-92CD-A3BD46E4BBFA}.Debug|x64.Build.0 = Debug|x64
		{3003DAAA-0016-4F0A-92CD-A3BD46E4BBFA}.Debug|x86.ActiveCfg = Debug|Win32
		{3003DAAA-0016-4F0A-92CD-A3BD46E4BBFA}.Debug|x86.Build.0 = Debug|Win32
		{3003DAAA-0016-4F0A-92CD-A3BD46E4BBFA}.Release|x64.ActiveCfg = Release|x64
		{3003DAAA-0016-4F0A-92CD-A3BD46E4BBFA}.Release|x64.Build.0 = Release|x64
		{3003DAAA-0016-4F0A-92CD-A3BD46E4BBFA}.Release|x86.ActiveCfg = Release|Win32
		{3003DAAA-0016-4F0A-92CD-A3BD46E4BBFA}.Release|x86.Build.0 = Release|Win32
		{23F40317-1F21-4AD7-BCA0-BA2C5863F712}.Debug|x64.ActiveCfg = Debug|x64
		{23F40317-1F21-4AD7-BCA0-BA2C5863F712}.Debug|x64.Build.0 = Debug|x64
		{23F40317-1F21-4AD7-BCA0-BA2C5863F712}.Debug|x86.ActiveCfg = Debug|Win32
		{23F40317-1F21-4AD7-BCA0-BA2C5863F712}.Debug|x86.Build.0 = Debug|Win32
		{23F40317-1F21-4AD7-BCA0-BA2C5863F712}.Release|x64.ActiveCfg = Release|x64
		{23F40317-1F21-4AD7-BCA0-BA2C5863F712}.Release|x64.Build.0 = Release|x64
		{23F40317-1F21-4AD7-BCA0-BA2C5863F712}.Release|x86.ActiveCfg = Release|Win32
		{23F40317-1F21-4AD7-BCA0-BA2C5863F712}.Release|x86.Build.0 = Release|Win32
		{90B11F99-F70E-4726-B952-C288120F5C86}.Debug|x64.ActiveCfg = Debug|x64
		{90B11F99-F70E-4726-B952-C288120F5C86}.Debug|x64.Build.0 = Debug|x64
		{90B11F99-F70E-4726-B952-C288120F5C86}.Debug|x86.ActiveCfg = Debug|Win32
		{90B11F99-F70E-4726-B952-C288120F5C86}.Debug|x86.Build.0 = Debug|Win32
		{90B11F99-F70E-4726-B952-C288120F5C86}.Release|x64.ActiveCfg = Release|x64
		{90B11F99-F70E-4726-B952-C288120F5C86}.Release|x64.Build.0 = Release|x64
		{90B11F99-F70E-4726-B952-C288120F5C86}.Release|x86.ActiveCfg = Release|Win32
		{90B11F99-F70E-4726-B952-C288120F5C86}.Release|x86.Build.0 = Release|Win32
		{1D4FCF64-182F-491B-9806-3C07F197316C}.Debug|x64.ActiveCfg = Debug|x64
		{1D4FCF64-182F-491B-9806-3C07F197316C}.Debug|x64.Build.0 = Debug|x64
		{1D4FCF64-182F-491B-9806-3C07F197316C}.Debug|x86.ActiveCfg = Debug|Win32
		{1D4FCF64-182F-491B-9806-3C07F197316C}.Debug|x86.Build.0 = Debug|Win32
		{1D4FCF64-182F-491B-9806-3C07F197316C}.Release|x64.ActiveCfg = Release|x64
		{1D4FCF64-182F-491B-9806-3C07F197316C}.Release|x64.Build.0 = Release|x64
		{1D4FCF64-182F-491B-9806-3C07F197316C}.Release|x86.ActiveCfg = Release|Win32
		{1D4FCF64-182F-491B-9806-3C07F197316C}.Release|x86.Build.0 = Release|Win32
	EndGlobalSection
	GlobalSection(SolutionProperties) = preSolution
		HideSolutionNode = FALSE
	EndGlobalSection
	GlobalSection(ExtensibilityGlobals) = postSolution
		SolutionGuid = {A4E194B1-FB52-4A04-8917-1369ED63C1F4}
	EndGlobalSection
EndGlobal
