
Microsoft Visual Studio Solution File, Format Version 12.00
# Visual Studio Version 16
VisualStudioVersion = 16.0.30320.27
MinimumVisualStudioVersion = 10.0.40219.1
Project("{8BC9CEB8-8B4A-11D0-8D11-00A0C91BC942}") = "chap0101", "chap0101\chap0101.vcxproj", "{141A6089-DBF1-4ED8-A13A-8CE2E5D18BC5}"
EndProject
Project("{8BC9CEB8-8B4A-11D0-8D11-00A0C91BC942}") = "chap0102", "chap0102\chap0102.vcxproj", "{1AA20B46-EE0C-48DD-9337-923E8E833904}"
EndProject
Project("{8BC9CEB8-8B4A-11D0-8D11-00A0C91BC942}") = "chap0201", "chap0201\chap0201.vcxproj", "{A2A9E254-523F-4C25-BABF-574AAB227CD7}"
EndProject
Project("{8BC9CEB8-8B4A-11D0-8D11-00A0C91BC942}") = "chap0202", "chap0202\chap0202.vcxproj", "{C0587128-E49D-4BEE-9011-AFB24BE55D6F}"
EndProject
Project("{8BC9CEB8-8B4A-11D0-8D11-00A0C91BC942}") = "chap0203", "chap0203\chap0203.vcxproj", "{BC0D444E-56FE-46AC-A832-634733272EDE}"
EndProject
Project("{8BC9CEB8-8B4A-11D0-8D11-00A0C91BC942}") = "chap0204", "chap0204\chap0204.vcxproj", "{8D9777BC-8F5A-446D-8CBF-A1F31484CB0A}"
EndProject
Global
	GlobalSection(SolutionConfigurationPlatforms) = preSolution
		Debug|x64 = Debug|x64
		Debug|x86 = Debug|x86
		Release|x64 = Release|x64
		Release|x86 = Release|x86
	EndGlobalSection
	GlobalSection(ProjectConfigurationPlatforms) = postSolution
		{141A6089-DBF1-4ED8-A13A-8CE2E5D18BC5}.Debug|x64.ActiveCfg = Debug|x64
		{141A6089-DBF1-4ED8-A13A-8CE2E5D18BC5}.Debug|x64.Build.0 = Debug|x64
		{141A6089-DBF1-4ED8-A13A-8CE2E5D18BC5}.Debug|x86.ActiveCfg = Debug|Win32
		{141A6089-DBF1-4ED8-A13A-8CE2E5D18BC5}.Debug|x86.Build.0 = Debug|Win32
		{141A6089-DBF1-4ED8-A13A-8CE2E5D18BC5}.Release|x64.ActiveCfg = Release|x64
		{141A6089-DBF1-4ED8-A13A-8CE2E5D18BC5}.Release|x64.Build.0 = Release|x64
		{141A6089-DBF1-4ED8-A13A-8CE2E5D18BC5}.Release|x86.ActiveCfg = Release|Win32
		{141A6089-DBF1-4ED8-A13A-8CE2E5D18BC5}.Release|x86.Build.0 = Release|Win32
		{1AA20B46-EE0C-48DD-9337-923E8E833904}.Debug|x64.ActiveCfg = Debug|x64
		{1AA20B46-EE0C-48DD-9337-923E8E833904}.Debug|x64.Build.0 = Debug|x64
		{1AA20B46-EE0C-48DD-9337-923E8E833904}.Debug|x86.ActiveCfg = Debug|Win32
		{1AA20B46-EE0C-48DD-9337-923E8E833904}.Debug|x86.Build.0 = Debug|Win32
		{1AA20B46-EE0C-48DD-9337-923E8E833904}.Release|x64.ActiveCfg = Release|x64
		{1AA20B46-EE0C-48DD-9337-923E8E833904}.Release|x64.Build.0 = Release|x64
		{1AA20B46-EE0C-48DD-9337-923E8E833904}.Release|x86.ActiveCfg = Release|Win32
		{1AA20B46-EE0C-48DD-9337-923E8E833904}.Release|x86.Build.0 = Release|Win32
		{A2A9E254-523F-4C25-BABF-574AAB227CD7}.Debug|x64.ActiveCfg = Debug|x64
		{A2A9E254-523F-4C25-BABF-574AAB227CD7}.Debug|x64.Build.0 = Debug|x64
		{A2A9E254-523F-4C25-BABF-574AAB227CD7}.Debug|x86.ActiveCfg = Debug|Win32
		{A2A9E254-523F-4C25-BABF-574AAB227CD7}.Debug|x86.Build.0 = Debug|Win32
		{A2A9E254-523F-4C25-BABF-574AAB227CD7}.Release|x64.ActiveCfg = Release|x64
		{A2A9E254-523F-4C25-BABF-574AAB227CD7}.Release|x64.Build.0 = Release|x64
		{A2A9E254-523F-4C25-BABF-574AAB227CD7}.Release|x86.ActiveCfg = Release|Win32
		{A2A9E254-523F-4C25-BABF-574AAB227CD7}.Release|x86.Build.0 = Release|Win32
		{C0587128-E49D-4BEE-9011-AFB24BE55D6F}.Debug|x64.ActiveCfg = Debug|x64
		{C0587128-E49D-4BEE-9011-AFB24BE55D6F}.Debug|x64.Build.0 = Debug|x64
		{C0587128-E49D-4BEE-9011-AFB24BE55D6F}.Debug|x86.ActiveCfg = Debug|Win32
		{C0587128-E49D-4BEE-9011-AFB24BE55D6F}.Debug|x86.Build.0 = Debug|Win32
		{C0587128-E49D-4BEE-9011-AFB24BE55D6F}.Release|x64.ActiveCfg = Release|x64
		{C0587128-E49D-4BEE-9011-AFB24BE55D6F}.Release|x64.Build.0 = Release|x64
		{C0587128-E49D-4BEE-9011-AFB24BE55D6F}.Release|x86.ActiveCfg = Release|Win32
		{C0587128-E49D-4BEE-9011-AFB24BE55D6F}.Release|x86.Build.0 = Release|Win32
		{BC0D444E-56FE-46AC-A832-634733272EDE}.Debug|x64.ActiveCfg = Debug|x64
		{BC0D444E-56FE-46AC-A832-634733272EDE}.Debug|x64.Build.0 = Debug|x64
		{BC0D444E-56FE-46AC-A832-634733272EDE}.Debug|x86.ActiveCfg = Debug|Win32
		{BC0D444E-56FE-46AC-A832-634733272EDE}.Debug|x86.Build.0 = Debug|Win32
		{BC0D444E-56FE-46AC-A832-634733272EDE}.Release|x64.ActiveCfg = Release|x64
		{BC0D444E-56FE-46AC-A832-634733272EDE}.Release|x64.Build.0 = Release|x64
		{BC0D444E-56FE-46AC-A832-634733272EDE}.Release|x86.ActiveCfg = Release|Win32
		{BC0D444E-56FE-46AC-A832-634733272EDE}.Release|x86.Build.0 = Release|Win32
		{8D9777BC-8F5A-446D-8CBF-A1F31484CB0A}.Debug|x64.ActiveCfg = Debug|x64
		{8D9777BC-8F5A-446D-8CBF-A1F31484CB0A}.Debug|x64.Build.0 = Debug|x64
		{8D9777BC-8F5A-446D-8CBF-A1F31484CB0A}.Debug|x86.ActiveCfg = Debug|Win32
		{8D9777BC-8F5A-446D-8CBF-A1F31484CB0A}.Debug|x86.Build.0 = Debug|Win32
		{8D9777BC-8F5A-446D-8CBF-A1F31484CB0A}.Release|x64.ActiveCfg = Release|x64
		{8D9777BC-8F5A-446D-8CBF-A1F31484CB0A}.Release|x64.Build.0 = Release|x64
		{8D9777BC-8F5A-446D-8CBF-A1F31484CB0A}.Release|x86.ActiveCfg = Release|Win32
		{8D9777BC-8F5A-446D-8CBF-A1F31484CB0A}.Release|x86.Build.0 = Release|Win32
	EndGlobalSection
	GlobalSection(SolutionProperties) = preSolution
		HideSolutionNode = FALSE
	EndGlobalSection
	GlobalSection(ExtensibilityGlobals) = postSolution
		SolutionGuid = {A4E194B1-FB52-4A04-8917-1369ED63C1F4}
	EndGlobalSection
EndGlobal
