
Microsoft Visual Studio Solution File, Format Version 12.00
# Visual Studio Version 16
VisualStudioVersion = 16.0.30225.117
MinimumVisualStudioVersion = 10.0.40219.1
Project("{8BC9CEB8-8B4A-11D0-8D11-00A0C91BC942}") = "unit2202", "unit2201\unit2201.vcxproj", "{FE7BAA76-7C2B-47A8-B0A0-E1F5DA3D982C}"
EndProject
Project("{8BC9CEB8-8B4A-11D0-8D11-00A0C91BC942}") = "unit2009", "unit2009\unit2009.vcxproj", "{A0AE413F-22FA-40AC-B0C1-2CB01F5A607D}"
EndProject
Project("{8BC9CEB8-8B4A-11D0-8D11-00A0C91BC942}") = "unit4501", "unit39\unit39.vcxproj", "{7A0EAF60-1463-4926-8AE0-40929151C07A}"
EndProject
Project("{8BC9CEB8-8B4A-11D0-8D11-00A0C91BC942}") = "unit4407", "unit44문자열검색하기\unit44문자열검색하기.vcxproj", "{5167CDFB-E1FD-4745-B145-0FC958D297C3}"
EndProject
Project("{8BC9CEB8-8B4A-11D0-8D11-00A0C91BC942}") = "unit2109", "unit2109\unit2109.vcxproj", "{21F6B794-D0DE-42FE-A269-DB685483D46F}"
EndProject
Project("{8BC9CEB8-8B4A-11D0-8D11-00A0C91BC942}") = "unit2108", "unit2108\unit2108.vcxproj", "{C10F9CD2-F5C0-4F12-A3F5-E8B11860C293}"
EndProject
Project("{8BC9CEB8-8B4A-11D0-8D11-00A0C91BC942}") = "unit1905", "unit1904\unit1904.vcxproj", "{29E922C3-ABB4-4013-ACB0-33367F106255}"
EndProject
Project("{8BC9CEB8-8B4A-11D0-8D11-00A0C91BC942}") = "unit1505", "unit1505\unit1505.vcxproj", "{EDB7CDCF-0E36-47A1-B125-8B2EBF3819B7}"
EndProject
Project("{8BC9CEB8-8B4A-11D0-8D11-00A0C91BC942}") = "unit1301", "unit1301\unit1301.vcxproj", "{D2E39068-61A2-4DF8-B5CB-416DDE0EA638}"
EndProject
Project("{8BC9CEB8-8B4A-11D0-8D11-00A0C91BC942}") = "unit1307", "unit1307\unit1307.vcxproj", "{3185BB76-D18A-439E-BA7E-04B127EE2F23}"
EndProject
Project("{8BC9CEB8-8B4A-11D0-8D11-00A0C91BC942}") = "unit1103", "unit1103\unit1103.vcxproj", "{4E2811BE-355E-417E-AE77-9B3424DFAB62}"
EndProject
Project("{8BC9CEB8-8B4A-11D0-8D11-00A0C91BC942}") = "unit1107", "unit1107\unit1107.vcxproj", "{298E1DCD-CD47-4026-8C8A-2C3E0D7F9907}"
EndProject
Project("{8BC9CEB8-8B4A-11D0-8D11-00A0C91BC942}") = "unit1007", "unit1007\unit1007.vcxproj", "{2B2BD5EF-5577-4C40-94A9-E5E547D1CD19}"
EndProject
Project("{8BC9CEB8-8B4A-11D0-8D11-00A0C91BC942}") = "unit1008", "unit1008\unit1008.vcxproj", "{C067305E-C4FC-44AE-BAA1-8F489199E2F1}"
EndProject
Project("{8BC9CEB8-8B4A-11D0-8D11-00A0C91BC942}") = "unit1009", "unit1009\unit1009.vcxproj", "{A8058114-E27E-4218-B960-3961FFD2CB80}"
EndProject
Project("{8BC9CEB8-8B4A-11D0-8D11-00A0C91BC942}") = "unit0907", "unit0907\unit0907.vcxproj", "{FC717360-E073-4CCB-B5B0-CCC53736913D}"
EndProject
Project("{8BC9CEB8-8B4A-11D0-8D11-00A0C91BC942}") = "unit0908", "unit0908\unit0908.vcxproj", "{50293D4E-878F-401D-96DC-121C311B2A6B}"
EndProject
Project("{8BC9CEB8-8B4A-11D0-8D11-00A0C91BC942}") = "unit0812", "unit0811\unit0811.vcxproj", "{6DA8C8F8-8C45-4A46-9AB4-5150ACBE2532}"
EndProject
Project("{8BC9CEB8-8B4A-11D0-8D11-00A0C91BC942}") = "unit0802", "unit0802\unit0802.vcxproj", "{99285FE3-B7B5-4234-8287-344ADF0483AC}"
EndProject
Project("{8BC9CEB8-8B4A-11D0-8D11-00A0C91BC942}") = "unit3609", "unit3909\unit3909.vcxproj", "{3FF91231-9B80-447E-8576-027522DFEB40}"
EndProject
Project("{8BC9CEB8-8B4A-11D0-8D11-00A0C91BC942}") = "unit2302", "unit2302\unit2302.vcxproj", "{145C3B20-7625-4F2F-A90A-53DE832E8B8B}"
EndProject
Project("{8BC9CEB8-8B4A-11D0-8D11-00A0C91BC942}") = "unit2405", "unit2308\unit2308.vcxproj", "{9B917322-287D-4983-A276-038D5A5E0A5C}"
EndProject
Project("{8BC9CEB8-8B4A-11D0-8D11-00A0C91BC942}") = "unit2309", "unit2309\unit2309.vcxproj", "{9679FF4E-9B01-4F10-8D3D-EE759343CF1B}"
EndProject
Project("{8BC9CEB8-8B4A-11D0-8D11-00A0C91BC942}") = "unit2308", "unit2404\unit2404.vcxproj", "{9DA834B8-1595-427E-A843-2475D251DCBF}"
EndProject
Project("{8BC9CEB8-8B4A-11D0-8D11-00A0C91BC942}") = "unit2406", "unit2406\unit2406.vcxproj", "{112D86BE-0762-4C69-A107-FBF59EFF6691}"
EndProject
Project("{8BC9CEB8-8B4A-11D0-8D11-00A0C91BC942}") = "unit2407", "unit2407\unit2407.vcxproj", "{87FED384-1236-45F9-BBCB-425D49BB2B26}"
EndProject
Project("{8BC9CEB8-8B4A-11D0-8D11-00A0C91BC942}") = "unit2506", "unit2506\unit2506.vcxproj", "{2F2BBFE6-71F5-4A45-A0D7-ECE89E4E4C43}"
EndProject
Project("{8BC9CEB8-8B4A-11D0-8D11-00A0C91BC942}") = "unit2507", "unit2507\unit2507.vcxproj", "{F9FDC3FB-821D-454C-9C9C-C44A0E28A21F}"
EndProject
Project("{8BC9CEB8-8B4A-11D0-8D11-00A0C91BC942}") = "unit2604", "unit2604\unit2604.vcxproj", "{4A915FA8-372C-407E-97F3-733A38CBC0EE}"
EndProject
Project("{8BC9CEB8-8B4A-11D0-8D11-00A0C91BC942}") = "unit2608", "unit2608\unit2608.vcxproj", "{0D9FBDE6-DD9A-4F14-B5B3-7F4BF5977A96}"
EndProject
Project("{8BC9CEB8-8B4A-11D0-8D11-00A0C91BC942}") = "unit2707", "unit2707\unit2707.vcxproj", "{01A29425-5E82-4390-BB8F-CBCD3C74DA1D}"
EndProject
Project("{8BC9CEB8-8B4A-11D0-8D11-00A0C91BC942}") = "unit2711", "unit2711\unit2711.vcxproj", "{BBE7EB29-BEC8-4E4E-A106-BAA28AF02F76}"
EndProject
Project("{8BC9CEB8-8B4A-11D0-8D11-00A0C91BC942}") = "unit2712", "unit2712\unit2712.vcxproj", "{09569A50-73DF-45BC-A249-054A015091D2}"
EndProject
Project("{8BC9CEB8-8B4A-11D0-8D11-00A0C91BC942}") = "unit2806", "unit2806\unit2806.vcxproj", "{95419EE2-07BF-43BD-8E7B-95436B79ECC8}"
EndProject
Project("{8BC9CEB8-8B4A-11D0-8D11-00A0C91BC942}") = "unit2811", "unit2811\unit2811.vcxproj", "{6B68C470-EB74-47AE-BFEA-EFC1E7001ADB}"
EndProject
Project("{8BC9CEB8-8B4A-11D0-8D11-00A0C91BC942}") = "unit2910", "unit2910\unit2910.vcxproj", "{7118D2DF-E33F-4A86-A996-7BA2E9BEA2E1}"
EndProject
Project("{8BC9CEB8-8B4A-11D0-8D11-00A0C91BC942}") = "unit3007", "unit3007\unit3007.vcxproj", "{E12D3733-6E7F-4098-B03C-A24FAE6A3669}"
EndProject
Project("{8BC9CEB8-8B4A-11D0-8D11-00A0C91BC942}") = "unit3106", "unit3106\unit3106.vcxproj", "{422E6E12-213A-463B-89D7-25E50085E670}"
EndProject
Project("{8BC9CEB8-8B4A-11D0-8D11-00A0C91BC942}") = "unit3107", "unit3107\unit3107.vcxproj", "{CCDB1442-3A57-4525-860F-1068AD10FDE2}"
EndProject
Project("{8BC9CEB8-8B4A-11D0-8D11-00A0C91BC942}") = "unit3308", "unit3308\unit3308.vcxproj", "{8C3DBF54-A8F0-450D-A3DA-D1709CE79D6F}"
EndProject
Project("{8BC9CEB8-8B4A-11D0-8D11-00A0C91BC942}") = "unit3403", "unit3403\unit3403.vcxproj", "{2AB92E6E-0ED1-482D-88CB-A15DC33E6D47}"
EndProject
Project("{8BC9CEB8-8B4A-11D0-8D11-00A0C91BC942}") = "unit3503", "unit3503\unit3503.vcxproj", "{F5B6DB2A-8AD8-4115-9355-6012B787FBAB}"
EndProject
Project("{8BC9CEB8-8B4A-11D0-8D11-00A0C91BC942}") = "unit3800", "unit3800\unit3800.vcxproj", "{C6E2C4AD-4830-4221-9889-B750ED999CFF}"
EndProject
Project("{8BC9CEB8-8B4A-11D0-8D11-00A0C91BC942}") = "unit3808", "unit3808\unit3808.vcxproj", "{0565133F-20C9-4363-B9AA-80A60ADD9B41}"
EndProject
Project("{8BC9CEB8-8B4A-11D0-8D11-00A0C91BC942}") = "unit3809", "unit3809\unit3809.vcxproj", "{B334382B-C063-408B-84CC-DE980696B838}"
EndProject
Project("{8BC9CEB8-8B4A-11D0-8D11-00A0C91BC942}") = "unit3902", "unit3902\unit3902.vcxproj", "{88872DF6-412D-4A7D-B2F2-32D4D2A1F0A5}"
EndProject
Project("{8BC9CEB8-8B4A-11D0-8D11-00A0C91BC942}") = "unit3810", "unit3810\unit3810.vcxproj", "{C091E85E-B4AC-4927-A2FE-17091036C3C4}"
EndProject
Project("{8BC9CEB8-8B4A-11D0-8D11-00A0C91BC942}") = "unit3108", "unit3109\unit3109.vcxproj", "{E0C9B511-B392-48E9-914A-51DE3A49B0B1}"
EndProject
Project("{8BC9CEB8-8B4A-11D0-8D11-00A0C91BC942}") = "unit3811", "unit3812\unit3812.vcxproj", "{2F589FE1-4A1F-4F16-9A31-DA6747A2A76B}"
EndProject
Project("{8BC9CEB8-8B4A-11D0-8D11-00A0C91BC942}") = "unit4002", "unit4002\unit4002.vcxproj", "{948C5DFE-7719-44DD-A71F-50892BCC9EB0}"
EndProject
Project("{8BC9CEB8-8B4A-11D0-8D11-00A0C91BC942}") = "unit3501", "unit3501\unit3501.vcxproj", "{85B46831-F838-434C-8D6A-C61C3C05ED1B}"
EndProject
Project("{8BC9CEB8-8B4A-11D0-8D11-00A0C91BC942}") = "unit4102", "unit4102\unit4102.vcxproj", "{78DA46B4-74F9-4C43-93CE-AECA13ED0995}"
EndProject
Project("{8BC9CEB8-8B4A-11D0-8D11-00A0C91BC942}") = "unit4201", "unit4201\unit4201.vcxproj", "{91E32AD1-7D6A-4741-A35E-940737D3AFB5}"
EndProject
Project("{8BC9CEB8-8B4A-11D0-8D11-00A0C91BC942}") = "unit4403", "unit4403\unit4403.vcxproj", "{8177DD9C-F173-406E-8E9C-26877B448196}"
EndProject
Project("{8BC9CEB8-8B4A-11D0-8D11-00A0C91BC942}") = "unit4507", "unit4507\unit4507.vcxproj", "{8DEC1A50-D79C-434E-B983-8A20A4B7C6DF}"
EndProject
Project("{8BC9CEB8-8B4A-11D0-8D11-00A0C91BC942}") = "unit4508", "unit4508\unit4508.vcxproj", "{E320521F-5B5B-48EE-99C2-40330266FECD}"
EndProject
Project("{8BC9CEB8-8B4A-11D0-8D11-00A0C91BC942}") = "unit4613", "unit4613\unit4613.vcxproj", "{EF3214D2-F28C-437F-AD72-725743DB6D61}"
EndProject
Project("{8BC9CEB8-8B4A-11D0-8D11-00A0C91BC942}") = "unit4705", "unit4705\unit4705.vcxproj", "{5DD76BC9-7AA4-4A29-A3F1-4CB693E0256D}"
EndProject
Project("{8BC9CEB8-8B4A-11D0-8D11-00A0C91BC942}") = "unit4706", "unit4706\unit4706.vcxproj", "{3DC045E1-30E6-4503-B2BA-D92CFE911C07}"
EndProject
Project("{8BC9CEB8-8B4A-11D0-8D11-00A0C91BC942}") = "unit4612", "unit4612\unit4612.vcxproj", "{A587B6AD-2374-48E6-ACB3-39766615D4DE}"
EndProject
Project("{8BC9CEB8-8B4A-11D0-8D11-00A0C91BC942}") = "unit4908", "unit4908\unit4908.vcxproj", "{F618EBED-38EC-441F-A49F-0C10B0A24529}"
EndProject
Project("{8BC9CEB8-8B4A-11D0-8D11-00A0C91BC942}") = "unit4909", "unit4909\unit4909.vcxproj", "{4BC57BB4-556D-4403-97D7-C572FDC95ACC}"
EndProject
Project("{8BC9CEB8-8B4A-11D0-8D11-00A0C91BC942}") = "unit5003", "unit5003\unit5003.vcxproj", "{0C0E975D-B2F6-44DD-A0C2-FC34947C1482}"
EndProject
Project("{8BC9CEB8-8B4A-11D0-8D11-00A0C91BC942}") = "unit5001", "unit5001\unit5001.vcxproj", "{6D787A8F-767A-46F9-924C-E7BC7B466794}"
EndProject
Project("{8BC9CEB8-8B4A-11D0-8D11-00A0C91BC942}") = "unit5106", "unit5106\unit5106.vcxproj", "{A050B324-A5F0-4DDB-9428-6317E80E3AB4}"
EndProject
Project("{8BC9CEB8-8B4A-11D0-8D11-00A0C91BC942}") = "unit5107", "unit5107\unit5107.vcxproj", "{668E31A9-0D87-4339-BDA2-672BD4FB909D}"
EndProject
Project("{8BC9CEB8-8B4A-11D0-8D11-00A0C91BC942}") = "unit5206", "unit5206\unit5206.vcxproj", "{E84C27B5-F004-4A97-B2EF-A33D6C3E46CF}"
EndProject
Project("{8BC9CEB8-8B4A-11D0-8D11-00A0C91BC942}") = "unit5306", "unit5306\unit5306.vcxproj", "{36AB6DA0-0FF7-42DB-932A-54F32CBB2565}"
EndProject
Project("{8BC9CEB8-8B4A-11D0-8D11-00A0C91BC942}") = "unit5307", "unit5307\unit5307.vcxproj", "{051A0FE6-1439-4E92-A478-7FF1C6C1B7D2}"
EndProject
Project("{8BC9CEB8-8B4A-11D0-8D11-00A0C91BC942}") = "unit5402", "unit5402\unit5402.vcxproj", "{D8040A1D-2F8E-402B-BB81-9E22E2461C21}"
EndProject
Project("{8BC9CEB8-8B4A-11D0-8D11-00A0C91BC942}") = "unit5407", "unit5407\unit5407.vcxproj", "{55C10FE4-1620-467C-A224-50C31033C838}"
EndProject
Project("{8BC9CEB8-8B4A-11D0-8D11-00A0C91BC942}") = "unit5408", "unit5408\unit5408.vcxproj", "{6BC3385D-EDF8-46E9-A181-0FACFDC51B5D}"
EndProject
Project("{8BC9CEB8-8B4A-11D0-8D11-00A0C91BC942}") = "unit5508", "unit5508\unit5508.vcxproj", "{59107CCB-5B4A-4234-A46B-A638918C1604}"
EndProject
Project("{8BC9CEB8-8B4A-11D0-8D11-00A0C91BC942}") = "unit5509", "unit5509\unit5509.vcxproj", "{4C1F6D3F-03C7-40C8-A224-28EAEE2ACD5D}"
EndProject
Project("{8BC9CEB8-8B4A-11D0-8D11-00A0C91BC942}") = "unit5510", "unit5510\unit5510.vcxproj", "{8CB22158-4B58-4A90-A79A-C875E4DB1DD7}"
EndProject
Project("{8BC9CEB8-8B4A-11D0-8D11-00A0C91BC942}") = "unit5810", "unit5810\unit5810.vcxproj", "{5F3B9239-15B8-4FC6-95E6-2D56290556E9}"
EndProject
Project("{8BC9CEB8-8B4A-11D0-8D11-00A0C91BC942}") = "unit5811", "unit5811\unit5811.vcxproj", "{8DE77B07-117F-49C3-A888-F76BD8201A29}"
EndProject
Project("{8BC9CEB8-8B4A-11D0-8D11-00A0C91BC942}") = "unit5812", "unit5812\unit5812.vcxproj", "{168C15B3-EDB6-497C-B9C4-52E6352FE4F1}"
EndProject
Project("{8BC9CEB8-8B4A-11D0-8D11-00A0C91BC942}") = "unit5813", "unit5813\unit5813.vcxproj", "{1D808F7C-3C2C-4729-81DA-7269CB23D9C2}"
EndProject
Project("{8BC9CEB8-8B4A-11D0-8D11-00A0C91BC942}") = "unit5909", "unit5909\unit5909.vcxproj", "{A24F92E6-3690-42C5-985D-D0F177B9A649}"
EndProject
Project("{8BC9CEB8-8B4A-11D0-8D11-00A0C91BC942}") = "unit5910", "unit5910\unit5910.vcxproj", "{B77840BA-47DB-4956-ADCF-0FCA9EBFCA9D}"
EndProject
Project("{8BC9CEB8-8B4A-11D0-8D11-00A0C91BC942}") = "unit5911", "unit5911\unit5911.vcxproj", "{EBA04A10-4F10-42EE-8B31-CF616F3930E7}"
EndProject
Project("{8BC9CEB8-8B4A-11D0-8D11-00A0C91BC942}") = "unit6007", "unit6007\unit6007.vcxproj", "{33730797-F5FB-4741-9018-1B0AA3098570}"
EndProject
Project("{8BC9CEB8-8B4A-11D0-8D11-00A0C91BC942}") = "unit6008", "unit6008\unit6008.vcxproj", "{DA30FCB6-822C-4064-AAF0-F2C219FFDF1B}"
EndProject
Project("{8BC9CEB8-8B4A-11D0-8D11-00A0C91BC942}") = "unit6110", "unit6110\unit6110.vcxproj", "{9312C2E6-35CB-46A3-B353-F3A595080379}"
EndProject
Project("{8BC9CEB8-8B4A-11D0-8D11-00A0C91BC942}") = "unit6111", "unit6111\unit6111.vcxproj", "{1CF86D7D-AC21-4735-8DE7-57C6689FBD5B}"
EndProject
Project("{8BC9CEB8-8B4A-11D0-8D11-00A0C91BC942}") = "unit6112", "unit6112\unit6112.vcxproj", "{30622176-8818-4597-9947-6B8F847FD1F5}"
EndProject
Project("{8BC9CEB8-8B4A-11D0-8D11-00A0C91BC942}") = "unit6113", "unit6113\unit6113.vcxproj", "{9BED5334-53D5-4ACD-923C-3919A31DB12B}"
EndProject
Project("{8BC9CEB8-8B4A-11D0-8D11-00A0C91BC942}") = "unit6203", "unit6203\unit6203.vcxproj", "{781779EF-3958-410A-900E-298F237B71B1}"
EndProject
Project("{8BC9CEB8-8B4A-11D0-8D11-00A0C91BC942}") = "unit6208", "unit6208\unit6208.vcxproj", "{8A8FC928-393C-427E-8E2C-D989636D5B26}"
EndProject
Project("{8BC9CEB8-8B4A-11D0-8D11-00A0C91BC942}") = "unit6209", "unit6209\unit6209.vcxproj", "{CA2DDD79-866F-43F2-8DDB-AF03AB1EED68}"
EndProject
Project("{8BC9CEB8-8B4A-11D0-8D11-00A0C91BC942}") = "unit6307", "unit6307\unit6307.vcxproj", "{51B8B95A-7FFA-4C7F-8AAE-7630B98949CB}"
EndProject
Project("{8BC9CEB8-8B4A-11D0-8D11-00A0C91BC942}") = "unit6309", "unit6309\unit6309.vcxproj", "{74A97FCA-0791-4A86-AFCC-95A4DE29E91F}"
EndProject
Project("{8BC9CEB8-8B4A-11D0-8D11-00A0C91BC942}") = "unit6310", "unit6310\unit6310.vcxproj", "{4B3F9B02-F970-46E9-961D-E269B6D12939}"
EndProject
Project("{8BC9CEB8-8B4A-11D0-8D11-00A0C91BC942}") = "unit6311", "unit6311\unit6311.vcxproj", "{26538FC7-153C-4EF6-96E9-7B0A85C2E91E}"
EndProject
Project("{8BC9CEB8-8B4A-11D0-8D11-00A0C91BC942}") = "unit6406", "unit6406\unit6406.vcxproj", "{EAA115A5-A898-4FDA-AD25-A1DF193E47AB}"
EndProject
Project("{8BC9CEB8-8B4A-11D0-8D11-00A0C91BC942}") = "unit6407", "unit6407\unit6407.vcxproj", "{3817CC47-74BA-4585-9668-CE5D505B785E}"
EndProject
Project("{8BC9CEB8-8B4A-11D0-8D11-00A0C91BC942}") = "unit6506", "unit6506\unit6506.vcxproj", "{8CB6BCE7-E506-4A8D-9BFB-8E477DBAD0ED}"
EndProject
Project("{8BC9CEB8-8B4A-11D0-8D11-00A0C91BC942}") = "unit6507", "unit6507\unit6507.vcxproj", "{367180EF-A940-497A-94F5-BB530832BE07}"
EndProject
Global
	GlobalSection(SolutionConfigurationPlatforms) = preSolution
		Debug|x64 = Debug|x64
		Debug|x86 = Debug|x86
		Release|x64 = Release|x64
		Release|x86 = Release|x86
	EndGlobalSection
	GlobalSection(ProjectConfigurationPlatforms) = postSolution
		{FE7BAA76-7C2B-47A8-B0A0-E1F5DA3D982C}.Debug|x64.ActiveCfg = Debug|x64
		{FE7BAA76-7C2B-47A8-B0A0-E1F5DA3D982C}.Debug|x64.Build.0 = Debug|x64
		{FE7BAA76-7C2B-47A8-B0A0-E1F5DA3D982C}.Debug|x86.ActiveCfg = Debug|Win32
		{FE7BAA76-7C2B-47A8-B0A0-E1F5DA3D982C}.Debug|x86.Build.0 = Debug|Win32
		{FE7BAA76-7C2B-47A8-B0A0-E1F5DA3D982C}.Release|x64.ActiveCfg = Release|x64
		{FE7BAA76-7C2B-47A8-B0A0-E1F5DA3D982C}.Release|x64.Build.0 = Release|x64
		{FE7BAA76-7C2B-47A8-B0A0-E1F5DA3D982C}.Release|x86.ActiveCfg = Release|Win32
		{FE7BAA76-7C2B-47A8-B0A0-E1F5DA3D982C}.Release|x86.Build.0 = Release|Win32
		{A0AE413F-22FA-40AC-B0C1-2CB01F5A607D}.Debug|x64.ActiveCfg = Debug|x64
		{A0AE413F-22FA-40AC-B0C1-2CB01F5A607D}.Debug|x64.Build.0 = Debug|x64
		{A0AE413F-22FA-40AC-B0C1-2CB01F5A607D}.Debug|x86.ActiveCfg = Debug|Win32
		{A0AE413F-22FA-40AC-B0C1-2CB01F5A607D}.Debug|x86.Build.0 = Debug|Win32
		{A0AE413F-22FA-40AC-B0C1-2CB01F5A607D}.Release|x64.ActiveCfg = Release|x64
		{A0AE413F-22FA-40AC-B0C1-2CB01F5A607D}.Release|x64.Build.0 = Release|x64
		{A0AE413F-22FA-40AC-B0C1-2CB01F5A607D}.Release|x86.ActiveCfg = Release|Win32
		{A0AE413F-22FA-40AC-B0C1-2CB01F5A607D}.Release|x86.Build.0 = Release|Win32
		{7A0EAF60-1463-4926-8AE0-40929151C07A}.Debug|x64.ActiveCfg = Debug|x64
		{7A0EAF60-1463-4926-8AE0-40929151C07A}.Debug|x64.Build.0 = Debug|x64
		{7A0EAF60-1463-4926-8AE0-40929151C07A}.Debug|x86.ActiveCfg = Debug|Win32
		{7A0EAF60-1463-4926-8AE0-40929151C07A}.Debug|x86.Build.0 = Debug|Win32
		{7A0EAF60-1463-4926-8AE0-40929151C07A}.Release|x64.ActiveCfg = Release|x64
		{7A0EAF60-1463-4926-8AE0-40929151C07A}.Release|x64.Build.0 = Release|x64
		{7A0EAF60-1463-4926-8AE0-40929151C07A}.Release|x86.ActiveCfg = Release|Win32
		{7A0EAF60-1463-4926-8AE0-40929151C07A}.Release|x86.Build.0 = Release|Win32
		{5167CDFB-E1FD-4745-B145-0FC958D297C3}.Debug|x64.ActiveCfg = Debug|x64
		{5167CDFB-E1FD-4745-B145-0FC958D297C3}.Debug|x64.Build.0 = Debug|x64
		{5167CDFB-E1FD-4745-B145-0FC958D297C3}.Debug|x86.ActiveCfg = Debug|Win32
		{5167CDFB-E1FD-4745-B145-0FC958D297C3}.Debug|x86.Build.0 = Debug|Win32
		{5167CDFB-E1FD-4745-B145-0FC958D297C3}.Release|x64.ActiveCfg = Release|x64
		{5167CDFB-E1FD-4745-B145-0FC958D297C3}.Release|x64.Build.0 = Release|x64
		{5167CDFB-E1FD-4745-B145-0FC958D297C3}.Release|x86.ActiveCfg = Release|Win32
		{5167CDFB-E1FD-4745-B145-0FC958D297C3}.Release|x86.Build.0 = Release|Win32
		{21F6B794-D0DE-42FE-A269-DB685483D46F}.Debug|x64.ActiveCfg = Debug|x64
		{21F6B794-D0DE-42FE-A269-DB685483D46F}.Debug|x64.Build.0 = Debug|x64
		{21F6B794-D0DE-42FE-A269-DB685483D46F}.Debug|x86.ActiveCfg = Debug|Win32
		{21F6B794-D0DE-42FE-A269-DB685483D46F}.Debug|x86.Build.0 = Debug|Win32
		{21F6B794-D0DE-42FE-A269-DB685483D46F}.Release|x64.ActiveCfg = Release|x64
		{21F6B794-D0DE-42FE-A269-DB685483D46F}.Release|x64.Build.0 = Release|x64
		{21F6B794-D0DE-42FE-A269-DB685483D46F}.Release|x86.ActiveCfg = Release|Win32
		{21F6B794-D0DE-42FE-A269-DB685483D46F}.Release|x86.Build.0 = Release|Win32
		{C10F9CD2-F5C0-4F12-A3F5-E8B11860C293}.Debug|x64.ActiveCfg = Debug|x64
		{C10F9CD2-F5C0-4F12-A3F5-E8B11860C293}.Debug|x64.Build.0 = Debug|x64
		{C10F9CD2-F5C0-4F12-A3F5-E8B11860C293}.Debug|x86.ActiveCfg = Debug|Win32
		{C10F9CD2-F5C0-4F12-A3F5-E8B11860C293}.Debug|x86.Build.0 = Debug|Win32
		{C10F9CD2-F5C0-4F12-A3F5-E8B11860C293}.Release|x64.ActiveCfg = Release|x64
		{C10F9CD2-F5C0-4F12-A3F5-E8B11860C293}.Release|x64.Build.0 = Release|x64
		{C10F9CD2-F5C0-4F12-A3F5-E8B11860C293}.Release|x86.ActiveCfg = Release|Win32
		{C10F9CD2-F5C0-4F12-A3F5-E8B11860C293}.Release|x86.Build.0 = Release|Win32
		{29E922C3-ABB4-4013-ACB0-33367F106255}.Debug|x64.ActiveCfg = Debug|x64
		{29E922C3-ABB4-4013-ACB0-33367F106255}.Debug|x64.Build.0 = Debug|x64
		{29E922C3-ABB4-4013-ACB0-33367F106255}.Debug|x86.ActiveCfg = Debug|Win32
		{29E922C3-ABB4-4013-ACB0-33367F106255}.Debug|x86.Build.0 = Debug|Win32
		{29E922C3-ABB4-4013-ACB0-33367F106255}.Release|x64.ActiveCfg = Release|x64
		{29E922C3-ABB4-4013-ACB0-33367F106255}.Release|x64.Build.0 = Release|x64
		{29E922C3-ABB4-4013-ACB0-33367F106255}.Release|x86.ActiveCfg = Release|Win32
		{29E922C3-ABB4-4013-ACB0-33367F106255}.Release|x86.Build.0 = Release|Win32
		{EDB7CDCF-0E36-47A1-B125-8B2EBF3819B7}.Debug|x64.ActiveCfg = Debug|x64
		{EDB7CDCF-0E36-47A1-B125-8B2EBF3819B7}.Debug|x64.Build.0 = Debug|x64
		{EDB7CDCF-0E36-47A1-B125-8B2EBF3819B7}.Debug|x86.ActiveCfg = Debug|Win32
		{EDB7CDCF-0E36-47A1-B125-8B2EBF3819B7}.Debug|x86.Build.0 = Debug|Win32
		{EDB7CDCF-0E36-47A1-B125-8B2EBF3819B7}.Release|x64.ActiveCfg = Release|x64
		{EDB7CDCF-0E36-47A1-B125-8B2EBF3819B7}.Release|x64.Build.0 = Release|x64
		{EDB7CDCF-0E36-47A1-B125-8B2EBF3819B7}.Release|x86.ActiveCfg = Release|Win32
		{EDB7CDCF-0E36-47A1-B125-8B2EBF3819B7}.Release|x86.Build.0 = Release|Win32
		{D2E39068-61A2-4DF8-B5CB-416DDE0EA638}.Debug|x64.ActiveCfg = Debug|x64
		{D2E39068-61A2-4DF8-B5CB-416DDE0EA638}.Debug|x64.Build.0 = Debug|x64
		{D2E39068-61A2-4DF8-B5CB-416DDE0EA638}.Debug|x86.ActiveCfg = Debug|Win32
		{D2E39068-61A2-4DF8-B5CB-416DDE0EA638}.Debug|x86.Build.0 = Debug|Win32
		{D2E39068-61A2-4DF8-B5CB-416DDE0EA638}.Release|x64.ActiveCfg = Release|x64
		{D2E39068-61A2-4DF8-B5CB-416DDE0EA638}.Release|x64.Build.0 = Release|x64
		{D2E39068-61A2-4DF8-B5CB-416DDE0EA638}.Release|x86.ActiveCfg = Release|Win32
		{D2E39068-61A2-4DF8-B5CB-416DDE0EA638}.Release|x86.Build.0 = Release|Win32
		{3185BB76-D18A-439E-BA7E-04B127EE2F23}.Debug|x64.ActiveCfg = Debug|x64
		{3185BB76-D18A-439E-BA7E-04B127EE2F23}.Debug|x64.Build.0 = Debug|x64
		{3185BB76-D18A-439E-BA7E-04B127EE2F23}.Debug|x86.ActiveCfg = Debug|Win32
		{3185BB76-D18A-439E-BA7E-04B127EE2F23}.Debug|x86.Build.0 = Debug|Win32
		{3185BB76-D18A-439E-BA7E-04B127EE2F23}.Release|x64.ActiveCfg = Release|x64
		{3185BB76-D18A-439E-BA7E-04B127EE2F23}.Release|x64.Build.0 = Release|x64
		{3185BB76-D18A-439E-BA7E-04B127EE2F23}.Release|x86.ActiveCfg = Release|Win32
		{3185BB76-D18A-439E-BA7E-04B127EE2F23}.Release|x86.Build.0 = Release|Win32
		{4E2811BE-355E-417E-AE77-9B3424DFAB62}.Debug|x64.ActiveCfg = Debug|x64
		{4E2811BE-355E-417E-AE77-9B3424DFAB62}.Debug|x64.Build.0 = Debug|x64
		{4E2811BE-355E-417E-AE77-9B3424DFAB62}.Debug|x86.ActiveCfg = Debug|Win32
		{4E2811BE-355E-417E-AE77-9B3424DFAB62}.Debug|x86.Build.0 = Debug|Win32
		{4E2811BE-355E-417E-AE77-9B3424DFAB62}.Release|x64.ActiveCfg = Release|x64
		{4E2811BE-355E-417E-AE77-9B3424DFAB62}.Release|x64.Build.0 = Release|x64
		{4E2811BE-355E-417E-AE77-9B3424DFAB62}.Release|x86.ActiveCfg = Release|Win32
		{4E2811BE-355E-417E-AE77-9B3424DFAB62}.Release|x86.Build.0 = Release|Win32
		{298E1DCD-CD47-4026-8C8A-2C3E0D7F9907}.Debug|x64.ActiveCfg = Debug|x64
		{298E1DCD-CD47-4026-8C8A-2C3E0D7F9907}.Debug|x64.Build.0 = Debug|x64
		{298E1DCD-CD47-4026-8C8A-2C3E0D7F9907}.Debug|x86.ActiveCfg = Debug|Win32
		{298E1DCD-CD47-4026-8C8A-2C3E0D7F9907}.Debug|x86.Build.0 = Debug|Win32
		{298E1DCD-CD47-4026-8C8A-2C3E0D7F9907}.Release|x64.ActiveCfg = Release|x64
		{298E1DCD-CD47-4026-8C8A-2C3E0D7F9907}.Release|x64.Build.0 = Release|x64
		{298E1DCD-CD47-4026-8C8A-2C3E0D7F9907}.Release|x86.ActiveCfg = Release|Win32
		{298E1DCD-CD47-4026-8C8A-2C3E0D7F9907}.Release|x86.Build.0 = Release|Win32
		{2B2BD5EF-5577-4C40-94A9-E5E547D1CD19}.Debug|x64.ActiveCfg = Debug|x64
		{2B2BD5EF-5577-4C40-94A9-E5E547D1CD19}.Debug|x64.Build.0 = Debug|x64
		{2B2BD5EF-5577-4C40-94A9-E5E547D1CD19}.Debug|x86.ActiveCfg = Debug|Win32
		{2B2BD5EF-5577-4C40-94A9-E5E547D1CD19}.Debug|x86.Build.0 = Debug|Win32
		{2B2BD5EF-5577-4C40-94A9-E5E547D1CD19}.Release|x64.ActiveCfg = Release|x64
		{2B2BD5EF-5577-4C40-94A9-E5E547D1CD19}.Release|x64.Build.0 = Release|x64
		{2B2BD5EF-5577-4C40-94A9-E5E547D1CD19}.Release|x86.ActiveCfg = Release|Win32
		{2B2BD5EF-5577-4C40-94A9-E5E547D1CD19}.Release|x86.Build.0 = Release|Win32
		{C067305E-C4FC-44AE-BAA1-8F489199E2F1}.Debug|x64.ActiveCfg = Debug|x64
		{C067305E-C4FC-44AE-BAA1-8F489199E2F1}.Debug|x64.Build.0 = Debug|x64
		{C067305E-C4FC-44AE-BAA1-8F489199E2F1}.Debug|x86.ActiveCfg = Debug|Win32
		{C067305E-C4FC-44AE-BAA1-8F489199E2F1}.Debug|x86.Build.0 = Debug|Win32
		{C067305E-C4FC-44AE-BAA1-8F489199E2F1}.Release|x64.ActiveCfg = Release|x64
		{C067305E-C4FC-44AE-BAA1-8F489199E2F1}.Release|x64.Build.0 = Release|x64
		{C067305E-C4FC-44AE-BAA1-8F489199E2F1}.Release|x86.ActiveCfg = Release|Win32
		{C067305E-C4FC-44AE-BAA1-8F489199E2F1}.Release|x86.Build.0 = Release|Win32
		{A8058114-E27E-4218-B960-3961FFD2CB80}.Debug|x64.ActiveCfg = Debug|x64
		{A8058114-E27E-4218-B960-3961FFD2CB80}.Debug|x64.Build.0 = Debug|x64
		{A8058114-E27E-4218-B960-3961FFD2CB80}.Debug|x86.ActiveCfg = Debug|Win32
		{A8058114-E27E-4218-B960-3961FFD2CB80}.Debug|x86.Build.0 = Debug|Win32
		{A8058114-E27E-4218-B960-3961FFD2CB80}.Release|x64.ActiveCfg = Release|x64
		{A8058114-E27E-4218-B960-3961FFD2CB80}.Release|x64.Build.0 = Release|x64
		{A8058114-E27E-4218-B960-3961FFD2CB80}.Release|x86.ActiveCfg = Release|Win32
		{A8058114-E27E-4218-B960-3961FFD2CB80}.Release|x86.Build.0 = Release|Win32
		{FC717360-E073-4CCB-B5B0-CCC53736913D}.Debug|x64.ActiveCfg = Debug|x64
		{FC717360-E073-4CCB-B5B0-CCC53736913D}.Debug|x64.Build.0 = Debug|x64
		{FC717360-E073-4CCB-B5B0-CCC53736913D}.Debug|x86.ActiveCfg = Debug|Win32
		{FC717360-E073-4CCB-B5B0-CCC53736913D}.Debug|x86.Build.0 = Debug|Win32
		{FC717360-E073-4CCB-B5B0-CCC53736913D}.Release|x64.ActiveCfg = Release|x64
		{FC717360-E073-4CCB-B5B0-CCC53736913D}.Release|x64.Build.0 = Release|x64
		{FC717360-E073-4CCB-B5B0-CCC53736913D}.Release|x86.ActiveCfg = Release|Win32
		{FC717360-E073-4CCB-B5B0-CCC53736913D}.Release|x86.Build.0 = Release|Win32
		{50293D4E-878F-401D-96DC-121C311B2A6B}.Debug|x64.ActiveCfg = Debug|x64
		{50293D4E-878F-401D-96DC-121C311B2A6B}.Debug|x64.Build.0 = Debug|x64
		{50293D4E-878F-401D-96DC-121C311B2A6B}.Debug|x86.ActiveCfg = Debug|Win32
		{50293D4E-878F-401D-96DC-121C311B2A6B}.Debug|x86.Build.0 = Debug|Win32
		{50293D4E-878F-401D-96DC-121C311B2A6B}.Release|x64.ActiveCfg = Release|x64
		{50293D4E-878F-401D-96DC-121C311B2A6B}.Release|x64.Build.0 = Release|x64
		{50293D4E-878F-401D-96DC-121C311B2A6B}.Release|x86.ActiveCfg = Release|Win32
		{50293D4E-878F-401D-96DC-121C311B2A6B}.Release|x86.Build.0 = Release|Win32
		{6DA8C8F8-8C45-4A46-9AB4-5150ACBE2532}.Debug|x64.ActiveCfg = Debug|x64
		{6DA8C8F8-8C45-4A46-9AB4-5150ACBE2532}.Debug|x64.Build.0 = Debug|x64
		{6DA8C8F8-8C45-4A46-9AB4-5150ACBE2532}.Debug|x86.ActiveCfg = Debug|Win32
		{6DA8C8F8-8C45-4A46-9AB4-5150ACBE2532}.Debug|x86.Build.0 = Debug|Win32
		{6DA8C8F8-8C45-4A46-9AB4-5150ACBE2532}.Release|x64.ActiveCfg = Release|x64
		{6DA8C8F8-8C45-4A46-9AB4-5150ACBE2532}.Release|x64.Build.0 = Release|x64
		{6DA8C8F8-8C45-4A46-9AB4-5150ACBE2532}.Release|x86.ActiveCfg = Release|Win32
		{6DA8C8F8-8C45-4A46-9AB4-5150ACBE2532}.Release|x86.Build.0 = Release|Win32
		{99285FE3-B7B5-4234-8287-344ADF0483AC}.Debug|x64.ActiveCfg = Debug|x64
		{99285FE3-B7B5-4234-8287-344ADF0483AC}.Debug|x64.Build.0 = Debug|x64
		{99285FE3-B7B5-4234-8287-344ADF0483AC}.Debug|x86.ActiveCfg = Debug|Win32
		{99285FE3-B7B5-4234-8287-344ADF0483AC}.Debug|x86.Build.0 = Debug|Win32
		{99285FE3-B7B5-4234-8287-344ADF0483AC}.Release|x64.ActiveCfg = Release|x64
		{99285FE3-B7B5-4234-8287-344ADF0483AC}.Release|x64.Build.0 = Release|x64
		{99285FE3-B7B5-4234-8287-344ADF0483AC}.Release|x86.ActiveCfg = Release|Win32
		{99285FE3-B7B5-4234-8287-344ADF0483AC}.Release|x86.Build.0 = Release|Win32
		{3FF91231-9B80-447E-8576-027522DFEB40}.Debug|x64.ActiveCfg = Debug|x64
		{3FF91231-9B80-447E-8576-027522DFEB40}.Debug|x64.Build.0 = Debug|x64
		{3FF91231-9B80-447E-8576-027522DFEB40}.Debug|x86.ActiveCfg = Debug|Win32
		{3FF91231-9B80-447E-8576-027522DFEB40}.Debug|x86.Build.0 = Debug|Win32
		{3FF91231-9B80-447E-8576-027522DFEB40}.Release|x64.ActiveCfg = Release|x64
		{3FF91231-9B80-447E-8576-027522DFEB40}.Release|x64.Build.0 = Release|x64
		{3FF91231-9B80-447E-8576-027522DFEB40}.Release|x86.ActiveCfg = Release|Win32
		{3FF91231-9B80-447E-8576-027522DFEB40}.Release|x86.Build.0 = Release|Win32
		{145C3B20-7625-4F2F-A90A-53DE832E8B8B}.Debug|x64.ActiveCfg = Debug|x64
		{145C3B20-7625-4F2F-A90A-53DE832E8B8B}.Debug|x64.Build.0 = Debug|x64
		{145C3B20-7625-4F2F-A90A-53DE832E8B8B}.Debug|x86.ActiveCfg = Debug|Win32
		{145C3B20-7625-4F2F-A90A-53DE832E8B8B}.Debug|x86.Build.0 = Debug|Win32
		{145C3B20-7625-4F2F-A90A-53DE832E8B8B}.Release|x64.ActiveCfg = Release|x64
		{145C3B20-7625-4F2F-A90A-53DE832E8B8B}.Release|x64.Build.0 = Release|x64
		{145C3B20-7625-4F2F-A90A-53DE832E8B8B}.Release|x86.ActiveCfg = Release|Win32
		{145C3B20-7625-4F2F-A90A-53DE832E8B8B}.Release|x86.Build.0 = Release|Win32
		{9B917322-287D-4983-A276-038D5A5E0A5C}.Debug|x64.ActiveCfg = Debug|x64
		{9B917322-287D-4983-A276-038D5A5E0A5C}.Debug|x64.Build.0 = Debug|x64
		{9B917322-287D-4983-A276-038D5A5E0A5C}.Debug|x86.ActiveCfg = Debug|Win32
		{9B917322-287D-4983-A276-038D5A5E0A5C}.Debug|x86.Build.0 = Debug|Win32
		{9B917322-287D-4983-A276-038D5A5E0A5C}.Release|x64.ActiveCfg = Release|x64
		{9B917322-287D-4983-A276-038D5A5E0A5C}.Release|x64.Build.0 = Release|x64
		{9B917322-287D-4983-A276-038D5A5E0A5C}.Release|x86.ActiveCfg = Release|Win32
		{9B917322-287D-4983-A276-038D5A5E0A5C}.Release|x86.Build.0 = Release|Win32
		{9679FF4E-9B01-4F10-8D3D-EE759343CF1B}.Debug|x64.ActiveCfg = Debug|x64
		{9679FF4E-9B01-4F10-8D3D-EE759343CF1B}.Debug|x64.Build.0 = Debug|x64
		{9679FF4E-9B01-4F10-8D3D-EE759343CF1B}.Debug|x86.ActiveCfg = Debug|Win32
		{9679FF4E-9B01-4F10-8D3D-EE759343CF1B}.Debug|x86.Build.0 = Debug|Win32
		{9679FF4E-9B01-4F10-8D3D-EE759343CF1B}.Release|x64.ActiveCfg = Release|x64
		{9679FF4E-9B01-4F10-8D3D-EE759343CF1B}.Release|x64.Build.0 = Release|x64
		{9679FF4E-9B01-4F10-8D3D-EE759343CF1B}.Release|x86.ActiveCfg = Release|Win32
		{9679FF4E-9B01-4F10-8D3D-EE759343CF1B}.Release|x86.Build.0 = Release|Win32
		{9DA834B8-1595-427E-A843-2475D251DCBF}.Debug|x64.ActiveCfg = Debug|x64
		{9DA834B8-1595-427E-A843-2475D251DCBF}.Debug|x64.Build.0 = Debug|x64
		{9DA834B8-1595-427E-A843-2475D251DCBF}.Debug|x86.ActiveCfg = Debug|Win32
		{9DA834B8-1595-427E-A843-2475D251DCBF}.Debug|x86.Build.0 = Debug|Win32
		{9DA834B8-1595-427E-A843-2475D251DCBF}.Release|x64.ActiveCfg = Release|x64
		{9DA834B8-1595-427E-A843-2475D251DCBF}.Release|x64.Build.0 = Release|x64
		{9DA834B8-1595-427E-A843-2475D251DCBF}.Release|x86.ActiveCfg = Release|Win32
		{9DA834B8-1595-427E-A843-2475D251DCBF}.Release|x86.Build.0 = Release|Win32
		{112D86BE-0762-4C69-A107-FBF59EFF6691}.Debug|x64.ActiveCfg = Debug|x64
		{112D86BE-0762-4C69-A107-FBF59EFF6691}.Debug|x64.Build.0 = Debug|x64
		{112D86BE-0762-4C69-A107-FBF59EFF6691}.Debug|x86.ActiveCfg = Debug|Win32
		{112D86BE-0762-4C69-A107-FBF59EFF6691}.Debug|x86.Build.0 = Debug|Win32
		{112D86BE-0762-4C69-A107-FBF59EFF6691}.Release|x64.ActiveCfg = Release|x64
		{112D86BE-0762-4C69-A107-FBF59EFF6691}.Release|x64.Build.0 = Release|x64
		{112D86BE-0762-4C69-A107-FBF59EFF6691}.Release|x86.ActiveCfg = Release|Win32
		{112D86BE-0762-4C69-A107-FBF59EFF6691}.Release|x86.Build.0 = Release|Win32
		{87FED384-1236-45F9-BBCB-425D49BB2B26}.Debug|x64.ActiveCfg = Debug|x64
		{87FED384-1236-45F9-BBCB-425D49BB2B26}.Debug|x64.Build.0 = Debug|x64
		{87FED384-1236-45F9-BBCB-425D49BB2B26}.Debug|x86.ActiveCfg = Debug|Win32
		{87FED384-1236-45F9-BBCB-425D49BB2B26}.Debug|x86.Build.0 = Debug|Win32
		{87FED384-1236-45F9-BBCB-425D49BB2B26}.Release|x64.ActiveCfg = Release|x64
		{87FED384-1236-45F9-BBCB-425D49BB2B26}.Release|x64.Build.0 = Release|x64
		{87FED384-1236-45F9-BBCB-425D49BB2B26}.Release|x86.ActiveCfg = Release|Win32
		{87FED384-1236-45F9-BBCB-425D49BB2B26}.Release|x86.Build.0 = Release|Win32
		{2F2BBFE6-71F5-4A45-A0D7-ECE89E4E4C43}.Debug|x64.ActiveCfg = Debug|x64
		{2F2BBFE6-71F5-4A45-A0D7-ECE89E4E4C43}.Debug|x64.Build.0 = Debug|x64
		{2F2BBFE6-71F5-4A45-A0D7-ECE89E4E4C43}.Debug|x86.ActiveCfg = Debug|Win32
		{2F2BBFE6-71F5-4A45-A0D7-ECE89E4E4C43}.Debug|x86.Build.0 = Debug|Win32
		{2F2BBFE6-71F5-4A45-A0D7-ECE89E4E4C43}.Release|x64.ActiveCfg = Release|x64
		{2F2BBFE6-71F5-4A45-A0D7-ECE89E4E4C43}.Release|x64.Build.0 = Release|x64
		{2F2BBFE6-71F5-4A45-A0D7-ECE89E4E4C43}.Release|x86.ActiveCfg = Release|Win32
		{2F2BBFE6-71F5-4A45-A0D7-ECE89E4E4C43}.Release|x86.Build.0 = Release|Win32
		{F9FDC3FB-821D-454C-9C9C-C44A0E28A21F}.Debug|x64.ActiveCfg = Debug|x64
		{F9FDC3FB-821D-454C-9C9C-C44A0E28A21F}.Debug|x64.Build.0 = Debug|x64
		{F9FDC3FB-821D-454C-9C9C-C44A0E28A21F}.Debug|x86.ActiveCfg = Debug|Win32
		{F9FDC3FB-821D-454C-9C9C-C44A0E28A21F}.Debug|x86.Build.0 = Debug|Win32
		{F9FDC3FB-821D-454C-9C9C-C44A0E28A21F}.Release|x64.ActiveCfg = Release|x64
		{F9FDC3FB-821D-454C-9C9C-C44A0E28A21F}.Release|x64.Build.0 = Release|x64
		{F9FDC3FB-821D-454C-9C9C-C44A0E28A21F}.Release|x86.ActiveCfg = Release|Win32
		{F9FDC3FB-821D-454C-9C9C-C44A0E28A21F}.Release|x86.Build.0 = Release|Win32
		{4A915FA8-372C-407E-97F3-733A38CBC0EE}.Debug|x64.ActiveCfg = Debug|x64
		{4A915FA8-372C-407E-97F3-733A38CBC0EE}.Debug|x64.Build.0 = Debug|x64
		{4A915FA8-372C-407E-97F3-733A38CBC0EE}.Debug|x86.ActiveCfg = Debug|Win32
		{4A915FA8-372C-407E-97F3-733A38CBC0EE}.Debug|x86.Build.0 = Debug|Win32
		{4A915FA8-372C-407E-97F3-733A38CBC0EE}.Release|x64.ActiveCfg = Release|x64
		{4A915FA8-372C-407E-97F3-733A38CBC0EE}.Release|x64.Build.0 = Release|x64
		{4A915FA8-372C-407E-97F3-733A38CBC0EE}.Release|x86.ActiveCfg = Release|Win32
		{4A915FA8-372C-407E-97F3-733A38CBC0EE}.Release|x86.Build.0 = Release|Win32
		{0D9FBDE6-DD9A-4F14-B5B3-7F4BF5977A96}.Debug|x64.ActiveCfg = Debug|x64
		{0D9FBDE6-DD9A-4F14-B5B3-7F4BF5977A96}.Debug|x64.Build.0 = Debug|x64
		{0D9FBDE6-DD9A-4F14-B5B3-7F4BF5977A96}.Debug|x86.ActiveCfg = Debug|Win32
		{0D9FBDE6-DD9A-4F14-B5B3-7F4BF5977A96}.Debug|x86.Build.0 = Debug|Win32
		{0D9FBDE6-DD9A-4F14-B5B3-7F4BF5977A96}.Release|x64.ActiveCfg = Release|x64
		{0D9FBDE6-DD9A-4F14-B5B3-7F4BF5977A96}.Release|x64.Build.0 = Release|x64
		{0D9FBDE6-DD9A-4F14-B5B3-7F4BF5977A96}.Release|x86.ActiveCfg = Release|Win32
		{0D9FBDE6-DD9A-4F14-B5B3-7F4BF5977A96}.Release|x86.Build.0 = Release|Win32
		{01A29425-5E82-4390-BB8F-CBCD3C74DA1D}.Debug|x64.ActiveCfg = Debug|x64
		{01A29425-5E82-4390-BB8F-CBCD3C74DA1D}.Debug|x64.Build.0 = Debug|x64
		{01A29425-5E82-4390-BB8F-CBCD3C74DA1D}.Debug|x86.ActiveCfg = Debug|Win32
		{01A29425-5E82-4390-BB8F-CBCD3C74DA1D}.Debug|x86.Build.0 = Debug|Win32
		{01A29425-5E82-4390-BB8F-CBCD3C74DA1D}.Release|x64.ActiveCfg = Release|x64
		{01A29425-5E82-4390-BB8F-CBCD3C74DA1D}.Release|x64.Build.0 = Release|x64
		{01A29425-5E82-4390-BB8F-CBCD3C74DA1D}.Release|x86.ActiveCfg = Release|Win32
		{01A29425-5E82-4390-BB8F-CBCD3C74DA1D}.Release|x86.Build.0 = Release|Win32
		{BBE7EB29-BEC8-4E4E-A106-BAA28AF02F76}.Debug|x64.ActiveCfg = Debug|x64
		{BBE7EB29-BEC8-4E4E-A106-BAA28AF02F76}.Debug|x64.Build.0 = Debug|x64
		{BBE7EB29-BEC8-4E4E-A106-BAA28AF02F76}.Debug|x86.ActiveCfg = Debug|Win32
		{BBE7EB29-BEC8-4E4E-A106-BAA28AF02F76}.Debug|x86.Build.0 = Debug|Win32
		{BBE7EB29-BEC8-4E4E-A106-BAA28AF02F76}.Release|x64.ActiveCfg = Release|x64
		{BBE7EB29-BEC8-4E4E-A106-BAA28AF02F76}.Release|x64.Build.0 = Release|x64
		{BBE7EB29-BEC8-4E4E-A106-BAA28AF02F76}.Release|x86.ActiveCfg = Release|Win32
		{BBE7EB29-BEC8-4E4E-A106-BAA28AF02F76}.Release|x86.Build.0 = Release|Win32
		{09569A50-73DF-45BC-A249-054A015091D2}.Debug|x64.ActiveCfg = Debug|x64
		{09569A50-73DF-45BC-A249-054A015091D2}.Debug|x64.Build.0 = Debug|x64
		{09569A50-73DF-45BC-A249-054A015091D2}.Debug|x86.ActiveCfg = Debug|Win32
		{09569A50-73DF-45BC-A249-054A015091D2}.Debug|x86.Build.0 = Debug|Win32
		{09569A50-73DF-45BC-A249-054A015091D2}.Release|x64.ActiveCfg = Release|x64
		{09569A50-73DF-45BC-A249-054A015091D2}.Release|x64.Build.0 = Release|x64
		{09569A50-73DF-45BC-A249-054A015091D2}.Release|x86.ActiveCfg = Release|Win32
		{09569A50-73DF-45BC-A249-054A015091D2}.Release|x86.Build.0 = Release|Win32
		{95419EE2-07BF-43BD-8E7B-95436B79ECC8}.Debug|x64.ActiveCfg = Debug|x64
		{95419EE2-07BF-43BD-8E7B-95436B79ECC8}.Debug|x64.Build.0 = Debug|x64
		{95419EE2-07BF-43BD-8E7B-95436B79ECC8}.Debug|x86.ActiveCfg = Debug|Win32
		{95419EE2-07BF-43BD-8E7B-95436B79ECC8}.Debug|x86.Build.0 = Debug|Win32
		{95419EE2-07BF-43BD-8E7B-95436B79ECC8}.Release|x64.ActiveCfg = Release|x64
		{95419EE2-07BF-43BD-8E7B-95436B79ECC8}.Release|x64.Build.0 = Release|x64
		{95419EE2-07BF-43BD-8E7B-95436B79ECC8}.Release|x86.ActiveCfg = Release|Win32
		{95419EE2-07BF-43BD-8E7B-95436B79ECC8}.Release|x86.Build.0 = Release|Win32
		{6B68C470-EB74-47AE-BFEA-EFC1E7001ADB}.Debug|x64.ActiveCfg = Debug|x64
		{6B68C470-EB74-47AE-BFEA-EFC1E7001ADB}.Debug|x64.Build.0 = Debug|x64
		{6B68C470-EB74-47AE-BFEA-EFC1E7001ADB}.Debug|x86.ActiveCfg = Debug|Win32
		{6B68C470-EB74-47AE-BFEA-EFC1E7001ADB}.Debug|x86.Build.0 = Debug|Win32
		{6B68C470-EB74-47AE-BFEA-EFC1E7001ADB}.Release|x64.ActiveCfg = Release|x64
		{6B68C470-EB74-47AE-BFEA-EFC1E7001ADB}.Release|x64.Build.0 = Release|x64
		{6B68C470-EB74-47AE-BFEA-EFC1E7001ADB}.Release|x86.ActiveCfg = Release|Win32
		{6B68C470-EB74-47AE-BFEA-EFC1E7001ADB}.Release|x86.Build.0 = Release|Win32
		{7118D2DF-E33F-4A86-A996-7BA2E9BEA2E1}.Debug|x64.ActiveCfg = Debug|x64
		{7118D2DF-E33F-4A86-A996-7BA2E9BEA2E1}.Debug|x64.Build.0 = Debug|x64
		{7118D2DF-E33F-4A86-A996-7BA2E9BEA2E1}.Debug|x86.ActiveCfg = Debug|Win32
		{7118D2DF-E33F-4A86-A996-7BA2E9BEA2E1}.Debug|x86.Build.0 = Debug|Win32
		{7118D2DF-E33F-4A86-A996-7BA2E9BEA2E1}.Release|x64.ActiveCfg = Release|x64
		{7118D2DF-E33F-4A86-A996-7BA2E9BEA2E1}.Release|x64.Build.0 = Release|x64
		{7118D2DF-E33F-4A86-A996-7BA2E9BEA2E1}.Release|x86.ActiveCfg = Release|Win32
		{7118D2DF-E33F-4A86-A996-7BA2E9BEA2E1}.Release|x86.Build.0 = Release|Win32
		{E12D3733-6E7F-4098-B03C-A24FAE6A3669}.Debug|x64.ActiveCfg = Debug|x64
		{E12D3733-6E7F-4098-B03C-A24FAE6A3669}.Debug|x64.Build.0 = Debug|x64
		{E12D3733-6E7F-4098-B03C-A24FAE6A3669}.Debug|x86.ActiveCfg = Debug|Win32
		{E12D3733-6E7F-4098-B03C-A24FAE6A3669}.Debug|x86.Build.0 = Debug|Win32
		{E12D3733-6E7F-4098-B03C-A24FAE6A3669}.Release|x64.ActiveCfg = Release|x64
		{E12D3733-6E7F-4098-B03C-A24FAE6A3669}.Release|x64.Build.0 = Release|x64
		{E12D3733-6E7F-4098-B03C-A24FAE6A3669}.Release|x86.ActiveCfg = Release|Win32
		{E12D3733-6E7F-4098-B03C-A24FAE6A3669}.Release|x86.Build.0 = Release|Win32
		{422E6E12-213A-463B-89D7-25E50085E670}.Debug|x64.ActiveCfg = Debug|x64
		{422E6E12-213A-463B-89D7-25E50085E670}.Debug|x64.Build.0 = Debug|x64
		{422E6E12-213A-463B-89D7-25E50085E670}.Debug|x86.ActiveCfg = Debug|Win32
		{422E6E12-213A-463B-89D7-25E50085E670}.Debug|x86.Build.0 = Debug|Win32
		{422E6E12-213A-463B-89D7-25E50085E670}.Release|x64.ActiveCfg = Release|x64
		{422E6E12-213A-463B-89D7-25E50085E670}.Release|x64.Build.0 = Release|x64
		{422E6E12-213A-463B-89D7-25E50085E670}.Release|x86.ActiveCfg = Release|Win32
		{422E6E12-213A-463B-89D7-25E50085E670}.Release|x86.Build.0 = Release|Win32
		{CCDB1442-3A57-4525-860F-1068AD10FDE2}.Debug|x64.ActiveCfg = Debug|x64
		{CCDB1442-3A57-4525-860F-1068AD10FDE2}.Debug|x64.Build.0 = Debug|x64
		{CCDB1442-3A57-4525-860F-1068AD10FDE2}.Debug|x86.ActiveCfg = Debug|Win32
		{CCDB1442-3A57-4525-860F-1068AD10FDE2}.Debug|x86.Build.0 = Debug|Win32
		{CCDB1442-3A57-4525-860F-1068AD10FDE2}.Release|x64.ActiveCfg = Release|x64
		{CCDB1442-3A57-4525-860F-1068AD10FDE2}.Release|x64.Build.0 = Release|x64
		{CCDB1442-3A57-4525-860F-1068AD10FDE2}.Release|x86.ActiveCfg = Release|Win32
		{CCDB1442-3A57-4525-860F-1068AD10FDE2}.Release|x86.Build.0 = Release|Win32
		{8C3DBF54-A8F0-450D-A3DA-D1709CE79D6F}.Debug|x64.ActiveCfg = Debug|x64
		{8C3DBF54-A8F0-450D-A3DA-D1709CE79D6F}.Debug|x64.Build.0 = Debug|x64
		{8C3DBF54-A8F0-450D-A3DA-D1709CE79D6F}.Debug|x86.ActiveCfg = Debug|Win32
		{8C3DBF54-A8F0-450D-A3DA-D1709CE79D6F}.Debug|x86.Build.0 = Debug|Win32
		{8C3DBF54-A8F0-450D-A3DA-D1709CE79D6F}.Release|x64.ActiveCfg = Release|x64
		{8C3DBF54-A8F0-450D-A3DA-D1709CE79D6F}.Release|x64.Build.0 = Release|x64
		{8C3DBF54-A8F0-450D-A3DA-D1709CE79D6F}.Release|x86.ActiveCfg = Release|Win32
		{8C3DBF54-A8F0-450D-A3DA-D1709CE79D6F}.Release|x86.Build.0 = Release|Win32
		{2AB92E6E-0ED1-482D-88CB-A15DC33E6D47}.Debug|x64.ActiveCfg = Debug|x64
		{2AB92E6E-0ED1-482D-88CB-A15DC33E6D47}.Debug|x64.Build.0 = Debug|x64
		{2AB92E6E-0ED1-482D-88CB-A15DC33E6D47}.Debug|x86.ActiveCfg = Debug|Win32
		{2AB92E6E-0ED1-482D-88CB-A15DC33E6D47}.Debug|x86.Build.0 = Debug|Win32
		{2AB92E6E-0ED1-482D-88CB-A15DC33E6D47}.Release|x64.ActiveCfg = Release|x64
		{2AB92E6E-0ED1-482D-88CB-A15DC33E6D47}.Release|x64.Build.0 = Release|x64
		{2AB92E6E-0ED1-482D-88CB-A15DC33E6D47}.Release|x86.ActiveCfg = Release|Win32
		{2AB92E6E-0ED1-482D-88CB-A15DC33E6D47}.Release|x86.Build.0 = Release|Win32
		{F5B6DB2A-8AD8-4115-9355-6012B787FBAB}.Debug|x64.ActiveCfg = Debug|x64
		{F5B6DB2A-8AD8-4115-9355-6012B787FBAB}.Debug|x64.Build.0 = Debug|x64
		{F5B6DB2A-8AD8-4115-9355-6012B787FBAB}.Debug|x86.ActiveCfg = Debug|Win32
		{F5B6DB2A-8AD8-4115-9355-6012B787FBAB}.Debug|x86.Build.0 = Debug|Win32
		{F5B6DB2A-8AD8-4115-9355-6012B787FBAB}.Release|x64.ActiveCfg = Release|x64
		{F5B6DB2A-8AD8-4115-9355-6012B787FBAB}.Release|x64.Build.0 = Release|x64
		{F5B6DB2A-8AD8-4115-9355-6012B787FBAB}.Release|x86.ActiveCfg = Release|Win32
		{F5B6DB2A-8AD8-4115-9355-6012B787FBAB}.Release|x86.Build.0 = Release|Win32
		{C6E2C4AD-4830-4221-9889-B750ED999CFF}.Debug|x64.ActiveCfg = Debug|x64
		{C6E2C4AD-4830-4221-9889-B750ED999CFF}.Debug|x64.Build.0 = Debug|x64
		{C6E2C4AD-4830-4221-9889-B750ED999CFF}.Debug|x86.ActiveCfg = Debug|Win32
		{C6E2C4AD-4830-4221-9889-B750ED999CFF}.Debug|x86.Build.0 = Debug|Win32
		{C6E2C4AD-4830-4221-9889-B750ED999CFF}.Release|x64.ActiveCfg = Release|x64
		{C6E2C4AD-4830-4221-9889-B750ED999CFF}.Release|x64.Build.0 = Release|x64
		{C6E2C4AD-4830-4221-9889-B750ED999CFF}.Release|x86.ActiveCfg = Release|Win32
		{C6E2C4AD-4830-4221-9889-B750ED999CFF}.Release|x86.Build.0 = Release|Win32
		{0565133F-20C9-4363-B9AA-80A60ADD9B41}.Debug|x64.ActiveCfg = Debug|x64
		{0565133F-20C9-4363-B9AA-80A60ADD9B41}.Debug|x64.Build.0 = Debug|x64
		{0565133F-20C9-4363-B9AA-80A60ADD9B41}.Debug|x86.ActiveCfg = Debug|Win32
		{0565133F-20C9-4363-B9AA-80A60ADD9B41}.Debug|x86.Build.0 = Debug|Win32
		{0565133F-20C9-4363-B9AA-80A60ADD9B41}.Release|x64.ActiveCfg = Release|x64
		{0565133F-20C9-4363-B9AA-80A60ADD9B41}.Release|x64.Build.0 = Release|x64
		{0565133F-20C9-4363-B9AA-80A60ADD9B41}.Release|x86.ActiveCfg = Release|Win32
		{0565133F-20C9-4363-B9AA-80A60ADD9B41}.Release|x86.Build.0 = Release|Win32
		{B334382B-C063-408B-84CC-DE980696B838}.Debug|x64.ActiveCfg = Debug|x64
		{B334382B-C063-408B-84CC-DE980696B838}.Debug|x64.Build.0 = Debug|x64
		{B334382B-C063-408B-84CC-DE980696B838}.Debug|x86.ActiveCfg = Debug|Win32
		{B334382B-C063-408B-84CC-DE980696B838}.Debug|x86.Build.0 = Debug|Win32
		{B334382B-C063-408B-84CC-DE980696B838}.Release|x64.ActiveCfg = Release|x64
		{B334382B-C063-408B-84CC-DE980696B838}.Release|x64.Build.0 = Release|x64
		{B334382B-C063-408B-84CC-DE980696B838}.Release|x86.ActiveCfg = Release|Win32
		{B334382B-C063-408B-84CC-DE980696B838}.Release|x86.Build.0 = Release|Win32
		{88872DF6-412D-4A7D-B2F2-32D4D2A1F0A5}.Debug|x64.ActiveCfg = Debug|x64
		{88872DF6-412D-4A7D-B2F2-32D4D2A1F0A5}.Debug|x64.Build.0 = Debug|x64
		{88872DF6-412D-4A7D-B2F2-32D4D2A1F0A5}.Debug|x86.ActiveCfg = Debug|Win32
		{88872DF6-412D-4A7D-B2F2-32D4D2A1F0A5}.Debug|x86.Build.0 = Debug|Win32
		{88872DF6-412D-4A7D-B2F2-32D4D2A1F0A5}.Release|x64.ActiveCfg = Release|x64
		{88872DF6-412D-4A7D-B2F2-32D4D2A1F0A5}.Release|x64.Build.0 = Release|x64
		{88872DF6-412D-4A7D-B2F2-32D4D2A1F0A5}.Release|x86.ActiveCfg = Release|Win32
		{88872DF6-412D-4A7D-B2F2-32D4D2A1F0A5}.Release|x86.Build.0 = Release|Win32
		{C091E85E-B4AC-4927-A2FE-17091036C3C4}.Debug|x64.ActiveCfg = Debug|x64
		{C091E85E-B4AC-4927-A2FE-17091036C3C4}.Debug|x64.Build.0 = Debug|x64
		{C091E85E-B4AC-4927-A2FE-17091036C3C4}.Debug|x86.ActiveCfg = Debug|Win32
		{C091E85E-B4AC-4927-A2FE-17091036C3C4}.Debug|x86.Build.0 = Debug|Win32
		{C091E85E-B4AC-4927-A2FE-17091036C3C4}.Release|x64.ActiveCfg = Release|x64
		{C091E85E-B4AC-4927-A2FE-17091036C3C4}.Release|x64.Build.0 = Release|x64
		{C091E85E-B4AC-4927-A2FE-17091036C3C4}.Release|x86.ActiveCfg = Release|Win32
		{C091E85E-B4AC-4927-A2FE-17091036C3C4}.Release|x86.Build.0 = Release|Win32
		{E0C9B511-B392-48E9-914A-51DE3A49B0B1}.Debug|x64.ActiveCfg = Debug|x64
		{E0C9B511-B392-48E9-914A-51DE3A49B0B1}.Debug|x64.Build.0 = Debug|x64
		{E0C9B511-B392-48E9-914A-51DE3A49B0B1}.Debug|x86.ActiveCfg = Debug|Win32
		{E0C9B511-B392-48E9-914A-51DE3A49B0B1}.Debug|x86.Build.0 = Debug|Win32
		{E0C9B511-B392-48E9-914A-51DE3A49B0B1}.Release|x64.ActiveCfg = Release|x64
		{E0C9B511-B392-48E9-914A-51DE3A49B0B1}.Release|x64.Build.0 = Release|x64
		{E0C9B511-B392-48E9-914A-51DE3A49B0B1}.Release|x86.ActiveCfg = Release|Win32
		{E0C9B511-B392-48E9-914A-51DE3A49B0B1}.Release|x86.Build.0 = Release|Win32
		{2F589FE1-4A1F-4F16-9A31-DA6747A2A76B}.Debug|x64.ActiveCfg = Debug|x64
		{2F589FE1-4A1F-4F16-9A31-DA6747A2A76B}.Debug|x64.Build.0 = Debug|x64
		{2F589FE1-4A1F-4F16-9A31-DA6747A2A76B}.Debug|x86.ActiveCfg = Debug|Win32
		{2F589FE1-4A1F-4F16-9A31-DA6747A2A76B}.Debug|x86.Build.0 = Debug|Win32
		{2F589FE1-4A1F-4F16-9A31-DA6747A2A76B}.Release|x64.ActiveCfg = Release|x64
		{2F589FE1-4A1F-4F16-9A31-DA6747A2A76B}.Release|x64.Build.0 = Release|x64
		{2F589FE1-4A1F-4F16-9A31-DA6747A2A76B}.Release|x86.ActiveCfg = Release|Win32
		{2F589FE1-4A1F-4F16-9A31-DA6747A2A76B}.Release|x86.Build.0 = Release|Win32
		{948C5DFE-7719-44DD-A71F-50892BCC9EB0}.Debug|x64.ActiveCfg = Debug|x64
		{948C5DFE-7719-44DD-A71F-50892BCC9EB0}.Debug|x64.Build.0 = Debug|x64
		{948C5DFE-7719-44DD-A71F-50892BCC9EB0}.Debug|x86.ActiveCfg = Debug|Win32
		{948C5DFE-7719-44DD-A71F-50892BCC9EB0}.Debug|x86.Build.0 = Debug|Win32
		{948C5DFE-7719-44DD-A71F-50892BCC9EB0}.Release|x64.ActiveCfg = Release|x64
		{948C5DFE-7719-44DD-A71F-50892BCC9EB0}.Release|x64.Build.0 = Release|x64
		{948C5DFE-7719-44DD-A71F-50892BCC9EB0}.Release|x86.ActiveCfg = Release|Win32
		{948C5DFE-7719-44DD-A71F-50892BCC9EB0}.Release|x86.Build.0 = Release|Win32
		{85B46831-F838-434C-8D6A-C61C3C05ED1B}.Debug|x64.ActiveCfg = Debug|x64
		{85B46831-F838-434C-8D6A-C61C3C05ED1B}.Debug|x64.Build.0 = Debug|x64
		{85B46831-F838-434C-8D6A-C61C3C05ED1B}.Debug|x86.ActiveCfg = Debug|Win32
		{85B46831-F838-434C-8D6A-C61C3C05ED1B}.Debug|x86.Build.0 = Debug|Win32
		{85B46831-F838-434C-8D6A-C61C3C05ED1B}.Release|x64.ActiveCfg = Release|x64
		{85B46831-F838-434C-8D6A-C61C3C05ED1B}.Release|x64.Build.0 = Release|x64
		{85B46831-F838-434C-8D6A-C61C3C05ED1B}.Release|x86.ActiveCfg = Release|Win32
		{85B46831-F838-434C-8D6A-C61C3C05ED1B}.Release|x86.Build.0 = Release|Win32
		{78DA46B4-74F9-4C43-93CE-AECA13ED0995}.Debug|x64.ActiveCfg = Debug|x64
		{78DA46B4-74F9-4C43-93CE-AECA13ED0995}.Debug|x64.Build.0 = Debug|x64
		{78DA46B4-74F9-4C43-93CE-AECA13ED0995}.Debug|x86.ActiveCfg = Debug|Win32
		{78DA46B4-74F9-4C43-93CE-AECA13ED0995}.Debug|x86.Build.0 = Debug|Win32
		{78DA46B4-74F9-4C43-93CE-AECA13ED0995}.Release|x64.ActiveCfg = Release|x64
		{78DA46B4-74F9-4C43-93CE-AECA13ED0995}.Release|x64.Build.0 = Release|x64
		{78DA46B4-74F9-4C43-93CE-AECA13ED0995}.Release|x86.ActiveCfg = Release|Win32
		{78DA46B4-74F9-4C43-93CE-AECA13ED0995}.Release|x86.Build.0 = Release|Win32
		{91E32AD1-7D6A-4741-A35E-940737D3AFB5}.Debug|x64.ActiveCfg = Debug|x64
		{91E32AD1-7D6A-4741-A35E-940737D3AFB5}.Debug|x64.Build.0 = Debug|x64
		{91E32AD1-7D6A-4741-A35E-940737D3AFB5}.Debug|x86.ActiveCfg = Debug|Win32
		{91E32AD1-7D6A-4741-A35E-940737D3AFB5}.Debug|x86.Build.0 = Debug|Win32
		{91E32AD1-7D6A-4741-A35E-940737D3AFB5}.Release|x64.ActiveCfg = Release|x64
		{91E32AD1-7D6A-4741-A35E-940737D3AFB5}.Release|x64.Build.0 = Release|x64
		{91E32AD1-7D6A-4741-A35E-940737D3AFB5}.Release|x86.ActiveCfg = Release|Win32
		{91E32AD1-7D6A-4741-A35E-940737D3AFB5}.Release|x86.Build.0 = Release|Win32
		{8177DD9C-F173-406E-8E9C-26877B448196}.Debug|x64.ActiveCfg = Debug|x64
		{8177DD9C-F173-406E-8E9C-26877B448196}.Debug|x64.Build.0 = Debug|x64
		{8177DD9C-F173-406E-8E9C-26877B448196}.Debug|x86.ActiveCfg = Debug|Win32
		{8177DD9C-F173-406E-8E9C-26877B448196}.Debug|x86.Build.0 = Debug|Win32
		{8177DD9C-F173-406E-8E9C-26877B448196}.Release|x64.ActiveCfg = Release|x64
		{8177DD9C-F173-406E-8E9C-26877B448196}.Release|x64.Build.0 = Release|x64
		{8177DD9C-F173-406E-8E9C-26877B448196}.Release|x86.ActiveCfg = Release|Win32
		{8177DD9C-F173-406E-8E9C-26877B448196}.Release|x86.Build.0 = Release|Win32
		{8DEC1A50-D79C-434E-B983-8A20A4B7C6DF}.Debug|x64.ActiveCfg = Debug|x64
		{8DEC1A50-D79C-434E-B983-8A20A4B7C6DF}.Debug|x64.Build.0 = Debug|x64
		{8DEC1A50-D79C-434E-B983-8A20A4B7C6DF}.Debug|x86.ActiveCfg = Debug|Win32
		{8DEC1A50-D79C-434E-B983-8A20A4B7C6DF}.Debug|x86.Build.0 = Debug|Win32
		{8DEC1A50-D79C-434E-B983-8A20A4B7C6DF}.Release|x64.ActiveCfg = Release|x64
		{8DEC1A50-D79C-434E-B983-8A20A4B7C6DF}.Release|x64.Build.0 = Release|x64
		{8DEC1A50-D79C-434E-B983-8A20A4B7C6DF}.Release|x86.ActiveCfg = Release|Win32
		{8DEC1A50-D79C-434E-B983-8A20A4B7C6DF}.Release|x86.Build.0 = Release|Win32
		{E320521F-5B5B-48EE-99C2-40330266FECD}.Debug|x64.ActiveCfg = Debug|x64
		{E320521F-5B5B-48EE-99C2-40330266FECD}.Debug|x64.Build.0 = Debug|x64
		{E320521F-5B5B-48EE-99C2-40330266FECD}.Debug|x86.ActiveCfg = Debug|Win32
		{E320521F-5B5B-48EE-99C2-40330266FECD}.Debug|x86.Build.0 = Debug|Win32
		{E320521F-5B5B-48EE-99C2-40330266FECD}.Release|x64.ActiveCfg = Release|x64
		{E320521F-5B5B-48EE-99C2-40330266FECD}.Release|x64.Build.0 = Release|x64
		{E320521F-5B5B-48EE-99C2-40330266FECD}.Release|x86.ActiveCfg = Release|Win32
		{E320521F-5B5B-48EE-99C2-40330266FECD}.Release|x86.Build.0 = Release|Win32
		{EF3214D2-F28C-437F-AD72-725743DB6D61}.Debug|x64.ActiveCfg = Debug|x64
		{EF3214D2-F28C-437F-AD72-725743DB6D61}.Debug|x64.Build.0 = Debug|x64
		{EF3214D2-F28C-437F-AD72-725743DB6D61}.Debug|x86.ActiveCfg = Debug|Win32
		{EF3214D2-F28C-437F-AD72-725743DB6D61}.Debug|x86.Build.0 = Debug|Win32
		{EF3214D2-F28C-437F-AD72-725743DB6D61}.Release|x64.ActiveCfg = Release|x64
		{EF3214D2-F28C-437F-AD72-725743DB6D61}.Release|x64.Build.0 = Release|x64
		{EF3214D2-F28C-437F-AD72-725743DB6D61}.Release|x86.ActiveCfg = Release|Win32
		{EF3214D2-F28C-437F-AD72-725743DB6D61}.Release|x86.Build.0 = Release|Win32
		{5DD76BC9-7AA4-4A29-A3F1-4CB693E0256D}.Debug|x64.ActiveCfg = Debug|x64
		{5DD76BC9-7AA4-4A29-A3F1-4CB693E0256D}.Debug|x64.Build.0 = Debug|x64
		{5DD76BC9-7AA4-4A29-A3F1-4CB693E0256D}.Debug|x86.ActiveCfg = Debug|Win32
		{5DD76BC9-7AA4-4A29-A3F1-4CB693E0256D}.Debug|x86.Build.0 = Debug|Win32
		{5DD76BC9-7AA4-4A29-A3F1-4CB693E0256D}.Release|x64.ActiveCfg = Release|x64
		{5DD76BC9-7AA4-4A29-A3F1-4CB693E0256D}.Release|x64.Build.0 = Release|x64
		{5DD76BC9-7AA4-4A29-A3F1-4CB693E0256D}.Release|x86.ActiveCfg = Release|Win32
		{5DD76BC9-7AA4-4A29-A3F1-4CB693E0256D}.Release|x86.Build.0 = Release|Win32
		{3DC045E1-30E6-4503-B2BA-D92CFE911C07}.Debug|x64.ActiveCfg = Debug|x64
		{3DC045E1-30E6-4503-B2BA-D92CFE911C07}.Debug|x64.Build.0 = Debug|x64
		{3DC045E1-30E6-4503-B2BA-D92CFE911C07}.Debug|x86.ActiveCfg = Debug|Win32
		{3DC045E1-30E6-4503-B2BA-D92CFE911C07}.Debug|x86.Build.0 = Debug|Win32
		{3DC045E1-30E6-4503-B2BA-D92CFE911C07}.Release|x64.ActiveCfg = Release|x64
		{3DC045E1-30E6-4503-B2BA-D92CFE911C07}.Release|x64.Build.0 = Release|x64
		{3DC045E1-30E6-4503-B2BA-D92CFE911C07}.Release|x86.ActiveCfg = Release|Win32
		{3DC045E1-30E6-4503-B2BA-D92CFE911C07}.Release|x86.Build.0 = Release|Win32
		{A587B6AD-2374-48E6-ACB3-39766615D4DE}.Debug|x64.ActiveCfg = Debug|x64
		{A587B6AD-2374-48E6-ACB3-39766615D4DE}.Debug|x64.Build.0 = Debug|x64
		{A587B6AD-2374-48E6-ACB3-39766615D4DE}.Debug|x86.ActiveCfg = Debug|Win32
		{A587B6AD-2374-48E6-ACB3-39766615D4DE}.Debug|x86.Build.0 = Debug|Win32
		{A587B6AD-2374-48E6-ACB3-39766615D4DE}.Release|x64.ActiveCfg = Release|x64
		{A587B6AD-2374-48E6-ACB3-39766615D4DE}.Release|x64.Build.0 = Release|x64
		{A587B6AD-2374-48E6-ACB3-39766615D4DE}.Release|x86.ActiveCfg = Release|Win32
		{A587B6AD-2374-48E6-ACB3-39766615D4DE}.Release|x86.Build.0 = Release|Win32
		{F618EBED-38EC-441F-A49F-0C10B0A24529}.Debug|x64.ActiveCfg = Debug|x64
		{F618EBED-38EC-441F-A49F-0C10B0A24529}.Debug|x64.Build.0 = Debug|x64
		{F618EBED-38EC-441F-A49F-0C10B0A24529}.Debug|x86.ActiveCfg = Debug|Win32
		{F618EBED-38EC-441F-A49F-0C10B0A24529}.Debug|x86.Build.0 = Debug|Win32
		{F618EBED-38EC-441F-A49F-0C10B0A24529}.Release|x64.ActiveCfg = Release|x64
		{F618EBED-38EC-441F-A49F-0C10B0A24529}.Release|x64.Build.0 = Release|x64
		{F618EBED-38EC-441F-A49F-0C10B0A24529}.Release|x86.ActiveCfg = Release|Win32
		{F618EBED-38EC-441F-A49F-0C10B0A24529}.Release|x86.Build.0 = Release|Win32
		{4BC57BB4-556D-4403-97D7-C572FDC95ACC}.Debug|x64.ActiveCfg = Debug|x64
		{4BC57BB4-556D-4403-97D7-C572FDC95ACC}.Debug|x64.Build.0 = Debug|x64
		{4BC57BB4-556D-4403-97D7-C572FDC95ACC}.Debug|x86.ActiveCfg = Debug|Win32
		{4BC57BB4-556D-4403-97D7-C572FDC95ACC}.Debug|x86.Build.0 = Debug|Win32
		{4BC57BB4-556D-4403-97D7-C572FDC95ACC}.Release|x64.ActiveCfg = Release|x64
		{4BC57BB4-556D-4403-97D7-C572FDC95ACC}.Release|x64.Build.0 = Release|x64
		{4BC57BB4-556D-4403-97D7-C572FDC95ACC}.Release|x86.ActiveCfg = Release|Win32
		{4BC57BB4-556D-4403-97D7-C572FDC95ACC}.Release|x86.Build.0 = Release|Win32
		{0C0E975D-B2F6-44DD-A0C2-FC34947C1482}.Debug|x64.ActiveCfg = Debug|x64
		{0C0E975D-B2F6-44DD-A0C2-FC34947C1482}.Debug|x64.Build.0 = Debug|x64
		{0C0E975D-B2F6-44DD-A0C2-FC34947C1482}.Debug|x86.ActiveCfg = Debug|Win32
		{0C0E975D-B2F6-44DD-A0C2-FC34947C1482}.Debug|x86.Build.0 = Debug|Win32
		{0C0E975D-B2F6-44DD-A0C2-FC34947C1482}.Release|x64.ActiveCfg = Release|x64
		{0C0E975D-B2F6-44DD-A0C2-FC34947C1482}.Release|x64.Build.0 = Release|x64
		{0C0E975D-B2F6-44DD-A0C2-FC34947C1482}.Release|x86.ActiveCfg = Release|Win32
		{0C0E975D-B2F6-44DD-A0C2-FC34947C1482}.Release|x86.Build.0 = Release|Win32
		{6D787A8F-767A-46F9-924C-E7BC7B466794}.Debug|x64.ActiveCfg = Debug|x64
		{6D787A8F-767A-46F9-924C-E7BC7B466794}.Debug|x64.Build.0 = Debug|x64
		{6D787A8F-767A-46F9-924C-E7BC7B466794}.Debug|x86.ActiveCfg = Debug|Win32
		{6D787A8F-767A-46F9-924C-E7BC7B466794}.Debug|x86.Build.0 = Debug|Win32
		{6D787A8F-767A-46F9-924C-E7BC7B466794}.Release|x64.ActiveCfg = Release|x64
		{6D787A8F-767A-46F9-924C-E7BC7B466794}.Release|x64.Build.0 = Release|x64
		{6D787A8F-767A-46F9-924C-E7BC7B466794}.Release|x86.ActiveCfg = Release|Win32
		{6D787A8F-767A-46F9-924C-E7BC7B466794}.Release|x86.Build.0 = Release|Win32
		{A050B324-A5F0-4DDB-9428-6317E80E3AB4}.Debug|x64.ActiveCfg = Debug|x64
		{A050B324-A5F0-4DDB-9428-6317E80E3AB4}.Debug|x64.Build.0 = Debug|x64
		{A050B324-A5F0-4DDB-9428-6317E80E3AB4}.Debug|x86.ActiveCfg = Debug|Win32
		{A050B324-A5F0-4DDB-9428-6317E80E3AB4}.Debug|x86.Build.0 = Debug|Win32
		{A050B324-A5F0-4DDB-9428-6317E80E3AB4}.Release|x64.ActiveCfg = Release|x64
		{A050B324-A5F0-4DDB-9428-6317E80E3AB4}.Release|x64.Build.0 = Release|x64
		{A050B324-A5F0-4DDB-9428-6317E80E3AB4}.Release|x86.ActiveCfg = Release|Win32
		{A050B324-A5F0-4DDB-9428-6317E80E3AB4}.Release|x86.Build.0 = Release|Win32
		{668E31A9-0D87-4339-BDA2-672BD4FB909D}.Debug|x64.ActiveCfg = Debug|x64
		{668E31A9-0D87-4339-BDA2-672BD4FB909D}.Debug|x64.Build.0 = Debug|x64
		{668E31A9-0D87-4339-BDA2-672BD4FB909D}.Debug|x86.ActiveCfg = Debug|Win32
		{668E31A9-0D87-4339-BDA2-672BD4FB909D}.Debug|x86.Build.0 = Debug|Win32
		{668E31A9-0D87-4339-BDA2-672BD4FB909D}.Release|x64.ActiveCfg = Release|x64
		{668E31A9-0D87-4339-BDA2-672BD4FB909D}.Release|x64.Build.0 = Release|x64
		{668E31A9-0D87-4339-BDA2-672BD4FB909D}.Release|x86.ActiveCfg = Release|Win32
		{668E31A9-0D87-4339-BDA2-672BD4FB909D}.Release|x86.Build.0 = Release|Win32
		{E84C27B5-F004-4A97-B2EF-A33D6C3E46CF}.Debug|x64.ActiveCfg = Debug|x64
		{E84C27B5-F004-4A97-B2EF-A33D6C3E46CF}.Debug|x64.Build.0 = Debug|x64
		{E84C27B5-F004-4A97-B2EF-A33D6C3E46CF}.Debug|x86.ActiveCfg = Debug|Win32
		{E84C27B5-F004-4A97-B2EF-A33D6C3E46CF}.Debug|x86.Build.0 = Debug|Win32
		{E84C27B5-F004-4A97-B2EF-A33D6C3E46CF}.Release|x64.ActiveCfg = Release|x64
		{E84C27B5-F004-4A97-B2EF-A33D6C3E46CF}.Release|x64.Build.0 = Release|x64
		{E84C27B5-F004-4A97-B2EF-A33D6C3E46CF}.Release|x86.ActiveCfg = Release|Win32
		{E84C27B5-F004-4A97-B2EF-A33D6C3E46CF}.Release|x86.Build.0 = Release|Win32
		{36AB6DA0-0FF7-42DB-932A-54F32CBB2565}.Debug|x64.ActiveCfg = Debug|x64
		{36AB6DA0-0FF7-42DB-932A-54F32CBB2565}.Debug|x64.Build.0 = Debug|x64
		{36AB6DA0-0FF7-42DB-932A-54F32CBB2565}.Debug|x86.ActiveCfg = Debug|Win32
		{36AB6DA0-0FF7-42DB-932A-54F32CBB2565}.Debug|x86.Build.0 = Debug|Win32
		{36AB6DA0-0FF7-42DB-932A-54F32CBB2565}.Release|x64.ActiveCfg = Release|x64
		{36AB6DA0-0FF7-42DB-932A-54F32CBB2565}.Release|x64.Build.0 = Release|x64
		{36AB6DA0-0FF7-42DB-932A-54F32CBB2565}.Release|x86.ActiveCfg = Release|Win32
		{36AB6DA0-0FF7-42DB-932A-54F32CBB2565}.Release|x86.Build.0 = Release|Win32
		{051A0FE6-1439-4E92-A478-7FF1C6C1B7D2}.Debug|x64.ActiveCfg = Debug|x64
		{051A0FE6-1439-4E92-A478-7FF1C6C1B7D2}.Debug|x64.Build.0 = Debug|x64
		{051A0FE6-1439-4E92-A478-7FF1C6C1B7D2}.Debug|x86.ActiveCfg = Debug|Win32
		{051A0FE6-1439-4E92-A478-7FF1C6C1B7D2}.Debug|x86.Build.0 = Debug|Win32
		{051A0FE6-1439-4E92-A478-7FF1C6C1B7D2}.Release|x64.ActiveCfg = Release|x64
		{051A0FE6-1439-4E92-A478-7FF1C6C1B7D2}.Release|x64.Build.0 = Release|x64
		{051A0FE6-1439-4E92-A478-7FF1C6C1B7D2}.Release|x86.ActiveCfg = Release|Win32
		{051A0FE6-1439-4E92-A478-7FF1C6C1B7D2}.Release|x86.Build.0 = Release|Win32
		{D8040A1D-2F8E-402B-BB81-9E22E2461C21}.Debug|x64.ActiveCfg = Debug|x64
		{D8040A1D-2F8E-402B-BB81-9E22E2461C21}.Debug|x64.Build.0 = Debug|x64
		{D8040A1D-2F8E-402B-BB81-9E22E2461C21}.Debug|x86.ActiveCfg = Debug|Win32
		{D8040A1D-2F8E-402B-BB81-9E22E2461C21}.Debug|x86.Build.0 = Debug|Win32
		{D8040A1D-2F8E-402B-BB81-9E22E2461C21}.Release|x64.ActiveCfg = Release|x64
		{D8040A1D-2F8E-402B-BB81-9E22E2461C21}.Release|x64.Build.0 = Release|x64
		{D8040A1D-2F8E-402B-BB81-9E22E2461C21}.Release|x86.ActiveCfg = Release|Win32
		{D8040A1D-2F8E-402B-BB81-9E22E2461C21}.Release|x86.Build.0 = Release|Win32
		{55C10FE4-1620-467C-A224-50C31033C838}.Debug|x64.ActiveCfg = Debug|x64
		{55C10FE4-1620-467C-A224-50C31033C838}.Debug|x64.Build.0 = Debug|x64
		{55C10FE4-1620-467C-A224-50C31033C838}.Debug|x86.ActiveCfg = Debug|Win32
		{55C10FE4-1620-467C-A224-50C31033C838}.Debug|x86.Build.0 = Debug|Win32
		{55C10FE4-1620-467C-A224-50C31033C838}.Release|x64.ActiveCfg = Release|x64
		{55C10FE4-1620-467C-A224-50C31033C838}.Release|x64.Build.0 = Release|x64
		{55C10FE4-1620-467C-A224-50C31033C838}.Release|x86.ActiveCfg = Release|Win32
		{55C10FE4-1620-467C-A224-50C31033C838}.Release|x86.Build.0 = Release|Win32
		{6BC3385D-EDF8-46E9-A181-0FACFDC51B5D}.Debug|x64.ActiveCfg = Debug|x64
		{6BC3385D-EDF8-46E9-A181-0FACFDC51B5D}.Debug|x64.Build.0 = Debug|x64
		{6BC3385D-EDF8-46E9-A181-0FACFDC51B5D}.Debug|x86.ActiveCfg = Debug|Win32
		{6BC3385D-EDF8-46E9-A181-0FACFDC51B5D}.Debug|x86.Build.0 = Debug|Win32
		{6BC3385D-EDF8-46E9-A181-0FACFDC51B5D}.Release|x64.ActiveCfg = Release|x64
		{6BC3385D-EDF8-46E9-A181-0FACFDC51B5D}.Release|x64.Build.0 = Release|x64
		{6BC3385D-EDF8-46E9-A181-0FACFDC51B5D}.Release|x86.ActiveCfg = Release|Win32
		{6BC3385D-EDF8-46E9-A181-0FACFDC51B5D}.Release|x86.Build.0 = Release|Win32
		{59107CCB-5B4A-4234-A46B-A638918C1604}.Debug|x64.ActiveCfg = Debug|x64
		{59107CCB-5B4A-4234-A46B-A638918C1604}.Debug|x64.Build.0 = Debug|x64
		{59107CCB-5B4A-4234-A46B-A638918C1604}.Debug|x86.ActiveCfg = Debug|Win32
		{59107CCB-5B4A-4234-A46B-A638918C1604}.Debug|x86.Build.0 = Debug|Win32
		{59107CCB-5B4A-4234-A46B-A638918C1604}.Release|x64.ActiveCfg = Release|x64
		{59107CCB-5B4A-4234-A46B-A638918C1604}.Release|x64.Build.0 = Release|x64
		{59107CCB-5B4A-4234-A46B-A638918C1604}.Release|x86.ActiveCfg = Release|Win32
		{59107CCB-5B4A-4234-A46B-A638918C1604}.Release|x86.Build.0 = Release|Win32
		{4C1F6D3F-03C7-40C8-A224-28EAEE2ACD5D}.Debug|x64.ActiveCfg = Debug|x64
		{4C1F6D3F-03C7-40C8-A224-28EAEE2ACD5D}.Debug|x64.Build.0 = Debug|x64
		{4C1F6D3F-03C7-40C8-A224-28EAEE2ACD5D}.Debug|x86.ActiveCfg = Debug|Win32
		{4C1F6D3F-03C7-40C8-A224-28EAEE2ACD5D}.Debug|x86.Build.0 = Debug|Win32
		{4C1F6D3F-03C7-40C8-A224-28EAEE2ACD5D}.Release|x64.ActiveCfg = Release|x64
		{4C1F6D3F-03C7-40C8-A224-28EAEE2ACD5D}.Release|x64.Build.0 = Release|x64
		{4C1F6D3F-03C7-40C8-A224-28EAEE2ACD5D}.Release|x86.ActiveCfg = Release|Win32
		{4C1F6D3F-03C7-40C8-A224-28EAEE2ACD5D}.Release|x86.Build.0 = Release|Win32
		{8CB22158-4B58-4A90-A79A-C875E4DB1DD7}.Debug|x64.ActiveCfg = Debug|x64
		{8CB22158-4B58-4A90-A79A-C875E4DB1DD7}.Debug|x64.Build.0 = Debug|x64
		{8CB22158-4B58-4A90-A79A-C875E4DB1DD7}.Debug|x86.ActiveCfg = Debug|Win32
		{8CB22158-4B58-4A90-A79A-C875E4DB1DD7}.Debug|x86.Build.0 = Debug|Win32
		{8CB22158-4B58-4A90-A79A-C875E4DB1DD7}.Release|x64.ActiveCfg = Release|x64
		{8CB22158-4B58-4A90-A79A-C875E4DB1DD7}.Release|x64.Build.0 = Release|x64
		{8CB22158-4B58-4A90-A79A-C875E4DB1DD7}.Release|x86.ActiveCfg = Release|Win32
		{8CB22158-4B58-4A90-A79A-C875E4DB1DD7}.Release|x86.Build.0 = Release|Win32
		{5F3B9239-15B8-4FC6-95E6-2D56290556E9}.Debug|x64.ActiveCfg = Debug|x64
		{5F3B9239-15B8-4FC6-95E6-2D56290556E9}.Debug|x64.Build.0 = Debug|x64
		{5F3B9239-15B8-4FC6-95E6-2D56290556E9}.Debug|x86.ActiveCfg = Debug|Win32
		{5F3B9239-15B8-4FC6-95E6-2D56290556E9}.Debug|x86.Build.0 = Debug|Win32
		{5F3B9239-15B8-4FC6-95E6-2D56290556E9}.Release|x64.ActiveCfg = Release|x64
		{5F3B9239-15B8-4FC6-95E6-2D56290556E9}.Release|x64.Build.0 = Release|x64
		{5F3B9239-15B8-4FC6-95E6-2D56290556E9}.Release|x86.ActiveCfg = Release|Win32
		{5F3B9239-15B8-4FC6-95E6-2D56290556E9}.Release|x86.Build.0 = Release|Win32
		{8DE77B07-117F-49C3-A888-F76BD8201A29}.Debug|x64.ActiveCfg = Debug|x64
		{8DE77B07-117F-49C3-A888-F76BD8201A29}.Debug|x64.Build.0 = Debug|x64
		{8DE77B07-117F-49C3-A888-F76BD8201A29}.Debug|x86.ActiveCfg = Debug|Win32
		{8DE77B07-117F-49C3-A888-F76BD8201A29}.Debug|x86.Build.0 = Debug|Win32
		{8DE77B07-117F-49C3-A888-F76BD8201A29}.Release|x64.ActiveCfg = Release|x64
		{8DE77B07-117F-49C3-A888-F76BD8201A29}.Release|x64.Build.0 = Release|x64
		{8DE77B07-117F-49C3-A888-F76BD8201A29}.Release|x86.ActiveCfg = Release|Win32
		{8DE77B07-117F-49C3-A888-F76BD8201A29}.Release|x86.Build.0 = Release|Win32
		{168C15B3-EDB6-497C-B9C4-52E6352FE4F1}.Debug|x64.ActiveCfg = Debug|x64
		{168C15B3-EDB6-497C-B9C4-52E6352FE4F1}.Debug|x64.Build.0 = Debug|x64
		{168C15B3-EDB6-497C-B9C4-52E6352FE4F1}.Debug|x86.ActiveCfg = Debug|Win32
		{168C15B3-EDB6-497C-B9C4-52E6352FE4F1}.Debug|x86.Build.0 = Debug|Win32
		{168C15B3-EDB6-497C-B9C4-52E6352FE4F1}.Release|x64.ActiveCfg = Release|x64
		{168C15B3-EDB6-497C-B9C4-52E6352FE4F1}.Release|x64.Build.0 = Release|x64
		{168C15B3-EDB6-497C-B9C4-52E6352FE4F1}.Release|x86.ActiveCfg = Release|Win32
		{168C15B3-EDB6-497C-B9C4-52E6352FE4F1}.Release|x86.Build.0 = Release|Win32
		{1D808F7C-3C2C-4729-81DA-7269CB23D9C2}.Debug|x64.ActiveCfg = Debug|x64
		{1D808F7C-3C2C-4729-81DA-7269CB23D9C2}.Debug|x64.Build.0 = Debug|x64
		{1D808F7C-3C2C-4729-81DA-7269CB23D9C2}.Debug|x86.ActiveCfg = Debug|Win32
		{1D808F7C-3C2C-4729-81DA-7269CB23D9C2}.Debug|x86.Build.0 = Debug|Win32
		{1D808F7C-3C2C-4729-81DA-7269CB23D9C2}.Release|x64.ActiveCfg = Release|x64
		{1D808F7C-3C2C-4729-81DA-7269CB23D9C2}.Release|x64.Build.0 = Release|x64
		{1D808F7C-3C2C-4729-81DA-7269CB23D9C2}.Release|x86.ActiveCfg = Release|Win32
		{1D808F7C-3C2C-4729-81DA-7269CB23D9C2}.Release|x86.Build.0 = Release|Win32
		{A24F92E6-3690-42C5-985D-D0F177B9A649}.Debug|x64.ActiveCfg = Debug|x64
		{A24F92E6-3690-42C5-985D-D0F177B9A649}.Debug|x64.Build.0 = Debug|x64
		{A24F92E6-3690-42C5-985D-D0F177B9A649}.Debug|x86.ActiveCfg = Debug|Win32
		{A24F92E6-3690-42C5-985D-D0F177B9A649}.Debug|x86.Build.0 = Debug|Win32
		{A24F92E6-3690-42C5-985D-D0F177B9A649}.Release|x64.ActiveCfg = Release|x64
		{A24F92E6-3690-42C5-985D-D0F177B9A649}.Release|x64.Build.0 = Release|x64
		{A24F92E6-3690-42C5-985D-D0F177B9A649}.Release|x86.ActiveCfg = Release|Win32
		{A24F92E6-3690-42C5-985D-D0F177B9A649}.Release|x86.Build.0 = Release|Win32
		{B77840BA-47DB-4956-ADCF-0FCA9EBFCA9D}.Debug|x64.ActiveCfg = Debug|x64
		{B77840BA-47DB-4956-ADCF-0FCA9EBFCA9D}.Debug|x64.Build.0 = Debug|x64
		{B77840BA-47DB-4956-ADCF-0FCA9EBFCA9D}.Debug|x86.ActiveCfg = Debug|Win32
		{B77840BA-47DB-4956-ADCF-0FCA9EBFCA9D}.Debug|x86.Build.0 = Debug|Win32
		{B77840BA-47DB-4956-ADCF-0FCA9EBFCA9D}.Release|x64.ActiveCfg = Release|x64
		{B77840BA-47DB-4956-ADCF-0FCA9EBFCA9D}.Release|x64.Build.0 = Release|x64
		{B77840BA-47DB-4956-ADCF-0FCA9EBFCA9D}.Release|x86.ActiveCfg = Release|Win32
		{B77840BA-47DB-4956-ADCF-0FCA9EBFCA9D}.Release|x86.Build.0 = Release|Win32
		{EBA04A10-4F10-42EE-8B31-CF616F3930E7}.Debug|x64.ActiveCfg = Debug|x64
		{EBA04A10-4F10-42EE-8B31-CF616F3930E7}.Debug|x64.Build.0 = Debug|x64
		{EBA04A10-4F10-42EE-8B31-CF616F3930E7}.Debug|x86.ActiveCfg = Debug|Win32
		{EBA04A10-4F10-42EE-8B31-CF616F3930E7}.Debug|x86.Build.0 = Debug|Win32
		{EBA04A10-4F10-42EE-8B31-CF616F3930E7}.Release|x64.ActiveCfg = Release|x64
		{EBA04A10-4F10-42EE-8B31-CF616F3930E7}.Release|x64.Build.0 = Release|x64
		{EBA04A10-4F10-42EE-8B31-CF616F3930E7}.Release|x86.ActiveCfg = Release|Win32
		{EBA04A10-4F10-42EE-8B31-CF616F3930E7}.Release|x86.Build.0 = Release|Win32
		{33730797-F5FB-4741-9018-1B0AA3098570}.Debug|x64.ActiveCfg = Debug|x64
		{33730797-F5FB-4741-9018-1B0AA3098570}.Debug|x64.Build.0 = Debug|x64
		{33730797-F5FB-4741-9018-1B0AA3098570}.Debug|x86.ActiveCfg = Debug|Win32
		{33730797-F5FB-4741-9018-1B0AA3098570}.Debug|x86.Build.0 = Debug|Win32
		{33730797-F5FB-4741-9018-1B0AA3098570}.Release|x64.ActiveCfg = Release|x64
		{33730797-F5FB-4741-9018-1B0AA3098570}.Release|x64.Build.0 = Release|x64
		{33730797-F5FB-4741-9018-1B0AA3098570}.Release|x86.ActiveCfg = Release|Win32
		{33730797-F5FB-4741-9018-1B0AA3098570}.Release|x86.Build.0 = Release|Win32
		{DA30FCB6-822C-4064-AAF0-F2C219FFDF1B}.Debug|x64.ActiveCfg = Debug|x64
		{DA30FCB6-822C-4064-AAF0-F2C219FFDF1B}.Debug|x64.Build.0 = Debug|x64
		{DA30FCB6-822C-4064-AAF0-F2C219FFDF1B}.Debug|x86.ActiveCfg = Debug|Win32
		{DA30FCB6-822C-4064-AAF0-F2C219FFDF1B}.Debug|x86.Build.0 = Debug|Win32
		{DA30FCB6-822C-4064-AAF0-F2C219FFDF1B}.Release|x64.ActiveCfg = Release|x64
		{DA30FCB6-822C-4064-AAF0-F2C219FFDF1B}.Release|x64.Build.0 = Release|x64
		{DA30FCB6-822C-4064-AAF0-F2C219FFDF1B}.Release|x86.ActiveCfg = Release|Win32
		{DA30FCB6-822C-4064-AAF0-F2C219FFDF1B}.Release|x86.Build.0 = Release|Win32
		{9312C2E6-35CB-46A3-B353-F3A595080379}.Debug|x64.ActiveCfg = Debug|x64
		{9312C2E6-35CB-46A3-B353-F3A595080379}.Debug|x64.Build.0 = Debug|x64
		{9312C2E6-35CB-46A3-B353-F3A595080379}.Debug|x86.ActiveCfg = Debug|Win32
		{9312C2E6-35CB-46A3-B353-F3A595080379}.Debug|x86.Build.0 = Debug|Win32
		{9312C2E6-35CB-46A3-B353-F3A595080379}.Release|x64.ActiveCfg = Release|x64
		{9312C2E6-35CB-46A3-B353-F3A595080379}.Release|x64.Build.0 = Release|x64
		{9312C2E6-35CB-46A3-B353-F3A595080379}.Release|x86.ActiveCfg = Release|Win32
		{9312C2E6-35CB-46A3-B353-F3A595080379}.Release|x86.Build.0 = Release|Win32
		{1CF86D7D-AC21-4735-8DE7-57C6689FBD5B}.Debug|x64.ActiveCfg = Debug|x64
		{1CF86D7D-AC21-4735-8DE7-57C6689FBD5B}.Debug|x64.Build.0 = Debug|x64
		{1CF86D7D-AC21-4735-8DE7-57C6689FBD5B}.Debug|x86.ActiveCfg = Debug|Win32
		{1CF86D7D-AC21-4735-8DE7-57C6689FBD5B}.Debug|x86.Build.0 = Debug|Win32
		{1CF86D7D-AC21-4735-8DE7-57C6689FBD5B}.Release|x64.ActiveCfg = Release|x64
		{1CF86D7D-AC21-4735-8DE7-57C6689FBD5B}.Release|x64.Build.0 = Release|x64
		{1CF86D7D-AC21-4735-8DE7-57C6689FBD5B}.Release|x86.ActiveCfg = Release|Win32
		{1CF86D7D-AC21-4735-8DE7-57C6689FBD5B}.Release|x86.Build.0 = Release|Win32
		{30622176-8818-4597-9947-6B8F847FD1F5}.Debug|x64.ActiveCfg = Debug|x64
		{30622176-8818-4597-9947-6B8F847FD1F5}.Debug|x64.Build.0 = Debug|x64
		{30622176-8818-4597-9947-6B8F847FD1F5}.Debug|x86.ActiveCfg = Debug|Win32
		{30622176-8818-4597-9947-6B8F847FD1F5}.Debug|x86.Build.0 = Debug|Win32
		{30622176-8818-4597-9947-6B8F847FD1F5}.Release|x64.ActiveCfg = Release|x64
		{30622176-8818-4597-9947-6B8F847FD1F5}.Release|x64.Build.0 = Release|x64
		{30622176-8818-4597-9947-6B8F847FD1F5}.Release|x86.ActiveCfg = Release|Win32
		{30622176-8818-4597-9947-6B8F847FD1F5}.Release|x86.Build.0 = Release|Win32
		{9BED5334-53D5-4ACD-923C-3919A31DB12B}.Debug|x64.ActiveCfg = Debug|x64
		{9BED5334-53D5-4ACD-923C-3919A31DB12B}.Debug|x64.Build.0 = Debug|x64
		{9BED5334-53D5-4ACD-923C-3919A31DB12B}.Debug|x86.ActiveCfg = Debug|Win32
		{9BED5334-53D5-4ACD-923C-3919A31DB12B}.Debug|x86.Build.0 = Debug|Win32
		{9BED5334-53D5-4ACD-923C-3919A31DB12B}.Release|x64.ActiveCfg = Release|x64
		{9BED5334-53D5-4ACD-923C-3919A31DB12B}.Release|x64.Build.0 = Release|x64
		{9BED5334-53D5-4ACD-923C-3919A31DB12B}.Release|x86.ActiveCfg = Release|Win32
		{9BED5334-53D5-4ACD-923C-3919A31DB12B}.Release|x86.Build.0 = Release|Win32
		{781779EF-3958-410A-900E-298F237B71B1}.Debug|x64.ActiveCfg = Debug|x64
		{781779EF-3958-410A-900E-298F237B71B1}.Debug|x64.Build.0 = Debug|x64
		{781779EF-3958-410A-900E-298F237B71B1}.Debug|x86.ActiveCfg = Debug|Win32
		{781779EF-3958-410A-900E-298F237B71B1}.Debug|x86.Build.0 = Debug|Win32
		{781779EF-3958-410A-900E-298F237B71B1}.Release|x64.ActiveCfg = Release|x64
		{781779EF-3958-410A-900E-298F237B71B1}.Release|x64.Build.0 = Release|x64
		{781779EF-3958-410A-900E-298F237B71B1}.Release|x86.ActiveCfg = Release|Win32
		{781779EF-3958-410A-900E-298F237B71B1}.Release|x86.Build.0 = Release|Win32
		{8A8FC928-393C-427E-8E2C-D989636D5B26}.Debug|x64.ActiveCfg = Debug|x64
		{8A8FC928-393C-427E-8E2C-D989636D5B26}.Debug|x64.Build.0 = Debug|x64
		{8A8FC928-393C-427E-8E2C-D989636D5B26}.Debug|x86.ActiveCfg = Debug|Win32
		{8A8FC928-393C-427E-8E2C-D989636D5B26}.Debug|x86.Build.0 = Debug|Win32
		{8A8FC928-393C-427E-8E2C-D989636D5B26}.Release|x64.ActiveCfg = Release|x64
		{8A8FC928-393C-427E-8E2C-D989636D5B26}.Release|x64.Build.0 = Release|x64
		{8A8FC928-393C-427E-8E2C-D989636D5B26}.Release|x86.ActiveCfg = Release|Win32
		{8A8FC928-393C-427E-8E2C-D989636D5B26}.Release|x86.Build.0 = Release|Win32
		{CA2DDD79-866F-43F2-8DDB-AF03AB1EED68}.Debug|x64.ActiveCfg = Debug|x64
		{CA2DDD79-866F-43F2-8DDB-AF03AB1EED68}.Debug|x64.Build.0 = Debug|x64
		{CA2DDD79-866F-43F2-8DDB-AF03AB1EED68}.Debug|x86.ActiveCfg = Debug|Win32
		{CA2DDD79-866F-43F2-8DDB-AF03AB1EED68}.Debug|x86.Build.0 = Debug|Win32
		{CA2DDD79-866F-43F2-8DDB-AF03AB1EED68}.Release|x64.ActiveCfg = Release|x64
		{CA2DDD79-866F-43F2-8DDB-AF03AB1EED68}.Release|x64.Build.0 = Release|x64
		{CA2DDD79-866F-43F2-8DDB-AF03AB1EED68}.Release|x86.ActiveCfg = Release|Win32
		{CA2DDD79-866F-43F2-8DDB-AF03AB1EED68}.Release|x86.Build.0 = Release|Win32
		{51B8B95A-7FFA-4C7F-8AAE-7630B98949CB}.Debug|x64.ActiveCfg = Debug|x64
		{51B8B95A-7FFA-4C7F-8AAE-7630B98949CB}.Debug|x64.Build.0 = Debug|x64
		{51B8B95A-7FFA-4C7F-8AAE-7630B98949CB}.Debug|x86.ActiveCfg = Debug|Win32
		{51B8B95A-7FFA-4C7F-8AAE-7630B98949CB}.Debug|x86.Build.0 = Debug|Win32
		{51B8B95A-7FFA-4C7F-8AAE-7630B98949CB}.Release|x64.ActiveCfg = Release|x64
		{51B8B95A-7FFA-4C7F-8AAE-7630B98949CB}.Release|x64.Build.0 = Release|x64
		{51B8B95A-7FFA-4C7F-8AAE-7630B98949CB}.Release|x86.ActiveCfg = Release|Win32
		{51B8B95A-7FFA-4C7F-8AAE-7630B98949CB}.Release|x86.Build.0 = Release|Win32
		{74A97FCA-0791-4A86-AFCC-95A4DE29E91F}.Debug|x64.ActiveCfg = Debug|x64
		{74A97FCA-0791-4A86-AFCC-95A4DE29E91F}.Debug|x64.Build.0 = Debug|x64
		{74A97FCA-0791-4A86-AFCC-95A4DE29E91F}.Debug|x86.ActiveCfg = Debug|Win32
		{74A97FCA-0791-4A86-AFCC-95A4DE29E91F}.Debug|x86.Build.0 = Debug|Win32
		{74A97FCA-0791-4A86-AFCC-95A4DE29E91F}.Release|x64.ActiveCfg = Release|x64
		{74A97FCA-0791-4A86-AFCC-95A4DE29E91F}.Release|x64.Build.0 = Release|x64
		{74A97FCA-0791-4A86-AFCC-95A4DE29E91F}.Release|x86.ActiveCfg = Release|Win32
		{74A97FCA-0791-4A86-AFCC-95A4DE29E91F}.Release|x86.Build.0 = Release|Win32
		{4B3F9B02-F970-46E9-961D-E269B6D12939}.Debug|x64.ActiveCfg = Debug|x64
		{4B3F9B02-F970-46E9-961D-E269B6D12939}.Debug|x64.Build.0 = Debug|x64
		{4B3F9B02-F970-46E9-961D-E269B6D12939}.Debug|x86.ActiveCfg = Debug|Win32
		{4B3F9B02-F970-46E9-961D-E269B6D12939}.Debug|x86.Build.0 = Debug|Win32
		{4B3F9B02-F970-46E9-961D-E269B6D12939}.Release|x64.ActiveCfg = Release|x64
		{4B3F9B02-F970-46E9-961D-E269B6D12939}.Release|x64.Build.0 = Release|x64
		{4B3F9B02-F970-46E9-961D-E269B6D12939}.Release|x86.ActiveCfg = Release|Win32
		{4B3F9B02-F970-46E9-961D-E269B6D12939}.Release|x86.Build.0 = Release|Win32
		{26538FC7-153C-4EF6-96E9-7B0A85C2E91E}.Debug|x64.ActiveCfg = Debug|x64
		{26538FC7-153C-4EF6-96E9-7B0A85C2E91E}.Debug|x64.Build.0 = Debug|x64
		{26538FC7-153C-4EF6-96E9-7B0A85C2E91E}.Debug|x86.ActiveCfg = Debug|Win32
		{26538FC7-153C-4EF6-96E9-7B0A85C2E91E}.Debug|x86.Build.0 = Debug|Win32
		{26538FC7-153C-4EF6-96E9-7B0A85C2E91E}.Release|x64.ActiveCfg = Release|x64
		{26538FC7-153C-4EF6-96E9-7B0A85C2E91E}.Release|x64.Build.0 = Release|x64
		{26538FC7-153C-4EF6-96E9-7B0A85C2E91E}.Release|x86.ActiveCfg = Release|Win32
		{26538FC7-153C-4EF6-96E9-7B0A85C2E91E}.Release|x86.Build.0 = Release|Win32
		{EAA115A5-A898-4FDA-AD25-A1DF193E47AB}.Debug|x64.ActiveCfg = Debug|x64
		{EAA115A5-A898-4FDA-AD25-A1DF193E47AB}.Debug|x64.Build.0 = Debug|x64
		{EAA115A5-A898-4FDA-AD25-A1DF193E47AB}.Debug|x86.ActiveCfg = Debug|Win32
		{EAA115A5-A898-4FDA-AD25-A1DF193E47AB}.Debug|x86.Build.0 = Debug|Win32
		{EAA115A5-A898-4FDA-AD25-A1DF193E47AB}.Release|x64.ActiveCfg = Release|x64
		{EAA115A5-A898-4FDA-AD25-A1DF193E47AB}.Release|x64.Build.0 = Release|x64
		{EAA115A5-A898-4FDA-AD25-A1DF193E47AB}.Release|x86.ActiveCfg = Release|Win32
		{EAA115A5-A898-4FDA-AD25-A1DF193E47AB}.Release|x86.Build.0 = Release|Win32
		{3817CC47-74BA-4585-9668-CE5D505B785E}.Debug|x64.ActiveCfg = Debug|x64
		{3817CC47-74BA-4585-9668-CE5D505B785E}.Debug|x64.Build.0 = Debug|x64
		{3817CC47-74BA-4585-9668-CE5D505B785E}.Debug|x86.ActiveCfg = Debug|Win32
		{3817CC47-74BA-4585-9668-CE5D505B785E}.Debug|x86.Build.0 = Debug|Win32
		{3817CC47-74BA-4585-9668-CE5D505B785E}.Release|x64.ActiveCfg = Release|x64
		{3817CC47-74BA-4585-9668-CE5D505B785E}.Release|x64.Build.0 = Release|x64
		{3817CC47-74BA-4585-9668-CE5D505B785E}.Release|x86.ActiveCfg = Release|Win32
		{3817CC47-74BA-4585-9668-CE5D505B785E}.Release|x86.Build.0 = Release|Win32
		{8CB6BCE7-E506-4A8D-9BFB-8E477DBAD0ED}.Debug|x64.ActiveCfg = Debug|x64
		{8CB6BCE7-E506-4A8D-9BFB-8E477DBAD0ED}.Debug|x64.Build.0 = Debug|x64
		{8CB6BCE7-E506-4A8D-9BFB-8E477DBAD0ED}.Debug|x86.ActiveCfg = Debug|Win32
		{8CB6BCE7-E506-4A8D-9BFB-8E477DBAD0ED}.Debug|x86.Build.0 = Debug|Win32
		{8CB6BCE7-E506-4A8D-9BFB-8E477DBAD0ED}.Release|x64.ActiveCfg = Release|x64
		{8CB6BCE7-E506-4A8D-9BFB-8E477DBAD0ED}.Release|x64.Build.0 = Release|x64
		{8CB6BCE7-E506-4A8D-9BFB-8E477DBAD0ED}.Release|x86.ActiveCfg = Release|Win32
		{8CB6BCE7-E506-4A8D-9BFB-8E477DBAD0ED}.Release|x86.Build.0 = Release|Win32
		{367180EF-A940-497A-94F5-BB530832BE07}.Debug|x64.ActiveCfg = Debug|x64
		{367180EF-A940-497A-94F5-BB530832BE07}.Debug|x64.Build.0 = Debug|x64
		{367180EF-A940-497A-94F5-BB530832BE07}.Debug|x86.ActiveCfg = Debug|Win32
		{367180EF-A940-497A-94F5-BB530832BE07}.Debug|x86.Build.0 = Debug|Win32
		{367180EF-A940-497A-94F5-BB530832BE07}.Release|x64.ActiveCfg = Release|x64
		{367180EF-A940-497A-94F5-BB530832BE07}.Release|x64.Build.0 = Release|x64
		{367180EF-A940-497A-94F5-BB530832BE07}.Release|x86.ActiveCfg = Release|Win32
		{367180EF-A940-497A-94F5-BB530832BE07}.Release|x86.Build.0 = Release|Win32
	EndGlobalSection
	GlobalSection(SolutionProperties) = preSolution
		HideSolutionNode = FALSE
	EndGlobalSection
	GlobalSection(ExtensibilityGlobals) = postSolution
		SolutionGuid = {7E77F897-ABFB-475F-B393-A8806AEAC7E5}
	EndGlobalSection
EndGlobal
